Microsoft Visual Studio Solution File, Format Version 10.00
# Visual Studio 2008
Project("{8BC9CEB8-8B4A-11D0-8D11-00A0C91BC942}") = "all_fortran", "all_fortran.vcproj", "{BA6025DE-5DD6-42DB-B06B-946CF4304297}"
  ProjectSection(ProjectDependencies) = postProject
    {0D007803-DD29-416D-A2AE-D15B2E5E9CC1} = {0D007803-DD29-416D-A2AE-D15B2E5E9CC1}
    {D7669D09-2DDB-422A-9A79-1763E8780CC9} = {D7669D09-2DDB-422A-9A79-1763E8780CC9}
    {4359710C-334F-4D16-A0BC-33F8873F40FC} = {4359710C-334F-4D16-A0BC-33F8873F40FC}
    {269E3013-2A7F-4663-8E2D-06A873EAFC27} = {269E3013-2A7F-4663-8E2D-06A873EAFC27}
    {09AF0618-F302-4BC5-801E-D978A2A4BE27} = {09AF0618-F302-4BC5-801E-D978A2A4BE27}
    {EBF0191C-99B4-4D12-B9B9-12E762A13017} = {EBF0191C-99B4-4D12-B9B9-12E762A13017}
    {B0328E1C-B490-4113-AE99-E08B7B2B337C} = {B0328E1C-B490-4113-AE99-E08B7B2B337C}
    {BEF2051D-DE85-46D2-B9BB-E8FE047E7B34} = {BEF2051D-DE85-46D2-B9BB-E8FE047E7B34}
    {D187DB1E-BA51-45C1-848D-D03710053CBA} = {D187DB1E-BA51-45C1-848D-D03710053CBA}
    {32A05524-EB86-4E19-B8C4-3F119874BE0B} = {32A05524-EB86-4E19-B8C4-3F119874BE0B}
    {5EE98925-7DAB-4AEA-B334-C032A734D647} = {5EE98925-7DAB-4AEA-B334-C032A734D647}
    {CA59B625-3FED-4407-97F9-869BB8D8A593} = {CA59B625-3FED-4407-97F9-869BB8D8A593}
    {9F3B3428-A0FC-428B-B97C-4DA5D576F24E} = {9F3B3428-A0FC-428B-B97C-4DA5D576F24E}
    {C91A7530-ED3A-43D8-99B2-B2F4D3076FBD} = {C91A7530-ED3A-43D8-99B2-B2F4D3076FBD}
    {93715734-45EE-4651-AD63-F7D5FFE38F89} = {93715734-45EE-4651-AD63-F7D5FFE38F89}
    {D7266B39-1BEB-4220-B727-7F7ADF424CBE} = {D7266B39-1BEB-4220-B727-7F7ADF424CBE}
    {8EDBCF3A-A8DD-46A4-8D46-249D6E899A1B} = {8EDBCF3A-A8DD-46A4-8D46-249D6E899A1B}
    {FF37033E-58FF-4BBE-BD34-583E26177A24} = {FF37033E-58FF-4BBE-BD34-583E26177A24}
    {C7864542-1182-4EBF-A7D0-824C9B0A850F} = {C7864542-1182-4EBF-A7D0-824C9B0A850F}
    {9C67A947-4C76-4C47-8D8A-90A246BABD2B} = {9C67A947-4C76-4C47-8D8A-90A246BABD2B}
    {698B5A4D-894B-48BE-939F-099DD527E5D8} = {698B5A4D-894B-48BE-939F-099DD527E5D8}
    {44088350-11E2-4BA1-B1ED-4E4CB6AB6ED0} = {44088350-11E2-4BA1-B1ED-4E4CB6AB6ED0}
    {FDDA9164-AAAC-42A6-892C-9C5575FE1492} = {FDDA9164-AAAC-42A6-892C-9C5575FE1492}
    {0BCAA368-76C8-4BB7-B218-C4280DC012BD} = {0BCAA368-76C8-4BB7-B218-C4280DC012BD}
    {FCE1646A-CE63-463B-9C86-4B8854E69E45} = {FCE1646A-CE63-463B-9C86-4B8854E69E45}
    {D67C5C6B-691B-4641-AFF2-BDAF58BC09BA} = {D67C5C6B-691B-4641-AFF2-BDAF58BC09BA}
    {CBA8F66B-8A82-418E-BF8C-578CB2B23559} = {CBA8F66B-8A82-418E-BF8C-578CB2B23559}
    {C0FFE26E-6682-43B4-942D-9F4A32C5F111} = {C0FFE26E-6682-43B4-942D-9F4A32C5F111}
    {994F776F-D9AA-4381-BBD6-FA2D1E8F6282} = {994F776F-D9AA-4381-BBD6-FA2D1E8F6282}
    {8EB00279-B030-4D34-BFB1-FA38A4255F67} = {8EB00279-B030-4D34-BFB1-FA38A4255F67}
    {C823B47B-18C4-482E-8C0E-AA61DFEE6EF8} = {C823B47B-18C4-482E-8C0E-AA61DFEE6EF8}
    {A0300D7C-6532-4674-9E2F-9EA33586ADF7} = {A0300D7C-6532-4674-9E2F-9EA33586ADF7}
    {C9281E80-93D3-44A6-8046-0D586691992D} = {C9281E80-93D3-44A6-8046-0D586691992D}
    {4CE53A83-504B-4CF8-92A3-B4BF8F6B261E} = {4CE53A83-504B-4CF8-92A3-B4BF8F6B261E}
    {D3EF3B88-733D-48FD-BEBE-2770450E2545} = {D3EF3B88-733D-48FD-BEBE-2770450E2545}
    {90EC5B88-5B91-4D88-A88F-87038F070FE5} = {90EC5B88-5B91-4D88-A88F-87038F070FE5}
    {901A218A-54CF-4F60-AE17-3B5B0846A9E9} = {901A218A-54CF-4F60-AE17-3B5B0846A9E9}
    {E722778C-6CE7-4F03-9A5B-F0E683ECC129} = {E722778C-6CE7-4F03-9A5B-F0E683ECC129}
    {7E462D9B-872E-42FA-BACA-42BB12C02DB7} = {7E462D9B-872E-42FA-BACA-42BB12C02DB7}
    {5C57279E-B11D-4CA7-9494-64C63BBDF3D7} = {5C57279E-B11D-4CA7-9494-64C63BBDF3D7}
    {32BD2DA1-86C6-4711-80FC-0D08CB405CF3} = {32BD2DA1-86C6-4711-80FC-0D08CB405CF3}
    {287916A4-F339-410D-A703-553B5A69ED82} = {287916A4-F339-410D-A703-553B5A69ED82}
    {3E8EE8AC-9CD4-425A-A6BE-BE54AACDA355} = {3E8EE8AC-9CD4-425A-A6BE-BE54AACDA355}
    {900C1FAE-CD74-401B-861E-4AFFBF8F4942} = {900C1FAE-CD74-401B-861E-4AFFBF8F4942}
    {ECFEDDB6-328C-4CB1-8EEC-523E416BBA94} = {ECFEDDB6-328C-4CB1-8EEC-523E416BBA94}
    {071A38BC-579F-49B2-875F-D674AB22FC7B} = {071A38BC-579F-49B2-875F-D674AB22FC7B}
    {FA3394C2-9170-4B0D-A8A3-178CD4FFD53C} = {FA3394C2-9170-4B0D-A8A3-178CD4FFD53C}
    {EFC01BC3-B7D8-46F4-AE52-3F9175F73290} = {EFC01BC3-B7D8-46F4-AE52-3F9175F73290}
    {20B0D9C4-64AA-43C0-884F-21905CCA56F5} = {20B0D9C4-64AA-43C0-884F-21905CCA56F5}
    {5FA5F2C6-180B-4BB7-8709-1CD74C502E3C} = {5FA5F2C6-180B-4BB7-8709-1CD74C502E3C}
    {68491BCD-68DD-41A5-9F02-5416421D693C} = {68491BCD-68DD-41A5-9F02-5416421D693C}
    {B6C745D3-9F5C-42AF-B7AA-B2904AF8678B} = {B6C745D3-9F5C-42AF-B7AA-B2904AF8678B}
    {2FFE2FD7-33B3-4D52-B519-2EBB3229282B} = {2FFE2FD7-33B3-4D52-B519-2EBB3229282B}
    {FEDE40E3-60FA-4902-AD18-B002D0750A53} = {FEDE40E3-60FA-4902-AD18-B002D0750A53}
    {8437D1E3-C5DF-40E0-8E07-3FF36EA83CFF} = {8437D1E3-C5DF-40E0-8E07-3FF36EA83CFF}
    {95F561E8-63EA-4E79-AC54-A22183F462AC} = {95F561E8-63EA-4E79-AC54-A22183F462AC}
    {0EDF9BE9-551A-499C-BE2D-C0FDE645C150} = {0EDF9BE9-551A-499C-BE2D-C0FDE645C150}
    {6B57E1ED-5B7E-494E-A5C7-7D384601B3B4} = {6B57E1ED-5B7E-494E-A5C7-7D384601B3B4}
    {8F6569F0-0659-43B9-B025-B6E2D9778E1A} = {8F6569F0-0659-43B9-B025-B6E2D9778E1A}
    {46CF6CF2-603C-4271-982E-C45916805942} = {46CF6CF2-603C-4271-982E-C45916805942}
    {E62B64FC-4870-45B8-9073-F5D3F219B166} = {E62B64FC-4870-45B8-9073-F5D3F219B166}
    {EC8576FC-8986-4C7A-A4F6-06C5577C8271} = {EC8576FC-8986-4C7A-A4F6-06C5577C8271}
    {084628FD-B1EA-4CB0-A003-012F7B993F1E} = {084628FD-B1EA-4CB0-A003-012F7B993F1E}
  EndProjectSection
EndProject
Project("{8BC9CEB8-8B4A-11D0-8D11-00A0C91BC942}") = "cdftest", "..\mfhdf\test\cdftest.vcproj", "{CBA8F66B-8A82-418E-BF8C-578CB2B23559}"
  ProjectSection(ProjectDependencies) = postProject
    {0BCAA368-76C8-4BB7-B218-C4280DC012BD} = {0BCAA368-76C8-4BB7-B218-C4280DC012BD}
    {E722778C-6CE7-4F03-9A5B-F0E683ECC129} = {E722778C-6CE7-4F03-9A5B-F0E683ECC129}
  EndProjectSection
EndProject
Project("{8BC9CEB8-8B4A-11D0-8D11-00A0C91BC942}") = "ctest0", "..\mfhdf\ncgen\ctest0.vcproj", "{D3EF3B88-733D-48FD-BEBE-2770450E2545}"
  ProjectSection(ProjectDependencies) = postProject
    {0BCAA368-76C8-4BB7-B218-C4280DC012BD} = {0BCAA368-76C8-4BB7-B218-C4280DC012BD}
    {E722778C-6CE7-4F03-9A5B-F0E683ECC129} = {E722778C-6CE7-4F03-9A5B-F0E683ECC129}
  EndProjectSection
EndProject
Project("{8BC9CEB8-8B4A-11D0-8D11-00A0C91BC942}") = "dllcdftest", "..\mfhdf\test\dllcdftest.vcproj", "{287916A4-F339-410D-A703-553B5A69ED82}"
  ProjectSection(ProjectDependencies) = postProject
    {D67C5C6B-691B-4641-AFF2-BDAF58BC09BA} = {D67C5C6B-691B-4641-AFF2-BDAF58BC09BA}
    {8EB00279-B030-4D34-BFB1-FA38A4255F67} = {8EB00279-B030-4D34-BFB1-FA38A4255F67}
  EndProjectSection
EndProject
Project("{8BC9CEB8-8B4A-11D0-8D11-00A0C91BC942}") = "dllhdftest", "..\mfhdf\test\dllhdftest.vcproj", "{CA59B625-3FED-4407-97F9-869BB8D8A593}"
  ProjectSection(ProjectDependencies) = postProject
    {D67C5C6B-691B-4641-AFF2-BDAF58BC09BA} = {D67C5C6B-691B-4641-AFF2-BDAF58BC09BA}
    {8EB00279-B030-4D34-BFB1-FA38A4255F67} = {8EB00279-B030-4D34-BFB1-FA38A4255F67}
  EndProjectSection
EndProject
Project("{8BC9CEB8-8B4A-11D0-8D11-00A0C91BC942}") = "dlllibtest_fcstub", "..\hdf\test\dlllibtest_fcstub.vcproj", "{901A218A-54CF-4F60-AE17-3B5B0846A9E9}"
  ProjectSection(ProjectDependencies) = postProject
    {D67C5C6B-691B-4641-AFF2-BDAF58BC09BA} = {D67C5C6B-691B-4641-AFF2-BDAF58BC09BA}
  EndProjectSection
EndProject
Project("{8BC9CEB8-8B4A-11D0-8D11-00A0C91BC942}") = "dllnctest", "..\mfhdf\nctest\dllnctest.vcproj", "{44088350-11E2-4BA1-B1ED-4E4CB6AB6ED0}"
  ProjectSection(ProjectDependencies) = postProject
    {D67C5C6B-691B-4641-AFF2-BDAF58BC09BA} = {D67C5C6B-691B-4641-AFF2-BDAF58BC09BA}
    {8EB00279-B030-4D34-BFB1-FA38A4255F67} = {8EB00279-B030-4D34-BFB1-FA38A4255F67}
  EndProjectSection
EndProject
Project("{8BC9CEB8-8B4A-11D0-8D11-00A0C91BC942}") = "dlltesthdf", "..\hdf\test\dlltesthdf.vcproj", "{C91A7530-ED3A-43D8-99B2-B2F4D3076FBD}"
  ProjectSection(ProjectDependencies) = postProject
    {D67C5C6B-691B-4641-AFF2-BDAF58BC09BA} = {D67C5C6B-691B-4641-AFF2-BDAF58BC09BA}
    {8EB00279-B030-4D34-BFB1-FA38A4255F67} = {8EB00279-B030-4D34-BFB1-FA38A4255F67}
  EndProjectSection
EndProject
Project("{8BC9CEB8-8B4A-11D0-8D11-00A0C91BC942}") = "dllxdrtest", "..\mfhdf\xdr\dllxdrtest.vcproj", "{9F3B3428-A0FC-428B-B97C-4DA5D576F24E}"
  ProjectSection(ProjectDependencies) = postProject
    {D67C5C6B-691B-4641-AFF2-BDAF58BC09BA} = {D67C5C6B-691B-4641-AFF2-BDAF58BC09BA}
    {8EB00279-B030-4D34-BFB1-FA38A4255F67} = {8EB00279-B030-4D34-BFB1-FA38A4255F67}
    {900C1FAE-CD74-401B-861E-4AFFBF8F4942} = {900C1FAE-CD74-401B-861E-4AFFBF8F4942}
  EndProjectSection
EndProject
Project("{8BC9CEB8-8B4A-11D0-8D11-00A0C91BC942}") = "getopt", "..\mfhdf\util\getopt.vcproj", "{0D007803-DD29-416D-A2AE-D15B2E5E9CC1}"
EndProject
Project("{8BC9CEB8-8B4A-11D0-8D11-00A0C91BC942}") = "gif2hdf", "..\hdf\util\gif2hdf.vcproj", "{E62B64FC-4870-45B8-9073-F5D3F219B166}"
  ProjectSection(ProjectDependencies) = postProject
    {E722778C-6CE7-4F03-9A5B-F0E683ECC129} = {E722778C-6CE7-4F03-9A5B-F0E683ECC129}
  EndProjectSection
EndProject
Project("{8BC9CEB8-8B4A-11D0-8D11-00A0C91BC942}") = "hdf", "..\hdf\src\hdf.vcproj", "{E722778C-6CE7-4F03-9A5B-F0E683ECC129}"
EndProject
Project("{8BC9CEB8-8B4A-11D0-8D11-00A0C91BC942}") = "hdf24to8", "..\hdf\util\hdf24to8.vcproj", "{9C67A947-4C76-4C47-8D8A-90A246BABD2B}"
  ProjectSection(ProjectDependencies) = postProject
    {E722778C-6CE7-4F03-9A5B-F0E683ECC129} = {E722778C-6CE7-4F03-9A5B-F0E683ECC129}
  EndProjectSection
EndProject
Project("{8BC9CEB8-8B4A-11D0-8D11-00A0C91BC942}") = "hdf2gif", "..\hdf\util\hdf2gif.vcproj", "{C823B47B-18C4-482E-8C0E-AA61DFEE6EF8}"
  ProjectSection(ProjectDependencies) = postProject
    {E722778C-6CE7-4F03-9A5B-F0E683ECC129} = {E722778C-6CE7-4F03-9A5B-F0E683ECC129}
  EndProjectSection
EndProject
Project("{8BC9CEB8-8B4A-11D0-8D11-00A0C91BC942}") = "hdf2jpeg", "..\hdf\util\hdf2jpeg.vcproj", "{46CF6CF2-603C-4271-982E-C45916805942}"
  ProjectSection(ProjectDependencies) = postProject
    {E722778C-6CE7-4F03-9A5B-F0E683ECC129} = {E722778C-6CE7-4F03-9A5B-F0E683ECC129}
  EndProjectSection
EndProject
Project("{8BC9CEB8-8B4A-11D0-8D11-00A0C91BC942}") = "hdf8to24", "..\hdf\util\hdf8to24.vcproj", "{ECFEDDB6-328C-4CB1-8EEC-523E416BBA94}"
  ProjectSection(ProjectDependencies) = postProject
    {E722778C-6CE7-4F03-9A5B-F0E683ECC129} = {E722778C-6CE7-4F03-9A5B-F0E683ECC129}
  EndProjectSection
EndProject
Project("{8BC9CEB8-8B4A-11D0-8D11-00A0C91BC942}") = "hdf_dll", "..\hdf\src\hdf_dll.vcproj", "{D67C5C6B-691B-4641-AFF2-BDAF58BC09BA}"
EndProject
Project("{8BC9CEB8-8B4A-11D0-8D11-00A0C91BC942}") = "hdf_fcstub", "..\hdf\src\hdf_fcstub.vcproj", "{FCE1646A-CE63-463B-9C86-4B8854E69E45}"
  ProjectSection(ProjectDependencies) = postProject
    {E722778C-6CE7-4F03-9A5B-F0E683ECC129} = {E722778C-6CE7-4F03-9A5B-F0E683ECC129}
  EndProjectSection
EndProject
Project("{8BC9CEB8-8B4A-11D0-8D11-00A0C91BC942}") = "hdf_fcstubdll", "..\hdf\src\hdf_fcstubdll.vcproj", "{D187DB1E-BA51-45C1-848D-D03710053CBA}"
  ProjectSection(ProjectDependencies) = postProject
    {D67C5C6B-691B-4641-AFF2-BDAF58BC09BA} = {D67C5C6B-691B-4641-AFF2-BDAF58BC09BA}
  EndProjectSection
EndProject
Project("{8BC9CEB8-8B4A-11D0-8D11-00A0C91BC942}") = "hdfcomp", "..\hdf\util\hdfcomp.vcproj", "{90EC5B88-5B91-4D88-A88F-87038F070FE5}"
  ProjectSection(ProjectDependencies) = postProject
    {E722778C-6CE7-4F03-9A5B-F0E683ECC129} = {E722778C-6CE7-4F03-9A5B-F0E683ECC129}
  EndProjectSection
EndProject
Project("{8BC9CEB8-8B4A-11D0-8D11-00A0C91BC942}") = "hdfed", "..\hdf\util\hdfed.vcproj", "{BEF2051D-DE85-46D2-B9BB-E8FE047E7B34}"
  ProjectSection(ProjectDependencies) = postProject
    {E722778C-6CE7-4F03-9A5B-F0E683ECC129} = {E722778C-6CE7-4F03-9A5B-F0E683ECC129}
  EndProjectSection
EndProject
Project("{8BC9CEB8-8B4A-11D0-8D11-00A0C91BC942}") = "hdfimport", "..\mfhdf\hdfimport\hdfimport.vcproj", "{5FA5F2C6-180B-4BB7-8709-1CD74C502E3C}"
  ProjectSection(ProjectDependencies) = postProject
    {0BCAA368-76C8-4BB7-B218-C4280DC012BD} = {0BCAA368-76C8-4BB7-B218-C4280DC012BD}
    {E722778C-6CE7-4F03-9A5B-F0E683ECC129} = {E722778C-6CE7-4F03-9A5B-F0E683ECC129}
    {20B0D9C4-64AA-43C0-884F-21905CCA56F5} = {20B0D9C4-64AA-43C0-884F-21905CCA56F5}
  EndProjectSection
EndProject
Project("{8BC9CEB8-8B4A-11D0-8D11-00A0C91BC942}") = "hdfimporttest", "..\mfhdf\hdfimport\hdfimporttest.vcproj", "{20B0D9C4-64AA-43C0-884F-21905CCA56F5}"
  ProjectSection(ProjectDependencies) = postProject
    {E722778C-6CE7-4F03-9A5B-F0E683ECC129} = {E722778C-6CE7-4F03-9A5B-F0E683ECC129}
  EndProjectSection
EndProject
Project("{8BC9CEB8-8B4A-11D0-8D11-00A0C91BC942}") = "hdfls", "..\hdf\util\hdfls.vcproj", "{D7266B39-1BEB-4220-B727-7F7ADF424CBE}"
  ProjectSection(ProjectDependencies) = postProject
    {E722778C-6CE7-4F03-9A5B-F0E683ECC129} = {E722778C-6CE7-4F03-9A5B-F0E683ECC129}
  EndProjectSection
EndProject
Project("{8BC9CEB8-8B4A-11D0-8D11-00A0C91BC942}") = "hdfpack", "..\hdf\util\hdfpack.vcproj", "{4CE53A83-504B-4CF8-92A3-B4BF8F6B261E}"
  ProjectSection(ProjectDependencies) = postProject
    {E722778C-6CE7-4F03-9A5B-F0E683ECC129} = {E722778C-6CE7-4F03-9A5B-F0E683ECC129}
  EndProjectSection
EndProject
Project("{8BC9CEB8-8B4A-11D0-8D11-00A0C91BC942}") = "hdftest", "..\mfhdf\test\hdftest.vcproj", "{EBF0191C-99B4-4D12-B9B9-12E762A13017}"
  ProjectSection(ProjectDependencies) = postProject
    {0BCAA368-76C8-4BB7-B218-C4280DC012BD} = {0BCAA368-76C8-4BB7-B218-C4280DC012BD}
    {E722778C-6CE7-4F03-9A5B-F0E683ECC129} = {E722778C-6CE7-4F03-9A5B-F0E683ECC129}
  EndProjectSection
EndProject
Project("{8BC9CEB8-8B4A-11D0-8D11-00A0C91BC942}") = "hdftopal", "..\hdf\util\hdftopal.vcproj", "{698B5A4D-894B-48BE-939F-099DD527E5D8}"
  ProjectSection(ProjectDependencies) = postProject
    {E722778C-6CE7-4F03-9A5B-F0E683ECC129} = {E722778C-6CE7-4F03-9A5B-F0E683ECC129}
  EndProjectSection
EndProject
Project("{8BC9CEB8-8B4A-11D0-8D11-00A0C91BC942}") = "hdftor8", "..\hdf\util\hdftor8.vcproj", "{A0300D7C-6532-4674-9E2F-9EA33586ADF7}"
  ProjectSection(ProjectDependencies) = postProject
    {E722778C-6CE7-4F03-9A5B-F0E683ECC129} = {E722778C-6CE7-4F03-9A5B-F0E683ECC129}
  EndProjectSection
EndProject
Project("{8BC9CEB8-8B4A-11D0-8D11-00A0C91BC942}") = "hdfunpac", "..\hdf\util\hdfunpac.vcproj", "{C7864542-1182-4EBF-A7D0-824C9B0A850F}"
  ProjectSection(ProjectDependencies) = postProject
    {E722778C-6CE7-4F03-9A5B-F0E683ECC129} = {E722778C-6CE7-4F03-9A5B-F0E683ECC129}
  EndProjectSection
EndProject
Project("{8BC9CEB8-8B4A-11D0-8D11-00A0C91BC942}") = "hdiff", "..\mfhdf\hdiff\hdiff.vcproj", "{D7669D09-2DDB-422A-9A79-1763E8780CC9}"
  ProjectSection(ProjectDependencies) = postProject
    {0D007803-DD29-416D-A2AE-D15B2E5E9CC1} = {0D007803-DD29-416D-A2AE-D15B2E5E9CC1}
    {0BCAA368-76C8-4BB7-B218-C4280DC012BD} = {0BCAA368-76C8-4BB7-B218-C4280DC012BD}
    {E722778C-6CE7-4F03-9A5B-F0E683ECC129} = {E722778C-6CE7-4F03-9A5B-F0E683ECC129}
  EndProjectSection
EndProject
Project("{8BC9CEB8-8B4A-11D0-8D11-00A0C91BC942}") = "hdifftst", "..\mfhdf\hdiff\hdifftst.vcproj", "{7E462D9B-872E-42FA-BACA-42BB12C02DB7}"
  ProjectSection(ProjectDependencies) = postProject
    {0BCAA368-76C8-4BB7-B218-C4280DC012BD} = {0BCAA368-76C8-4BB7-B218-C4280DC012BD}
    {E722778C-6CE7-4F03-9A5B-F0E683ECC129} = {E722778C-6CE7-4F03-9A5B-F0E683ECC129}
  EndProjectSection
EndProject
Project("{8BC9CEB8-8B4A-11D0-8D11-00A0C91BC942}") = "hdp", "..\mfhdf\dumper\hdp.vcproj", "{8437D1E3-C5DF-40E0-8E07-3FF36EA83CFF}"
  ProjectSection(ProjectDependencies) = postProject
    {0BCAA368-76C8-4BB7-B218-C4280DC012BD} = {0BCAA368-76C8-4BB7-B218-C4280DC012BD}
    {E722778C-6CE7-4F03-9A5B-F0E683ECC129} = {E722778C-6CE7-4F03-9A5B-F0E683ECC129}
  EndProjectSection
EndProject
Project("{8BC9CEB8-8B4A-11D0-8D11-00A0C91BC942}") = "hrepack", "..\mfhdf\hrepack\hrepack.vcproj", "{6B57E1ED-5B7E-494E-A5C7-7D384601B3B4}"
  ProjectSection(ProjectDependencies) = postProject
    {0BCAA368-76C8-4BB7-B218-C4280DC012BD} = {0BCAA368-76C8-4BB7-B218-C4280DC012BD}
    {E722778C-6CE7-4F03-9A5B-F0E683ECC129} = {E722778C-6CE7-4F03-9A5B-F0E683ECC129}
  EndProjectSection
EndProject
Project("{8BC9CEB8-8B4A-11D0-8D11-00A0C91BC942}") = "hrepacktst", "..\mfhdf\hrepack\hrepacktst.vcproj", "{8EDBCF3A-A8DD-46A4-8D46-249D6E899A1B}"
  ProjectSection(ProjectDependencies) = postProject
    {0BCAA368-76C8-4BB7-B218-C4280DC012BD} = {0BCAA368-76C8-4BB7-B218-C4280DC012BD}
    {E722778C-6CE7-4F03-9A5B-F0E683ECC129} = {E722778C-6CE7-4F03-9A5B-F0E683ECC129}
  EndProjectSection
EndProject
Project("{8BC9CEB8-8B4A-11D0-8D11-00A0C91BC942}") = "jpeg2hdf", "..\hdf\util\jpeg2hdf.vcproj", "{269E3013-2A7F-4663-8E2D-06A873EAFC27}"
  ProjectSection(ProjectDependencies) = postProject
    {E722778C-6CE7-4F03-9A5B-F0E683ECC129} = {E722778C-6CE7-4F03-9A5B-F0E683ECC129}
  EndProjectSection
EndProject
Project("{8BC9CEB8-8B4A-11D0-8D11-00A0C91BC942}") = "libtest_fcstub", "..\hdf\test\libtest_fcstub.vcproj", "{EFC01BC3-B7D8-46F4-AE52-3F9175F73290}"
EndProject
Project("{8BC9CEB8-8B4A-11D0-8D11-00A0C91BC942}") = "mfhdf", "..\mfhdf\libsrc\mfhdf.vcproj", "{0BCAA368-76C8-4BB7-B218-C4280DC012BD}"
  ProjectSection(ProjectDependencies) = postProject
    {0EDF9BE9-551A-499C-BE2D-C0FDE645C150} = {0EDF9BE9-551A-499C-BE2D-C0FDE645C150}
  EndProjectSection
EndProject
Project("{8BC9CEB8-8B4A-11D0-8D11-00A0C91BC942}") = "mfhdf_dll", "..\mfhdf\libsrc\mfhdf_dll.vcproj", "{8EB00279-B030-4D34-BFB1-FA38A4255F67}"
  ProjectSection(ProjectDependencies) = postProject
    {D67C5C6B-691B-4641-AFF2-BDAF58BC09BA} = {D67C5C6B-691B-4641-AFF2-BDAF58BC09BA}
    {900C1FAE-CD74-401B-861E-4AFFBF8F4942} = {900C1FAE-CD74-401B-861E-4AFFBF8F4942}
  EndProjectSection
EndProject
Project("{8BC9CEB8-8B4A-11D0-8D11-00A0C91BC942}") = "mfhdf_fcstub", "..\mfhdf\fortran\mfhdf_fcstub.vcproj", "{93715734-45EE-4651-AD63-F7D5FFE38F89}"
  ProjectSection(ProjectDependencies) = postProject
    {0BCAA368-76C8-4BB7-B218-C4280DC012BD} = {0BCAA368-76C8-4BB7-B218-C4280DC012BD}
  EndProjectSection
EndProject
Project("{8BC9CEB8-8B4A-11D0-8D11-00A0C91BC942}") = "mfhdf_fcstubdll", "..\mfhdf\fortran\mfhdf_fcstubdll.vcproj", "{071A38BC-579F-49B2-875F-D674AB22FC7B}"
  ProjectSection(ProjectDependencies) = postProject
    {D67C5C6B-691B-4641-AFF2-BDAF58BC09BA} = {D67C5C6B-691B-4641-AFF2-BDAF58BC09BA}
    {8EB00279-B030-4D34-BFB1-FA38A4255F67} = {8EB00279-B030-4D34-BFB1-FA38A4255F67}
  EndProjectSection
EndProject
Project("{8BC9CEB8-8B4A-11D0-8D11-00A0C91BC942}") = "ncdump", "..\mfhdf\ncdump\ncdump.vcproj", "{5C57279E-B11D-4CA7-9494-64C63BBDF3D7}"
  ProjectSection(ProjectDependencies) = postProject
    {0D007803-DD29-416D-A2AE-D15B2E5E9CC1} = {0D007803-DD29-416D-A2AE-D15B2E5E9CC1}
    {0BCAA368-76C8-4BB7-B218-C4280DC012BD} = {0BCAA368-76C8-4BB7-B218-C4280DC012BD}
    {E722778C-6CE7-4F03-9A5B-F0E683ECC129} = {E722778C-6CE7-4F03-9A5B-F0E683ECC129}
  EndProjectSection
EndProject
Project("{8BC9CEB8-8B4A-11D0-8D11-00A0C91BC942}") = "ncgen", "..\mfhdf\ncgen\ncgen.vcproj", "{B6C745D3-9F5C-42AF-B7AA-B2904AF8678B}"
  ProjectSection(ProjectDependencies) = postProject
    {0D007803-DD29-416D-A2AE-D15B2E5E9CC1} = {0D007803-DD29-416D-A2AE-D15B2E5E9CC1}
    {0BCAA368-76C8-4BB7-B218-C4280DC012BD} = {0BCAA368-76C8-4BB7-B218-C4280DC012BD}
    {E722778C-6CE7-4F03-9A5B-F0E683ECC129} = {E722778C-6CE7-4F03-9A5B-F0E683ECC129}
  EndProjectSection
EndProject
Project("{8BC9CEB8-8B4A-11D0-8D11-00A0C91BC942}") = "nctest", "..\mfhdf\nctest\nctest.vcproj", "{8F6569F0-0659-43B9-B025-B6E2D9778E1A}"
  ProjectSection(ProjectDependencies) = postProject
    {0BCAA368-76C8-4BB7-B218-C4280DC012BD} = {0BCAA368-76C8-4BB7-B218-C4280DC012BD}
    {E722778C-6CE7-4F03-9A5B-F0E683ECC129} = {E722778C-6CE7-4F03-9A5B-F0E683ECC129}
  EndProjectSection
EndProject
Project("{8BC9CEB8-8B4A-11D0-8D11-00A0C91BC942}") = "paltohdf", "..\hdf\util\paltohdf.vcproj", "{4359710C-334F-4D16-A0BC-33F8873F40FC}"
  ProjectSection(ProjectDependencies) = postProject
    {E722778C-6CE7-4F03-9A5B-F0E683ECC129} = {E722778C-6CE7-4F03-9A5B-F0E683ECC129}
  EndProjectSection
EndProject
Project("{8BC9CEB8-8B4A-11D0-8D11-00A0C91BC942}") = "r8tohdf", "..\hdf\util\r8tohdf.vcproj", "{FEDE40E3-60FA-4902-AD18-B002D0750A53}"
  ProjectSection(ProjectDependencies) = postProject
    {E722778C-6CE7-4F03-9A5B-F0E683ECC129} = {E722778C-6CE7-4F03-9A5B-F0E683ECC129}
  EndProjectSection
EndProject
Project("{8BC9CEB8-8B4A-11D0-8D11-00A0C91BC942}") = "ristosds", "..\hdf\util\ristosds.vcproj", "{2FFE2FD7-33B3-4D52-B519-2EBB3229282B}"
  ProjectSection(ProjectDependencies) = postProject
    {E722778C-6CE7-4F03-9A5B-F0E683ECC129} = {E722778C-6CE7-4F03-9A5B-F0E683ECC129}
  EndProjectSection
EndProject
Project("{8BC9CEB8-8B4A-11D0-8D11-00A0C91BC942}") = "testhdf", "..\hdf\test\testhdf.vcproj", "{32A05524-EB86-4E19-B8C4-3F119874BE0B}"
  ProjectSection(ProjectDependencies) = postProject
    {E722778C-6CE7-4F03-9A5B-F0E683ECC129} = {E722778C-6CE7-4F03-9A5B-F0E683ECC129}
  EndProjectSection
EndProject
Project("{8BC9CEB8-8B4A-11D0-8D11-00A0C91BC942}") = "vmake", "..\hdf\util\vmake.vcproj", "{5EE98925-7DAB-4AEA-B334-C032A734D647}"
  ProjectSection(ProjectDependencies) = postProject
    {E722778C-6CE7-4F03-9A5B-F0E683ECC129} = {E722778C-6CE7-4F03-9A5B-F0E683ECC129}
  EndProjectSection
EndProject
Project("{8BC9CEB8-8B4A-11D0-8D11-00A0C91BC942}") = "vshow", "..\hdf\util\vshow.vcproj", "{994F776F-D9AA-4381-BBD6-FA2D1E8F6282}"
  ProjectSection(ProjectDependencies) = postProject
    {E722778C-6CE7-4F03-9A5B-F0E683ECC129} = {E722778C-6CE7-4F03-9A5B-F0E683ECC129}
  EndProjectSection
EndProject
Project("{8BC9CEB8-8B4A-11D0-8D11-00A0C91BC942}") = "xdr", "..\mfhdf\xdr\xdr.vcproj", "{0EDF9BE9-551A-499C-BE2D-C0FDE645C150}"
EndProject
Project("{8BC9CEB8-8B4A-11D0-8D11-00A0C91BC942}") = "xdr_for_dll", "..\mfhdf\xdr\xdr_for_dll.vcproj", "{900C1FAE-CD74-401B-861E-4AFFBF8F4942}"
EndProject
Project("{8BC9CEB8-8B4A-11D0-8D11-00A0C91BC942}") = "xdrtest", "..\mfhdf\xdr\xdrtest.vcproj", "{95F561E8-63EA-4E79-AC54-A22183F462AC}"
  ProjectSection(ProjectDependencies) = postProject
    {E722778C-6CE7-4F03-9A5B-F0E683ECC129} = {E722778C-6CE7-4F03-9A5B-F0E683ECC129}
    {0EDF9BE9-551A-499C-BE2D-C0FDE645C150} = {0EDF9BE9-551A-499C-BE2D-C0FDE645C150}
  EndProjectSection
EndProject
Project("{6989167D-11E4-40FE-8C1A-2192A86A7E90}") = "fortestf", "..\hdf\test\fortestf.vfproj", "{FF37033E-58FF-4BBE-BD34-583E26177A24}"
  ProjectSection(ProjectDependencies) = postProject
    {E722778C-6CE7-4F03-9A5B-F0E683ECC129} = {E722778C-6CE7-4F03-9A5B-F0E683ECC129}
    {32BD2DA1-86C6-4711-80FC-0D08CB405CF3} = {32BD2DA1-86C6-4711-80FC-0D08CB405CF3}
    {3E8EE8AC-9CD4-425A-A6BE-BE54AACDA355} = {3E8EE8AC-9CD4-425A-A6BE-BE54AACDA355}
    {EFC01BC3-B7D8-46F4-AE52-3F9175F73290} = {EFC01BC3-B7D8-46F4-AE52-3F9175F73290}
  EndProjectSection
EndProject
Project("{6989167D-11E4-40FE-8C1A-2192A86A7E90}") = "hdf_fortran", "..\hdf\src\hdf_fortran.vfproj", "{32BD2DA1-86C6-4711-80FC-0D08CB405CF3}"
  ProjectSection(ProjectDependencies) = postProject
    {FCE1646A-CE63-463B-9C86-4B8854E69E45} = {FCE1646A-CE63-463B-9C86-4B8854E69E45}
  EndProjectSection
EndProject
Project("{6989167D-11E4-40FE-8C1A-2192A86A7E90}") = "hdf_fortrandll", "..\hdf\src\hdf_fortrandll.vfproj", "{FA3394C2-9170-4B0D-A8A3-178CD4FFD53C}"
  ProjectSection(ProjectDependencies) = postProject
    {D187DB1E-BA51-45C1-848D-D03710053CBA} = {D187DB1E-BA51-45C1-848D-D03710053CBA}
  EndProjectSection
EndProject
Project("{6989167D-11E4-40FE-8C1A-2192A86A7E90}") = "dllfortestf", "..\hdf\test\dllfortestf.vfproj", "{B0328E1C-B490-4113-AE99-E08B7B2B337C}"
  ProjectSection(ProjectDependencies) = postProject
    {C9281E80-93D3-44A6-8046-0D586691992D} = {C9281E80-93D3-44A6-8046-0D586691992D}
    {901A218A-54CF-4F60-AE17-3B5B0846A9E9} = {901A218A-54CF-4F60-AE17-3B5B0846A9E9}
    {FA3394C2-9170-4B0D-A8A3-178CD4FFD53C} = {FA3394C2-9170-4B0D-A8A3-178CD4FFD53C}
  EndProjectSection
EndProject
Project("{6989167D-11E4-40FE-8C1A-2192A86A7E90}") = "dllhdftestf", "..\mfhdf\fortran\dllhdftestf.vfproj", "{EC8576FC-8986-4C7A-A4F6-06C5577C8271}"
  ProjectSection(ProjectDependencies) = postProject
    {C9281E80-93D3-44A6-8046-0D586691992D} = {C9281E80-93D3-44A6-8046-0D586691992D}
    {FA3394C2-9170-4B0D-A8A3-178CD4FFD53C} = {FA3394C2-9170-4B0D-A8A3-178CD4FFD53C}
  EndProjectSection
EndProject
Project("{6989167D-11E4-40FE-8C1A-2192A86A7E90}") = "mfhdf_fortran", "..\mfhdf\fortran\mfhdf_fortran.vfproj", "{3E8EE8AC-9CD4-425A-A6BE-BE54AACDA355}"
  ProjectSection(ProjectDependencies) = postProject
    {93715734-45EE-4651-AD63-F7D5FFE38F89} = {93715734-45EE-4651-AD63-F7D5FFE38F89}
  EndProjectSection
EndProject
Project("{6989167D-11E4-40FE-8C1A-2192A86A7E90}") = "mfhdf_fortrandll", "..\mfhdf\fortran\mfhdf_fortrandll.vfproj", "{C9281E80-93D3-44A6-8046-0D586691992D}"
  ProjectSection(ProjectDependencies) = postProject
    {071A38BC-579F-49B2-875F-D674AB22FC7B} = {071A38BC-579F-49B2-875F-D674AB22FC7B}
  EndProjectSection
EndProject
Project("{6989167D-11E4-40FE-8C1A-2192A86A7E90}") = "ftest0", "..\mfhdf\ncgen\ftest0.vfproj", "{084628FD-B1EA-4CB0-A003-012F7B993F1E}"
  ProjectSection(ProjectDependencies) = postProject
    {0BCAA368-76C8-4BB7-B218-C4280DC012BD} = {0BCAA368-76C8-4BB7-B218-C4280DC012BD}
    {E722778C-6CE7-4F03-9A5B-F0E683ECC129} = {E722778C-6CE7-4F03-9A5B-F0E683ECC129}
    {B6C745D3-9F5C-42AF-B7AA-B2904AF8678B} = {B6C745D3-9F5C-42AF-B7AA-B2904AF8678B}
    {0EDF9BE9-551A-499C-BE2D-C0FDE645C150} = {0EDF9BE9-551A-499C-BE2D-C0FDE645C150}
  EndProjectSection
EndProject
Project("{6989167D-11E4-40FE-8C1A-2192A86A7E90}") = "ftest", "..\mfhdf\fortran\ftest.vfproj", "{C0FFE26E-6682-43B4-942D-9F4A32C5F111}"
  ProjectSection(ProjectDependencies) = postProject
    {0BCAA368-76C8-4BB7-B218-C4280DC012BD} = {0BCAA368-76C8-4BB7-B218-C4280DC012BD}
    {E722778C-6CE7-4F03-9A5B-F0E683ECC129} = {E722778C-6CE7-4F03-9A5B-F0E683ECC129}
    {EFC01BC3-B7D8-46F4-AE52-3F9175F73290} = {EFC01BC3-B7D8-46F4-AE52-3F9175F73290}
    {0EDF9BE9-551A-499C-BE2D-C0FDE645C150} = {0EDF9BE9-551A-499C-BE2D-C0FDE645C150}
  EndProjectSection
EndProject
Project("{6989167D-11E4-40FE-8C1A-2192A86A7E90}") = "tszip", "..\mfhdf\fortran\tszip.vfproj", "{09AF0618-F302-4BC5-801E-D978A2A4BE27}"
  ProjectSection(ProjectDependencies) = postProject
    {0BCAA368-76C8-4BB7-B218-C4280DC012BD} = {0BCAA368-76C8-4BB7-B218-C4280DC012BD}
    {E722778C-6CE7-4F03-9A5B-F0E683ECC129} = {E722778C-6CE7-4F03-9A5B-F0E683ECC129}
    {32BD2DA1-86C6-4711-80FC-0D08CB405CF3} = {32BD2DA1-86C6-4711-80FC-0D08CB405CF3}
    {3E8EE8AC-9CD4-425A-A6BE-BE54AACDA355} = {3E8EE8AC-9CD4-425A-A6BE-BE54AACDA355}
    {0EDF9BE9-551A-499C-BE2D-C0FDE645C150} = {0EDF9BE9-551A-499C-BE2D-C0FDE645C150}
  EndProjectSection
EndProject
Project("{8BC9CEB8-8B4A-11D0-8D11-00A0C91BC942}") = "hdfnctest", "..\mfhdf\test\hdfnctest.vcproj", "{FDDA9164-AAAC-42A6-892C-9C5575FE1492}"
  ProjectSection(ProjectDependencies) = postProject
    {0BCAA368-76C8-4BB7-B218-C4280DC012BD} = {0BCAA368-76C8-4BB7-B218-C4280DC012BD}
    {E722778C-6CE7-4F03-9A5B-F0E683ECC129} = {E722778C-6CE7-4F03-9A5B-F0E683ECC129}
    {0EDF9BE9-551A-499C-BE2D-C0FDE645C150} = {0EDF9BE9-551A-499C-BE2D-C0FDE645C150}
  EndProjectSection
EndProject
Project("{8BC9CEB8-8B4A-11D0-8D11-00A0C91BC942}") = "dllhdfnctest", "..\mfhdf\test\dllhdfnctest.vcproj", "{68491BCD-68DD-41A5-9F02-5416421D693C}"
  ProjectSection(ProjectDependencies) = postProject
    {D67C5C6B-691B-4641-AFF2-BDAF58BC09BA} = {D67C5C6B-691B-4641-AFF2-BDAF58BC09BA}
    {8EB00279-B030-4D34-BFB1-FA38A4255F67} = {8EB00279-B030-4D34-BFB1-FA38A4255F67}
    {900C1FAE-CD74-401B-861E-4AFFBF8F4942} = {900C1FAE-CD74-401B-861E-4AFFBF8F4942}
  EndProjectSection
EndProject
Project("{6989167D-11E4-40FE-8C1A-2192A86A7E90}") = "hdftestf", "..\mfhdf\fortran\hdftestf.vfproj", "{3D18D9C0-D2B7-4000-86EA-6E0876589AB3}"
  ProjectSection(ProjectDependencies) = postProject
    {0BCAA368-76C8-4BB7-B218-C4280DC012BD} = {0BCAA368-76C8-4BB7-B218-C4280DC012BD}
    {E722778C-6CE7-4F03-9A5B-F0E683ECC129} = {E722778C-6CE7-4F03-9A5B-F0E683ECC129}
    {32BD2DA1-86C6-4711-80FC-0D08CB405CF3} = {32BD2DA1-86C6-4711-80FC-0D08CB405CF3}
    {3E8EE8AC-9CD4-425A-A6BE-BE54AACDA355} = {3E8EE8AC-9CD4-425A-A6BE-BE54AACDA355}
    {0EDF9BE9-551A-499C-BE2D-C0FDE645C150} = {0EDF9BE9-551A-499C-BE2D-C0FDE645C150}
  EndProjectSection
EndProject
Global
  GlobalSection(SolutionConfigurationPlatforms) = preSolution
    Debug|Win32 = Debug|Win32
    Debug|x64 = Debug|x64
    Release|Win32 = Release|Win32
    Release|x64 = Release|x64
  EndGlobalSection
  GlobalSection(ProjectConfigurationPlatforms) = postSolution
    {BA6025DE-5DD6-42DB-B06B-946CF4304297}.Debug|Win32.ActiveCfg = Debug|Win32
    {BA6025DE-5DD6-42DB-B06B-946CF4304297}.Debug|Win32.Build.0 = Debug|Win32
    {BA6025DE-5DD6-42DB-B06B-946CF4304297}.Debug|x64.ActiveCfg = Debug|x64
    {BA6025DE-5DD6-42DB-B06B-946CF4304297}.Debug|x64.Build.0 = Debug|x64
    {BA6025DE-5DD6-42DB-B06B-946CF4304297}.Release|Win32.ActiveCfg = Release|Win32
    {BA6025DE-5DD6-42DB-B06B-946CF4304297}.Release|Win32.Build.0 = Release|Win32
    {BA6025DE-5DD6-42DB-B06B-946CF4304297}.Release|x64.ActiveCfg = Release|x64
    {BA6025DE-5DD6-42DB-B06B-946CF4304297}.Release|x64.Build.0 = Release|x64
    {CBA8F66B-8A82-418E-BF8C-578CB2B23559}.Debug|Win32.ActiveCfg = Debug|Win32
    {CBA8F66B-8A82-418E-BF8C-578CB2B23559}.Debug|Win32.Build.0 = Debug|Win32
    {CBA8F66B-8A82-418E-BF8C-578CB2B23559}.Debug|x64.ActiveCfg = Debug|x64
    {CBA8F66B-8A82-418E-BF8C-578CB2B23559}.Debug|x64.Build.0 = Debug|x64
    {CBA8F66B-8A82-418E-BF8C-578CB2B23559}.Release|Win32.ActiveCfg = Release|Win32
    {CBA8F66B-8A82-418E-BF8C-578CB2B23559}.Release|Win32.Build.0 = Release|Win32
    {CBA8F66B-8A82-418E-BF8C-578CB2B23559}.Release|x64.ActiveCfg = Release|x64
    {CBA8F66B-8A82-418E-BF8C-578CB2B23559}.Release|x64.Build.0 = Release|x64
    {D3EF3B88-733D-48FD-BEBE-2770450E2545}.Debug|Win32.ActiveCfg = Debug|Win32
    {D3EF3B88-733D-48FD-BEBE-2770450E2545}.Debug|x64.ActiveCfg = Debug|x64
    {D3EF3B88-733D-48FD-BEBE-2770450E2545}.Release|Win32.ActiveCfg = Release|Win32
    {D3EF3B88-733D-48FD-BEBE-2770450E2545}.Release|x64.ActiveCfg = Release|x64
    {287916A4-F339-410D-A703-553B5A69ED82}.Debug|Win32.ActiveCfg = Debug|Win32
    {287916A4-F339-410D-A703-553B5A69ED82}.Debug|Win32.Build.0 = Debug|Win32
    {287916A4-F339-410D-A703-553B5A69ED82}.Debug|x64.ActiveCfg = Debug|x64
    {287916A4-F339-410D-A703-553B5A69ED82}.Debug|x64.Build.0 = Debug|x64
    {287916A4-F339-410D-A703-553B5A69ED82}.Release|Win32.ActiveCfg = Release|Win32
    {287916A4-F339-410D-A703-553B5A69ED82}.Release|Win32.Build.0 = Release|Win32
    {287916A4-F339-410D-A703-553B5A69ED82}.Release|x64.ActiveCfg = Release|x64
    {287916A4-F339-410D-A703-553B5A69ED82}.Release|x64.Build.0 = Release|x64
    {CA59B625-3FED-4407-97F9-869BB8D8A593}.Debug|Win32.ActiveCfg = Debug|Win32
    {CA59B625-3FED-4407-97F9-869BB8D8A593}.Debug|Win32.Build.0 = Debug|Win32
    {CA59B625-3FED-4407-97F9-869BB8D8A593}.Debug|x64.ActiveCfg = Debug|x64
    {CA59B625-3FED-4407-97F9-869BB8D8A593}.Debug|x64.Build.0 = Debug|x64
    {CA59B625-3FED-4407-97F9-869BB8D8A593}.Release|Win32.ActiveCfg = Release|Win32
    {CA59B625-3FED-4407-97F9-869BB8D8A593}.Release|Win32.Build.0 = Release|Win32
    {CA59B625-3FED-4407-97F9-869BB8D8A593}.Release|x64.ActiveCfg = Release|x64
    {CA59B625-3FED-4407-97F9-869BB8D8A593}.Release|x64.Build.0 = Release|x64
    {901A218A-54CF-4F60-AE17-3B5B0846A9E9}.Debug|Win32.ActiveCfg = Debug|Win32
    {901A218A-54CF-4F60-AE17-3B5B0846A9E9}.Debug|Win32.Build.0 = Debug|Win32
    {901A218A-54CF-4F60-AE17-3B5B0846A9E9}.Debug|x64.ActiveCfg = Debug|x64
    {901A218A-54CF-4F60-AE17-3B5B0846A9E9}.Debug|x64.Build.0 = Debug|x64
    {901A218A-54CF-4F60-AE17-3B5B0846A9E9}.Release|Win32.ActiveCfg = Release|Win32
    {901A218A-54CF-4F60-AE17-3B5B0846A9E9}.Release|Win32.Build.0 = Release|Win32
    {901A218A-54CF-4F60-AE17-3B5B0846A9E9}.Release|x64.ActiveCfg = Release|x64
    {901A218A-54CF-4F60-AE17-3B5B0846A9E9}.Release|x64.Build.0 = Release|x64
    {44088350-11E2-4BA1-B1ED-4E4CB6AB6ED0}.Debug|Win32.ActiveCfg = Debug|Win32
    {44088350-11E2-4BA1-B1ED-4E4CB6AB6ED0}.Debug|Win32.Build.0 = Debug|Win32
    {44088350-11E2-4BA1-B1ED-4E4CB6AB6ED0}.Debug|x64.ActiveCfg = Debug|x64
    {44088350-11E2-4BA1-B1ED-4E4CB6AB6ED0}.Debug|x64.Build.0 = Debug|x64
    {44088350-11E2-4BA1-B1ED-4E4CB6AB6ED0}.Release|Win32.ActiveCfg = Release|Win32
    {44088350-11E2-4BA1-B1ED-4E4CB6AB6ED0}.Release|Win32.Build.0 = Release|Win32
    {44088350-11E2-4BA1-B1ED-4E4CB6AB6ED0}.Release|x64.ActiveCfg = Release|x64
    {44088350-11E2-4BA1-B1ED-4E4CB6AB6ED0}.Release|x64.Build.0 = Release|x64
    {C91A7530-ED3A-43D8-99B2-B2F4D3076FBD}.Debug|Win32.ActiveCfg = Debug|Win32
    {C91A7530-ED3A-43D8-99B2-B2F4D3076FBD}.Debug|Win32.Build.0 = Debug|Win32
    {C91A7530-ED3A-43D8-99B2-B2F4D3076FBD}.Debug|x64.ActiveCfg = Debug|x64
    {C91A7530-ED3A-43D8-99B2-B2F4D3076FBD}.Debug|x64.Build.0 = Debug|x64
    {C91A7530-ED3A-43D8-99B2-B2F4D3076FBD}.Release|Win32.ActiveCfg = Release|Win32
    {C91A7530-ED3A-43D8-99B2-B2F4D3076FBD}.Release|Win32.Build.0 = Release|Win32
    {C91A7530-ED3A-43D8-99B2-B2F4D3076FBD}.Release|x64.ActiveCfg = Release|x64
    {C91A7530-ED3A-43D8-99B2-B2F4D3076FBD}.Release|x64.Build.0 = Release|x64
    {9F3B3428-A0FC-428B-B97C-4DA5D576F24E}.Debug|Win32.ActiveCfg = Debug|Win32
    {9F3B3428-A0FC-428B-B97C-4DA5D576F24E}.Debug|Win32.Build.0 = Debug|Win32
    {9F3B3428-A0FC-428B-B97C-4DA5D576F24E}.Debug|x64.ActiveCfg = Debug|x64
    {9F3B3428-A0FC-428B-B97C-4DA5D576F24E}.Debug|x64.Build.0 = Debug|x64
    {9F3B3428-A0FC-428B-B97C-4DA5D576F24E}.Release|Win32.ActiveCfg = Release|Win32
    {9F3B3428-A0FC-428B-B97C-4DA5D576F24E}.Release|Win32.Build.0 = Release|Win32
    {9F3B3428-A0FC-428B-B97C-4DA5D576F24E}.Release|x64.ActiveCfg = Release|x64
    {9F3B3428-A0FC-428B-B97C-4DA5D576F24E}.Release|x64.Build.0 = Release|x64
    {0D007803-DD29-416D-A2AE-D15B2E5E9CC1}.Debug|Win32.ActiveCfg = Debug|Win32
    {0D007803-DD29-416D-A2AE-D15B2E5E9CC1}.Debug|Win32.Build.0 = Debug|Win32
    {0D007803-DD29-416D-A2AE-D15B2E5E9CC1}.Debug|x64.ActiveCfg = Debug|x64
    {0D007803-DD29-416D-A2AE-D15B2E5E9CC1}.Debug|x64.Build.0 = Debug|x64
    {0D007803-DD29-416D-A2AE-D15B2E5E9CC1}.Release|Win32.ActiveCfg = Release|Win32
    {0D007803-DD29-416D-A2AE-D15B2E5E9CC1}.Release|Win32.Build.0 = Release|Win32
    {0D007803-DD29-416D-A2AE-D15B2E5E9CC1}.Release|x64.ActiveCfg = Release|x64
    {0D007803-DD29-416D-A2AE-D15B2E5E9CC1}.Release|x64.Build.0 = Release|x64
    {E62B64FC-4870-45B8-9073-F5D3F219B166}.Debug|Win32.ActiveCfg = Debug|Win32
    {E62B64FC-4870-45B8-9073-F5D3F219B166}.Debug|Win32.Build.0 = Debug|Win32
    {E62B64FC-4870-45B8-9073-F5D3F219B166}.Debug|x64.ActiveCfg = Debug|x64
    {E62B64FC-4870-45B8-9073-F5D3F219B166}.Debug|x64.Build.0 = Debug|x64
    {E62B64FC-4870-45B8-9073-F5D3F219B166}.Release|Win32.ActiveCfg = Release|Win32
    {E62B64FC-4870-45B8-9073-F5D3F219B166}.Release|Win32.Build.0 = Release|Win32
    {E62B64FC-4870-45B8-9073-F5D3F219B166}.Release|x64.ActiveCfg = Release|x64
    {E62B64FC-4870-45B8-9073-F5D3F219B166}.Release|x64.Build.0 = Release|x64
    {E722778C-6CE7-4F03-9A5B-F0E683ECC129}.Debug|Win32.ActiveCfg = Debug|Win32
    {E722778C-6CE7-4F03-9A5B-F0E683ECC129}.Debug|Win32.Build.0 = Debug|Win32
    {E722778C-6CE7-4F03-9A5B-F0E683ECC129}.Debug|x64.ActiveCfg = Debug|x64
    {E722778C-6CE7-4F03-9A5B-F0E683ECC129}.Debug|x64.Build.0 = Debug|x64
    {E722778C-6CE7-4F03-9A5B-F0E683ECC129}.Release|Win32.ActiveCfg = Release|Win32
    {E722778C-6CE7-4F03-9A5B-F0E683ECC129}.Release|Win32.Build.0 = Release|Win32
    {E722778C-6CE7-4F03-9A5B-F0E683ECC129}.Release|x64.ActiveCfg = Release|x64
    {E722778C-6CE7-4F03-9A5B-F0E683ECC129}.Release|x64.Build.0 = Release|x64
    {9C67A947-4C76-4C47-8D8A-90A246BABD2B}.Debug|Win32.ActiveCfg = Debug|Win32
    {9C67A947-4C76-4C47-8D8A-90A246BABD2B}.Debug|Win32.Build.0 = Debug|Win32
    {9C67A947-4C76-4C47-8D8A-90A246BABD2B}.Debug|x64.ActiveCfg = Debug|x64
    {9C67A947-4C76-4C47-8D8A-90A246BABD2B}.Debug|x64.Build.0 = Debug|x64
    {9C67A947-4C76-4C47-8D8A-90A246BABD2B}.Release|Win32.ActiveCfg = Release|Win32
    {9C67A947-4C76-4C47-8D8A-90A246BABD2B}.Release|Win32.Build.0 = Release|Win32
    {9C67A947-4C76-4C47-8D8A-90A246BABD2B}.Release|x64.ActiveCfg = Release|x64
    {9C67A947-4C76-4C47-8D8A-90A246BABD2B}.Release|x64.Build.0 = Release|x64
    {C823B47B-18C4-482E-8C0E-AA61DFEE6EF8}.Debug|Win32.ActiveCfg = Debug|Win32
    {C823B47B-18C4-482E-8C0E-AA61DFEE6EF8}.Debug|Win32.Build.0 = Debug|Win32
    {C823B47B-18C4-482E-8C0E-AA61DFEE6EF8}.Debug|x64.ActiveCfg = Debug|x64
    {C823B47B-18C4-482E-8C0E-AA61DFEE6EF8}.Debug|x64.Build.0 = Debug|x64
    {C823B47B-18C4-482E-8C0E-AA61DFEE6EF8}.Release|Win32.ActiveCfg = Release|Win32
    {C823B47B-18C4-482E-8C0E-AA61DFEE6EF8}.Release|Win32.Build.0 = Release|Win32
    {C823B47B-18C4-482E-8C0E-AA61DFEE6EF8}.Release|x64.ActiveCfg = Release|x64
    {C823B47B-18C4-482E-8C0E-AA61DFEE6EF8}.Release|x64.Build.0 = Release|x64
    {46CF6CF2-603C-4271-982E-C45916805942}.Debug|Win32.ActiveCfg = Debug|Win32
    {46CF6CF2-603C-4271-982E-C45916805942}.Debug|Win32.Build.0 = Debug|Win32
    {46CF6CF2-603C-4271-982E-C45916805942}.Debug|x64.ActiveCfg = Debug|x64
    {46CF6CF2-603C-4271-982E-C45916805942}.Debug|x64.Build.0 = Debug|x64
    {46CF6CF2-603C-4271-982E-C45916805942}.Release|Win32.ActiveCfg = Release|Win32
    {46CF6CF2-603C-4271-982E-C45916805942}.Release|Win32.Build.0 = Release|Win32
    {46CF6CF2-603C-4271-982E-C45916805942}.Release|x64.ActiveCfg = Release|x64
    {46CF6CF2-603C-4271-982E-C45916805942}.Release|x64.Build.0 = Release|x64
    {ECFEDDB6-328C-4CB1-8EEC-523E416BBA94}.Debug|Win32.ActiveCfg = Debug|Win32
    {ECFEDDB6-328C-4CB1-8EEC-523E416BBA94}.Debug|Win32.Build.0 = Debug|Win32
    {ECFEDDB6-328C-4CB1-8EEC-523E416BBA94}.Debug|x64.ActiveCfg = Debug|x64
    {ECFEDDB6-328C-4CB1-8EEC-523E416BBA94}.Debug|x64.Build.0 = Debug|x64
    {ECFEDDB6-328C-4CB1-8EEC-523E416BBA94}.Release|Win32.ActiveCfg = Release|Win32
    {ECFEDDB6-328C-4CB1-8EEC-523E416BBA94}.Release|Win32.Build.0 = Release|Win32
    {ECFEDDB6-328C-4CB1-8EEC-523E416BBA94}.Release|x64.ActiveCfg = Release|x64
    {ECFEDDB6-328C-4CB1-8EEC-523E416BBA94}.Release|x64.Build.0 = Release|x64
    {D67C5C6B-691B-4641-AFF2-BDAF58BC09BA}.Debug|Win32.ActiveCfg = Debug|Win32
    {D67C5C6B-691B-4641-AFF2-BDAF58BC09BA}.Debug|Win32.Build.0 = Debug|Win32
    {D67C5C6B-691B-4641-AFF2-BDAF58BC09BA}.Debug|x64.ActiveCfg = Debug|x64
    {D67C5C6B-691B-4641-AFF2-BDAF58BC09BA}.Debug|x64.Build.0 = Debug|x64
    {D67C5C6B-691B-4641-AFF2-BDAF58BC09BA}.Release|Win32.ActiveCfg = Release|Win32
    {D67C5C6B-691B-4641-AFF2-BDAF58BC09BA}.Release|Win32.Build.0 = Release|Win32
    {D67C5C6B-691B-4641-AFF2-BDAF58BC09BA}.Release|x64.ActiveCfg = Release|x64
    {D67C5C6B-691B-4641-AFF2-BDAF58BC09BA}.Release|x64.Build.0 = Release|x64
    {FCE1646A-CE63-463B-9C86-4B8854E69E45}.Debug|Win32.ActiveCfg = Debug|Win32
    {FCE1646A-CE63-463B-9C86-4B8854E69E45}.Debug|Win32.Build.0 = Debug|Win32
    {FCE1646A-CE63-463B-9C86-4B8854E69E45}.Debug|x64.ActiveCfg = Debug|x64
    {FCE1646A-CE63-463B-9C86-4B8854E69E45}.Debug|x64.Build.0 = Debug|x64
    {FCE1646A-CE63-463B-9C86-4B8854E69E45}.Release|Win32.ActiveCfg = Release|Win32
    {FCE1646A-CE63-463B-9C86-4B8854E69E45}.Release|Win32.Build.0 = Release|Win32
    {FCE1646A-CE63-463B-9C86-4B8854E69E45}.Release|x64.ActiveCfg = Release|x64
    {FCE1646A-CE63-463B-9C86-4B8854E69E45}.Release|x64.Build.0 = Release|x64
    {D187DB1E-BA51-45C1-848D-D03710053CBA}.Debug|Win32.ActiveCfg = Debug|Win32
    {D187DB1E-BA51-45C1-848D-D03710053CBA}.Debug|Win32.Build.0 = Debug|Win32
    {D187DB1E-BA51-45C1-848D-D03710053CBA}.Debug|x64.ActiveCfg = Debug|x64
    {D187DB1E-BA51-45C1-848D-D03710053CBA}.Debug|x64.Build.0 = Debug|x64
    {D187DB1E-BA51-45C1-848D-D03710053CBA}.Release|Win32.ActiveCfg = Release|Win32
    {D187DB1E-BA51-45C1-848D-D03710053CBA}.Release|Win32.Build.0 = Release|Win32
    {D187DB1E-BA51-45C1-848D-D03710053CBA}.Release|x64.ActiveCfg = Release|x64
    {D187DB1E-BA51-45C1-848D-D03710053CBA}.Release|x64.Build.0 = Release|x64
    {90EC5B88-5B91-4D88-A88F-87038F070FE5}.Debug|Win32.ActiveCfg = Debug|Win32
    {90EC5B88-5B91-4D88-A88F-87038F070FE5}.Debug|Win32.Build.0 = Debug|Win32
    {90EC5B88-5B91-4D88-A88F-87038F070FE5}.Debug|x64.ActiveCfg = Debug|x64
    {90EC5B88-5B91-4D88-A88F-87038F070FE5}.Debug|x64.Build.0 = Debug|x64
    {90EC5B88-5B91-4D88-A88F-87038F070FE5}.Release|Win32.ActiveCfg = Release|Win32
    {90EC5B88-5B91-4D88-A88F-87038F070FE5}.Release|Win32.Build.0 = Release|Win32
    {90EC5B88-5B91-4D88-A88F-87038F070FE5}.Release|x64.ActiveCfg = Release|x64
    {90EC5B88-5B91-4D88-A88F-87038F070FE5}.Release|x64.Build.0 = Release|x64
    {BEF2051D-DE85-46D2-B9BB-E8FE047E7B34}.Debug|Win32.ActiveCfg = Debug|Win32
    {BEF2051D-DE85-46D2-B9BB-E8FE047E7B34}.Debug|Win32.Build.0 = Debug|Win32
    {BEF2051D-DE85-46D2-B9BB-E8FE047E7B34}.Debug|x64.ActiveCfg = Debug|x64
    {BEF2051D-DE85-46D2-B9BB-E8FE047E7B34}.Debug|x64.Build.0 = Debug|x64
    {BEF2051D-DE85-46D2-B9BB-E8FE047E7B34}.Release|Win32.ActiveCfg = Release|Win32
    {BEF2051D-DE85-46D2-B9BB-E8FE047E7B34}.Release|Win32.Build.0 = Release|Win32
    {BEF2051D-DE85-46D2-B9BB-E8FE047E7B34}.Release|x64.ActiveCfg = Release|x64
    {BEF2051D-DE85-46D2-B9BB-E8FE047E7B34}.Release|x64.Build.0 = Release|x64
    {5FA5F2C6-180B-4BB7-8709-1CD74C502E3C}.Debug|Win32.ActiveCfg = Debug|Win32
    {5FA5F2C6-180B-4BB7-8709-1CD74C502E3C}.Debug|Win32.Build.0 = Debug|Win32
    {5FA5F2C6-180B-4BB7-8709-1CD74C502E3C}.Debug|x64.ActiveCfg = Debug|x64
    {5FA5F2C6-180B-4BB7-8709-1CD74C502E3C}.Debug|x64.Build.0 = Debug|x64
    {5FA5F2C6-180B-4BB7-8709-1CD74C502E3C}.Release|Win32.ActiveCfg = Release|Win32
    {5FA5F2C6-180B-4BB7-8709-1CD74C502E3C}.Release|Win32.Build.0 = Release|Win32
    {5FA5F2C6-180B-4BB7-8709-1CD74C502E3C}.Release|x64.ActiveCfg = Release|x64
    {5FA5F2C6-180B-4BB7-8709-1CD74C502E3C}.Release|x64.Build.0 = Release|x64
    {20B0D9C4-64AA-43C0-884F-21905CCA56F5}.Debug|Win32.ActiveCfg = Debug|Win32
    {20B0D9C4-64AA-43C0-884F-21905CCA56F5}.Debug|Win32.Build.0 = Debug|Win32
    {20B0D9C4-64AA-43C0-884F-21905CCA56F5}.Debug|x64.ActiveCfg = Debug|x64
    {20B0D9C4-64AA-43C0-884F-21905CCA56F5}.Debug|x64.Build.0 = Debug|x64
    {20B0D9C4-64AA-43C0-884F-21905CCA56F5}.Release|Win32.ActiveCfg = Release|Win32
    {20B0D9C4-64AA-43C0-884F-21905CCA56F5}.Release|Win32.Build.0 = Release|Win32
    {20B0D9C4-64AA-43C0-884F-21905CCA56F5}.Release|x64.ActiveCfg = Release|x64
    {20B0D9C4-64AA-43C0-884F-21905CCA56F5}.Release|x64.Build.0 = Release|x64
    {D7266B39-1BEB-4220-B727-7F7ADF424CBE}.Debug|Win32.ActiveCfg = Debug|Win32
    {D7266B39-1BEB-4220-B727-7F7ADF424CBE}.Debug|Win32.Build.0 = Debug|Win32
    {D7266B39-1BEB-4220-B727-7F7ADF424CBE}.Debug|x64.ActiveCfg = Debug|x64
    {D7266B39-1BEB-4220-B727-7F7ADF424CBE}.Debug|x64.Build.0 = Debug|x64
    {D7266B39-1BEB-4220-B727-7F7ADF424CBE}.Release|Win32.ActiveCfg = Release|Win32
    {D7266B39-1BEB-4220-B727-7F7ADF424CBE}.Release|Win32.Build.0 = Release|Win32
    {D7266B39-1BEB-4220-B727-7F7ADF424CBE}.Release|x64.ActiveCfg = Release|x64
    {D7266B39-1BEB-4220-B727-7F7ADF424CBE}.Release|x64.Build.0 = Release|x64
    {4CE53A83-504B-4CF8-92A3-B4BF8F6B261E}.Debug|Win32.ActiveCfg = Debug|Win32
    {4CE53A83-504B-4CF8-92A3-B4BF8F6B261E}.Debug|Win32.Build.0 = Debug|Win32
    {4CE53A83-504B-4CF8-92A3-B4BF8F6B261E}.Debug|x64.ActiveCfg = Debug|x64
    {4CE53A83-504B-4CF8-92A3-B4BF8F6B261E}.Debug|x64.Build.0 = Debug|x64
    {4CE53A83-504B-4CF8-92A3-B4BF8F6B261E}.Release|Win32.ActiveCfg = Release|Win32
    {4CE53A83-504B-4CF8-92A3-B4BF8F6B261E}.Release|Win32.Build.0 = Release|Win32
    {4CE53A83-504B-4CF8-92A3-B4BF8F6B261E}.Release|x64.ActiveCfg = Release|x64
    {4CE53A83-504B-4CF8-92A3-B4BF8F6B261E}.Release|x64.Build.0 = Release|x64
    {EBF0191C-99B4-4D12-B9B9-12E762A13017}.Debug|Win32.ActiveCfg = Debug|Win32
    {EBF0191C-99B4-4D12-B9B9-12E762A13017}.Debug|Win32.Build.0 = Debug|Win32
    {EBF0191C-99B4-4D12-B9B9-12E762A13017}.Debug|x64.ActiveCfg = Debug|x64
    {EBF0191C-99B4-4D12-B9B9-12E762A13017}.Debug|x64.Build.0 = Debug|x64
    {EBF0191C-99B4-4D12-B9B9-12E762A13017}.Release|Win32.ActiveCfg = Release|Win32
    {EBF0191C-99B4-4D12-B9B9-12E762A13017}.Release|Win32.Build.0 = Release|Win32
    {EBF0191C-99B4-4D12-B9B9-12E762A13017}.Release|x64.ActiveCfg = Release|x64
    {EBF0191C-99B4-4D12-B9B9-12E762A13017}.Release|x64.Build.0 = Release|x64
    {698B5A4D-894B-48BE-939F-099DD527E5D8}.Debug|Win32.ActiveCfg = Debug|Win32
    {698B5A4D-894B-48BE-939F-099DD527E5D8}.Debug|Win32.Build.0 = Debug|Win32
    {698B5A4D-894B-48BE-939F-099DD527E5D8}.Debug|x64.ActiveCfg = Debug|x64
    {698B5A4D-894B-48BE-939F-099DD527E5D8}.Debug|x64.Build.0 = Debug|x64
    {698B5A4D-894B-48BE-939F-099DD527E5D8}.Release|Win32.ActiveCfg = Release|Win32
    {698B5A4D-894B-48BE-939F-099DD527E5D8}.Release|Win32.Build.0 = Release|Win32
    {698B5A4D-894B-48BE-939F-099DD527E5D8}.Release|x64.ActiveCfg = Release|x64
    {698B5A4D-894B-48BE-939F-099DD527E5D8}.Release|x64.Build.0 = Release|x64
    {A0300D7C-6532-4674-9E2F-9EA33586ADF7}.Debug|Win32.ActiveCfg = Debug|Win32
    {A0300D7C-6532-4674-9E2F-9EA33586ADF7}.Debug|Win32.Build.0 = Debug|Win32
    {A0300D7C-6532-4674-9E2F-9EA33586ADF7}.Debug|x64.ActiveCfg = Debug|x64
    {A0300D7C-6532-4674-9E2F-9EA33586ADF7}.Debug|x64.Build.0 = Debug|x64
    {A0300D7C-6532-4674-9E2F-9EA33586ADF7}.Release|Win32.ActiveCfg = Release|Win32
    {A0300D7C-6532-4674-9E2F-9EA33586ADF7}.Release|Win32.Build.0 = Release|Win32
    {A0300D7C-6532-4674-9E2F-9EA33586ADF7}.Release|x64.ActiveCfg = Release|x64
    {A0300D7C-6532-4674-9E2F-9EA33586ADF7}.Release|x64.Build.0 = Release|x64
    {C7864542-1182-4EBF-A7D0-824C9B0A850F}.Debug|Win32.ActiveCfg = Debug|Win32
    {C7864542-1182-4EBF-A7D0-824C9B0A850F}.Debug|Win32.Build.0 = Debug|Win32
    {C7864542-1182-4EBF-A7D0-824C9B0A850F}.Debug|x64.ActiveCfg = Debug|x64
    {C7864542-1182-4EBF-A7D0-824C9B0A850F}.Debug|x64.Build.0 = Debug|x64
    {C7864542-1182-4EBF-A7D0-824C9B0A850F}.Release|Win32.ActiveCfg = Release|Win32
    {C7864542-1182-4EBF-A7D0-824C9B0A850F}.Release|Win32.Build.0 = Release|Win32
    {C7864542-1182-4EBF-A7D0-824C9B0A850F}.Release|x64.ActiveCfg = Release|x64
    {C7864542-1182-4EBF-A7D0-824C9B0A850F}.Release|x64.Build.0 = Release|x64
    {D7669D09-2DDB-422A-9A79-1763E8780CC9}.Debug|Win32.ActiveCfg = Debug|Win32
    {D7669D09-2DDB-422A-9A79-1763E8780CC9}.Debug|Win32.Build.0 = Debug|Win32
    {D7669D09-2DDB-422A-9A79-1763E8780CC9}.Debug|x64.ActiveCfg = Debug|x64
    {D7669D09-2DDB-422A-9A79-1763E8780CC9}.Debug|x64.Build.0 = Debug|x64
    {D7669D09-2DDB-422A-9A79-1763E8780CC9}.Release|Win32.ActiveCfg = Release|Win32
    {D7669D09-2DDB-422A-9A79-1763E8780CC9}.Release|Win32.Build.0 = Release|Win32
    {D7669D09-2DDB-422A-9A79-1763E8780CC9}.Release|x64.ActiveCfg = Release|x64
    {D7669D09-2DDB-422A-9A79-1763E8780CC9}.Release|x64.Build.0 = Release|x64
    {7E462D9B-872E-42FA-BACA-42BB12C02DB7}.Debug|Win32.ActiveCfg = Debug|Win32
    {7E462D9B-872E-42FA-BACA-42BB12C02DB7}.Debug|Win32.Build.0 = Debug|Win32
    {7E462D9B-872E-42FA-BACA-42BB12C02DB7}.Debug|x64.ActiveCfg = Debug|x64
    {7E462D9B-872E-42FA-BACA-42BB12C02DB7}.Debug|x64.Build.0 = Debug|x64
    {7E462D9B-872E-42FA-BACA-42BB12C02DB7}.Release|Win32.ActiveCfg = Release|Win32
    {7E462D9B-872E-42FA-BACA-42BB12C02DB7}.Release|Win32.Build.0 = Release|Win32
    {7E462D9B-872E-42FA-BACA-42BB12C02DB7}.Release|x64.ActiveCfg = Release|x64
    {7E462D9B-872E-42FA-BACA-42BB12C02DB7}.Release|x64.Build.0 = Release|x64
    {8437D1E3-C5DF-40E0-8E07-3FF36EA83CFF}.Debug|Win32.ActiveCfg = Debug|Win32
    {8437D1E3-C5DF-40E0-8E07-3FF36EA83CFF}.Debug|Win32.Build.0 = Debug|Win32
    {8437D1E3-C5DF-40E0-8E07-3FF36EA83CFF}.Debug|x64.ActiveCfg = Debug|x64
    {8437D1E3-C5DF-40E0-8E07-3FF36EA83CFF}.Debug|x64.Build.0 = Debug|x64
    {8437D1E3-C5DF-40E0-8E07-3FF36EA83CFF}.Release|Win32.ActiveCfg = Release|Win32
    {8437D1E3-C5DF-40E0-8E07-3FF36EA83CFF}.Release|Win32.Build.0 = Release|Win32
    {8437D1E3-C5DF-40E0-8E07-3FF36EA83CFF}.Release|x64.ActiveCfg = Release|x64
    {8437D1E3-C5DF-40E0-8E07-3FF36EA83CFF}.Release|x64.Build.0 = Release|x64
    {6B57E1ED-5B7E-494E-A5C7-7D384601B3B4}.Debug|Win32.ActiveCfg = Debug|Win32
    {6B57E1ED-5B7E-494E-A5C7-7D384601B3B4}.Debug|Win32.Build.0 = Debug|Win32
    {6B57E1ED-5B7E-494E-A5C7-7D384601B3B4}.Debug|x64.ActiveCfg = Debug|x64
    {6B57E1ED-5B7E-494E-A5C7-7D384601B3B4}.Debug|x64.Build.0 = Debug|x64
    {6B57E1ED-5B7E-494E-A5C7-7D384601B3B4}.Release|Win32.ActiveCfg = Release|Win32
    {6B57E1ED-5B7E-494E-A5C7-7D384601B3B4}.Release|Win32.Build.0 = Release|Win32
    {6B57E1ED-5B7E-494E-A5C7-7D384601B3B4}.Release|x64.ActiveCfg = Release|x64
    {6B57E1ED-5B7E-494E-A5C7-7D384601B3B4}.Release|x64.Build.0 = Release|x64
    {8EDBCF3A-A8DD-46A4-8D46-249D6E899A1B}.Debug|Win32.ActiveCfg = Debug|Win32
    {8EDBCF3A-A8DD-46A4-8D46-249D6E899A1B}.Debug|Win32.Build.0 = Debug|Win32
    {8EDBCF3A-A8DD-46A4-8D46-249D6E899A1B}.Debug|x64.ActiveCfg = Debug|x64
    {8EDBCF3A-A8DD-46A4-8D46-249D6E899A1B}.Debug|x64.Build.0 = Debug|x64
    {8EDBCF3A-A8DD-46A4-8D46-249D6E899A1B}.Release|Win32.ActiveCfg = Release|Win32
    {8EDBCF3A-A8DD-46A4-8D46-249D6E899A1B}.Release|Win32.Build.0 = Release|Win32
    {8EDBCF3A-A8DD-46A4-8D46-249D6E899A1B}.Release|x64.ActiveCfg = Release|x64
    {8EDBCF3A-A8DD-46A4-8D46-249D6E899A1B}.Release|x64.Build.0 = Release|x64
    {269E3013-2A7F-4663-8E2D-06A873EAFC27}.Debug|Win32.ActiveCfg = Debug|Win32
    {269E3013-2A7F-4663-8E2D-06A873EAFC27}.Debug|Win32.Build.0 = Debug|Win32
    {269E3013-2A7F-4663-8E2D-06A873EAFC27}.Debug|x64.ActiveCfg = Debug|x64
    {269E3013-2A7F-4663-8E2D-06A873EAFC27}.Debug|x64.Build.0 = Debug|x64
    {269E3013-2A7F-4663-8E2D-06A873EAFC27}.Release|Win32.ActiveCfg = Release|Win32
    {269E3013-2A7F-4663-8E2D-06A873EAFC27}.Release|Win32.Build.0 = Release|Win32
    {269E3013-2A7F-4663-8E2D-06A873EAFC27}.Release|x64.ActiveCfg = Release|x64
    {269E3013-2A7F-4663-8E2D-06A873EAFC27}.Release|x64.Build.0 = Release|x64
    {EFC01BC3-B7D8-46F4-AE52-3F9175F73290}.Debug|Win32.ActiveCfg = Debug|Win32
    {EFC01BC3-B7D8-46F4-AE52-3F9175F73290}.Debug|Win32.Build.0 = Debug|Win32
    {EFC01BC3-B7D8-46F4-AE52-3F9175F73290}.Debug|x64.ActiveCfg = Debug|x64
    {EFC01BC3-B7D8-46F4-AE52-3F9175F73290}.Debug|x64.Build.0 = Debug|x64
    {EFC01BC3-B7D8-46F4-AE52-3F9175F73290}.Release|Win32.ActiveCfg = Release|Win32
    {EFC01BC3-B7D8-46F4-AE52-3F9175F73290}.Release|Win32.Build.0 = Release|Win32
    {EFC01BC3-B7D8-46F4-AE52-3F9175F73290}.Release|x64.ActiveCfg = Release|x64
    {EFC01BC3-B7D8-46F4-AE52-3F9175F73290}.Release|x64.Build.0 = Release|x64
    {0BCAA368-76C8-4BB7-B218-C4280DC012BD}.Debug|Win32.ActiveCfg = Debug|Win32
    {0BCAA368-76C8-4BB7-B218-C4280DC012BD}.Debug|Win32.Build.0 = Debug|Win32
    {0BCAA368-76C8-4BB7-B218-C4280DC012BD}.Debug|x64.ActiveCfg = Debug|x64
    {0BCAA368-76C8-4BB7-B218-C4280DC012BD}.Debug|x64.Build.0 = Debug|x64
    {0BCAA368-76C8-4BB7-B218-C4280DC012BD}.Release|Win32.ActiveCfg = Release|Win32
    {0BCAA368-76C8-4BB7-B218-C4280DC012BD}.Release|Win32.Build.0 = Release|Win32
    {0BCAA368-76C8-4BB7-B218-C4280DC012BD}.Release|x64.ActiveCfg = Release|x64
    {0BCAA368-76C8-4BB7-B218-C4280DC012BD}.Release|x64.Build.0 = Release|x64
    {8EB00279-B030-4D34-BFB1-FA38A4255F67}.Debug|Win32.ActiveCfg = Debug|Win32
    {8EB00279-B030-4D34-BFB1-FA38A4255F67}.Debug|Win32.Build.0 = Debug|Win32
    {8EB00279-B030-4D34-BFB1-FA38A4255F67}.Debug|x64.ActiveCfg = Debug|x64
    {8EB00279-B030-4D34-BFB1-FA38A4255F67}.Debug|x64.Build.0 = Debug|x64
    {8EB00279-B030-4D34-BFB1-FA38A4255F67}.Release|Win32.ActiveCfg = Release|Win32
    {8EB00279-B030-4D34-BFB1-FA38A4255F67}.Release|Win32.Build.0 = Release|Win32
    {8EB00279-B030-4D34-BFB1-FA38A4255F67}.Release|x64.ActiveCfg = Release|x64
    {8EB00279-B030-4D34-BFB1-FA38A4255F67}.Release|x64.Build.0 = Release|x64
    {93715734-45EE-4651-AD63-F7D5FFE38F89}.Debug|Win32.ActiveCfg = Debug|Win32
    {93715734-45EE-4651-AD63-F7D5FFE38F89}.Debug|Win32.Build.0 = Debug|Win32
    {93715734-45EE-4651-AD63-F7D5FFE38F89}.Debug|x64.ActiveCfg = Debug|x64
    {93715734-45EE-4651-AD63-F7D5FFE38F89}.Debug|x64.Build.0 = Debug|x64
    {93715734-45EE-4651-AD63-F7D5FFE38F89}.Release|Win32.ActiveCfg = Release|Win32
    {93715734-45EE-4651-AD63-F7D5FFE38F89}.Release|Win32.Build.0 = Release|Win32
    {93715734-45EE-4651-AD63-F7D5FFE38F89}.Release|x64.ActiveCfg = Release|x64
    {93715734-45EE-4651-AD63-F7D5FFE38F89}.Release|x64.Build.0 = Release|x64
    {071A38BC-579F-49B2-875F-D674AB22FC7B}.Debug|Win32.ActiveCfg = Debug|Win32
    {071A38BC-579F-49B2-875F-D674AB22FC7B}.Debug|Win32.Build.0 = Debug|Win32
    {071A38BC-579F-49B2-875F-D674AB22FC7B}.Debug|x64.ActiveCfg = Debug|x64
    {071A38BC-579F-49B2-875F-D674AB22FC7B}.Debug|x64.Build.0 = Debug|x64
    {071A38BC-579F-49B2-875F-D674AB22FC7B}.Release|Win32.ActiveCfg = Release|Win32
    {071A38BC-579F-49B2-875F-D674AB22FC7B}.Release|Win32.Build.0 = Release|Win32
    {071A38BC-579F-49B2-875F-D674AB22FC7B}.Release|x64.ActiveCfg = Release|x64
    {071A38BC-579F-49B2-875F-D674AB22FC7B}.Release|x64.Build.0 = Release|x64
    {5C57279E-B11D-4CA7-9494-64C63BBDF3D7}.Debug|Win32.ActiveCfg = Debug|Win32
    {5C57279E-B11D-4CA7-9494-64C63BBDF3D7}.Debug|Win32.Build.0 = Debug|Win32
    {5C57279E-B11D-4CA7-9494-64C63BBDF3D7}.Debug|x64.ActiveCfg = Debug|x64
    {5C57279E-B11D-4CA7-9494-64C63BBDF3D7}.Debug|x64.Build.0 = Debug|x64
    {5C57279E-B11D-4CA7-9494-64C63BBDF3D7}.Release|Win32.ActiveCfg = Release|Win32
    {5C57279E-B11D-4CA7-9494-64C63BBDF3D7}.Release|Win32.Build.0 = Release|Win32
    {5C57279E-B11D-4CA7-9494-64C63BBDF3D7}.Release|x64.ActiveCfg = Release|x64
    {5C57279E-B11D-4CA7-9494-64C63BBDF3D7}.Release|x64.Build.0 = Release|x64
    {B6C745D3-9F5C-42AF-B7AA-B2904AF8678B}.Debug|Win32.ActiveCfg = Debug|Win32
    {B6C745D3-9F5C-42AF-B7AA-B2904AF8678B}.Debug|Win32.Build.0 = Debug|Win32
    {B6C745D3-9F5C-42AF-B7AA-B2904AF8678B}.Debug|x64.ActiveCfg = Debug|x64
    {B6C745D3-9F5C-42AF-B7AA-B2904AF8678B}.Debug|x64.Build.0 = Debug|x64
    {B6C745D3-9F5C-42AF-B7AA-B2904AF8678B}.Release|Win32.ActiveCfg = Release|Win32
    {B6C745D3-9F5C-42AF-B7AA-B2904AF8678B}.Release|Win32.Build.0 = Release|Win32
    {B6C745D3-9F5C-42AF-B7AA-B2904AF8678B}.Release|x64.ActiveCfg = Release|x64
    {B6C745D3-9F5C-42AF-B7AA-B2904AF8678B}.Release|x64.Build.0 = Release|x64
    {8F6569F0-0659-43B9-B025-B6E2D9778E1A}.Debug|Win32.ActiveCfg = Debug|Win32
    {8F6569F0-0659-43B9-B025-B6E2D9778E1A}.Debug|Win32.Build.0 = Debug|Win32
    {8F6569F0-0659-43B9-B025-B6E2D9778E1A}.Debug|x64.ActiveCfg = Debug|x64
    {8F6569F0-0659-43B9-B025-B6E2D9778E1A}.Debug|x64.Build.0 = Debug|x64
    {8F6569F0-0659-43B9-B025-B6E2D9778E1A}.Release|Win32.ActiveCfg = Release|Win32
    {8F6569F0-0659-43B9-B025-B6E2D9778E1A}.Release|Win32.Build.0 = Release|Win32
    {8F6569F0-0659-43B9-B025-B6E2D9778E1A}.Release|x64.ActiveCfg = Release|x64
    {8F6569F0-0659-43B9-B025-B6E2D9778E1A}.Release|x64.Build.0 = Release|x64
    {4359710C-334F-4D16-A0BC-33F8873F40FC}.Debug|Win32.ActiveCfg = Debug|Win32
    {4359710C-334F-4D16-A0BC-33F8873F40FC}.Debug|Win32.Build.0 = Debug|Win32
    {4359710C-334F-4D16-A0BC-33F8873F40FC}.Debug|x64.ActiveCfg = Debug|x64
    {4359710C-334F-4D16-A0BC-33F8873F40FC}.Debug|x64.Build.0 = Debug|x64
    {4359710C-334F-4D16-A0BC-33F8873F40FC}.Release|Win32.ActiveCfg = Release|Win32
    {4359710C-334F-4D16-A0BC-33F8873F40FC}.Release|Win32.Build.0 = Release|Win32
    {4359710C-334F-4D16-A0BC-33F8873F40FC}.Release|x64.ActiveCfg = Release|x64
    {4359710C-334F-4D16-A0BC-33F8873F40FC}.Release|x64.Build.0 = Release|x64
    {FEDE40E3-60FA-4902-AD18-B002D0750A53}.Debug|Win32.ActiveCfg = Debug|Win32
    {FEDE40E3-60FA-4902-AD18-B002D0750A53}.Debug|Win32.Build.0 = Debug|Win32
    {FEDE40E3-60FA-4902-AD18-B002D0750A53}.Debug|x64.ActiveCfg = Debug|x64
    {FEDE40E3-60FA-4902-AD18-B002D0750A53}.Debug|x64.Build.0 = Debug|x64
    {FEDE40E3-60FA-4902-AD18-B002D0750A53}.Release|Win32.ActiveCfg = Release|Win32
    {FEDE40E3-60FA-4902-AD18-B002D0750A53}.Release|Win32.Build.0 = Release|Win32
    {FEDE40E3-60FA-4902-AD18-B002D0750A53}.Release|x64.ActiveCfg = Release|x64
    {FEDE40E3-60FA-4902-AD18-B002D0750A53}.Release|x64.Build.0 = Release|x64
    {2FFE2FD7-33B3-4D52-B519-2EBB3229282B}.Debug|Win32.ActiveCfg = Debug|Win32
    {2FFE2FD7-33B3-4D52-B519-2EBB3229282B}.Debug|Win32.Build.0 = Debug|Win32
    {2FFE2FD7-33B3-4D52-B519-2EBB3229282B}.Debug|x64.ActiveCfg = Debug|x64
    {2FFE2FD7-33B3-4D52-B519-2EBB3229282B}.Debug|x64.Build.0 = Debug|x64
    {2FFE2FD7-33B3-4D52-B519-2EBB3229282B}.Release|Win32.ActiveCfg = Release|Win32
    {2FFE2FD7-33B3-4D52-B519-2EBB3229282B}.Release|Win32.Build.0 = Release|Win32
    {2FFE2FD7-33B3-4D52-B519-2EBB3229282B}.Release|x64.ActiveCfg = Release|x64
    {2FFE2FD7-33B3-4D52-B519-2EBB3229282B}.Release|x64.Build.0 = Release|x64
    {32A05524-EB86-4E19-B8C4-3F119874BE0B}.Debug|Win32.ActiveCfg = Debug|Win32
    {32A05524-EB86-4E19-B8C4-3F119874BE0B}.Debug|Win32.Build.0 = Debug|Win32
    {32A05524-EB86-4E19-B8C4-3F119874BE0B}.Debug|x64.ActiveCfg = Debug|x64
    {32A05524-EB86-4E19-B8C4-3F119874BE0B}.Debug|x64.Build.0 = Debug|x64
    {32A05524-EB86-4E19-B8C4-3F119874BE0B}.Release|Win32.ActiveCfg = Release|Win32
    {32A05524-EB86-4E19-B8C4-3F119874BE0B}.Release|Win32.Build.0 = Release|Win32
    {32A05524-EB86-4E19-B8C4-3F119874BE0B}.Release|x64.ActiveCfg = Release|x64
    {32A05524-EB86-4E19-B8C4-3F119874BE0B}.Release|x64.Build.0 = Release|x64
    {5EE98925-7DAB-4AEA-B334-C032A734D647}.Debug|Win32.ActiveCfg = Debug|Win32
    {5EE98925-7DAB-4AEA-B334-C032A734D647}.Debug|Win32.Build.0 = Debug|Win32
    {5EE98925-7DAB-4AEA-B334-C032A734D647}.Debug|x64.ActiveCfg = Debug|x64
    {5EE98925-7DAB-4AEA-B334-C032A734D647}.Debug|x64.Build.0 = Debug|x64
    {5EE98925-7DAB-4AEA-B334-C032A734D647}.Release|Win32.ActiveCfg = Release|Win32
    {5EE98925-7DAB-4AEA-B334-C032A734D647}.Release|Win32.Build.0 = Release|Win32
    {5EE98925-7DAB-4AEA-B334-C032A734D647}.Release|x64.ActiveCfg = Release|x64
    {5EE98925-7DAB-4AEA-B334-C032A734D647}.Release|x64.Build.0 = Release|x64
    {994F776F-D9AA-4381-BBD6-FA2D1E8F6282}.Debug|Win32.ActiveCfg = Debug|Win32
    {994F776F-D9AA-4381-BBD6-FA2D1E8F6282}.Debug|Win32.Build.0 = Debug|Win32
    {994F776F-D9AA-4381-BBD6-FA2D1E8F6282}.Debug|x64.ActiveCfg = Debug|x64
    {994F776F-D9AA-4381-BBD6-FA2D1E8F6282}.Debug|x64.Build.0 = Debug|x64
    {994F776F-D9AA-4381-BBD6-FA2D1E8F6282}.Release|Win32.ActiveCfg = Release|Win32
    {994F776F-D9AA-4381-BBD6-FA2D1E8F6282}.Release|Win32.Build.0 = Release|Win32
    {994F776F-D9AA-4381-BBD6-FA2D1E8F6282}.Release|x64.ActiveCfg = Release|x64
    {994F776F-D9AA-4381-BBD6-FA2D1E8F6282}.Release|x64.Build.0 = Release|x64
    {0EDF9BE9-551A-499C-BE2D-C0FDE645C150}.Debug|Win32.ActiveCfg = Debug|Win32
    {0EDF9BE9-551A-499C-BE2D-C0FDE645C150}.Debug|Win32.Build.0 = Debug|Win32
    {0EDF9BE9-551A-499C-BE2D-C0FDE645C150}.Debug|x64.ActiveCfg = Debug|x64
    {0EDF9BE9-551A-499C-BE2D-C0FDE645C150}.Debug|x64.Build.0 = Debug|x64
    {0EDF9BE9-551A-499C-BE2D-C0FDE645C150}.Release|Win32.ActiveCfg = Release|Win32
    {0EDF9BE9-551A-499C-BE2D-C0FDE645C150}.Release|Win32.Build.0 = Release|Win32
    {0EDF9BE9-551A-499C-BE2D-C0FDE645C150}.Release|x64.ActiveCfg = Release|x64
    {0EDF9BE9-551A-499C-BE2D-C0FDE645C150}.Release|x64.Build.0 = Release|x64
    {900C1FAE-CD74-401B-861E-4AFFBF8F4942}.Debug|Win32.ActiveCfg = Debug|Win32
    {900C1FAE-CD74-401B-861E-4AFFBF8F4942}.Debug|Win32.Build.0 = Debug|Win32
    {900C1FAE-CD74-401B-861E-4AFFBF8F4942}.Debug|x64.ActiveCfg = Debug|x64
    {900C1FAE-CD74-401B-861E-4AFFBF8F4942}.Debug|x64.Build.0 = Debug|x64
    {900C1FAE-CD74-401B-861E-4AFFBF8F4942}.Release|Win32.ActiveCfg = Release|Win32
    {900C1FAE-CD74-401B-861E-4AFFBF8F4942}.Release|Win32.Build.0 = Release|Win32
    {900C1FAE-CD74-401B-861E-4AFFBF8F4942}.Release|x64.ActiveCfg = Release|x64
    {900C1FAE-CD74-401B-861E-4AFFBF8F4942}.Release|x64.Build.0 = Release|x64
    {95F561E8-63EA-4E79-AC54-A22183F462AC}.Debug|Win32.ActiveCfg = Debug|Win32
    {95F561E8-63EA-4E79-AC54-A22183F462AC}.Debug|Win32.Build.0 = Debug|Win32
    {95F561E8-63EA-4E79-AC54-A22183F462AC}.Debug|x64.ActiveCfg = Debug|x64
    {95F561E8-63EA-4E79-AC54-A22183F462AC}.Debug|x64.Build.0 = Debug|x64
    {95F561E8-63EA-4E79-AC54-A22183F462AC}.Release|Win32.ActiveCfg = Release|Win32
    {95F561E8-63EA-4E79-AC54-A22183F462AC}.Release|Win32.Build.0 = Release|Win32
    {95F561E8-63EA-4E79-AC54-A22183F462AC}.Release|x64.ActiveCfg = Release|x64
    {95F561E8-63EA-4E79-AC54-A22183F462AC}.Release|x64.Build.0 = Release|x64
    {FF37033E-58FF-4BBE-BD34-583E26177A24}.Debug|Win32.ActiveCfg = Debug|Win32
    {FF37033E-58FF-4BBE-BD34-583E26177A24}.Debug|Win32.Build.0 = Debug|Win32
    {FF37033E-58FF-4BBE-BD34-583E26177A24}.Debug|x64.ActiveCfg = Debug|x64
    {FF37033E-58FF-4BBE-BD34-583E26177A24}.Debug|x64.Build.0 = Debug|x64
    {FF37033E-58FF-4BBE-BD34-583E26177A24}.Release|Win32.ActiveCfg = Release|Win32
    {FF37033E-58FF-4BBE-BD34-583E26177A24}.Release|Win32.Build.0 = Release|Win32
    {FF37033E-58FF-4BBE-BD34-583E26177A24}.Release|x64.ActiveCfg = Release|x64
    {FF37033E-58FF-4BBE-BD34-583E26177A24}.Release|x64.Build.0 = Release|x64
    {32BD2DA1-86C6-4711-80FC-0D08CB405CF3}.Debug|Win32.ActiveCfg = Debug|Win32
    {32BD2DA1-86C6-4711-80FC-0D08CB405CF3}.Debug|Win32.Build.0 = Debug|Win32
    {32BD2DA1-86C6-4711-80FC-0D08CB405CF3}.Debug|x64.ActiveCfg = Debug|x64
    {32BD2DA1-86C6-4711-80FC-0D08CB405CF3}.Debug|x64.Build.0 = Debug|x64
    {32BD2DA1-86C6-4711-80FC-0D08CB405CF3}.Release|Win32.ActiveCfg = Release|Win32
    {32BD2DA1-86C6-4711-80FC-0D08CB405CF3}.Release|Win32.Build.0 = Release|Win32
    {32BD2DA1-86C6-4711-80FC-0D08CB405CF3}.Release|x64.ActiveCfg = Release|x64
    {32BD2DA1-86C6-4711-80FC-0D08CB405CF3}.Release|x64.Build.0 = Release|x64
    {FA3394C2-9170-4B0D-A8A3-178CD4FFD53C}.Debug|Win32.ActiveCfg = Debug|Win32
    {FA3394C2-9170-4B0D-A8A3-178CD4FFD53C}.Debug|Win32.Build.0 = Debug|Win32
    {FA3394C2-9170-4B0D-A8A3-178CD4FFD53C}.Debug|x64.ActiveCfg = Debug|x64
    {FA3394C2-9170-4B0D-A8A3-178CD4FFD53C}.Debug|x64.Build.0 = Debug|x64
    {FA3394C2-9170-4B0D-A8A3-178CD4FFD53C}.Release|Win32.ActiveCfg = Release|Win32
    {FA3394C2-9170-4B0D-A8A3-178CD4FFD53C}.Release|Win32.Build.0 = Release|Win32
    {FA3394C2-9170-4B0D-A8A3-178CD4FFD53C}.Release|x64.ActiveCfg = Release|x64
    {FA3394C2-9170-4B0D-A8A3-178CD4FFD53C}.Release|x64.Build.0 = Release|x64
    {B0328E1C-B490-4113-AE99-E08B7B2B337C}.Debug|Win32.ActiveCfg = Debug|Win32
    {B0328E1C-B490-4113-AE99-E08B7B2B337C}.Debug|Win32.Build.0 = Debug|Win32
    {B0328E1C-B490-4113-AE99-E08B7B2B337C}.Debug|x64.ActiveCfg = Debug|x64
    {B0328E1C-B490-4113-AE99-E08B7B2B337C}.Debug|x64.Build.0 = Debug|x64
    {B0328E1C-B490-4113-AE99-E08B7B2B337C}.Release|Win32.ActiveCfg = Release|Win32
    {B0328E1C-B490-4113-AE99-E08B7B2B337C}.Release|Win32.Build.0 = Release|Win32
    {B0328E1C-B490-4113-AE99-E08B7B2B337C}.Release|x64.ActiveCfg = Release|x64
    {B0328E1C-B490-4113-AE99-E08B7B2B337C}.Release|x64.Build.0 = Release|x64
    {EC8576FC-8986-4C7A-A4F6-06C5577C8271}.Debug|Win32.ActiveCfg = Debug|Win32
    {EC8576FC-8986-4C7A-A4F6-06C5577C8271}.Debug|Win32.Build.0 = Debug|Win32
    {EC8576FC-8986-4C7A-A4F6-06C5577C8271}.Debug|x64.ActiveCfg = Debug|x64
    {EC8576FC-8986-4C7A-A4F6-06C5577C8271}.Debug|x64.Build.0 = Debug|x64
    {EC8576FC-8986-4C7A-A4F6-06C5577C8271}.Release|Win32.ActiveCfg = Release|Win32
    {EC8576FC-8986-4C7A-A4F6-06C5577C8271}.Release|Win32.Build.0 = Release|Win32
    {EC8576FC-8986-4C7A-A4F6-06C5577C8271}.Release|x64.ActiveCfg = Release|x64
    {EC8576FC-8986-4C7A-A4F6-06C5577C8271}.Release|x64.Build.0 = Release|x64
    {3E8EE8AC-9CD4-425A-A6BE-BE54AACDA355}.Debug|Win32.ActiveCfg = Debug|Win32
    {3E8EE8AC-9CD4-425A-A6BE-BE54AACDA355}.Debug|Win32.Build.0 = Debug|Win32
    {3E8EE8AC-9CD4-425A-A6BE-BE54AACDA355}.Debug|x64.ActiveCfg = Debug|x64
    {3E8EE8AC-9CD4-425A-A6BE-BE54AACDA355}.Debug|x64.Build.0 = Debug|x64
    {3E8EE8AC-9CD4-425A-A6BE-BE54AACDA355}.Release|Win32.ActiveCfg = Release|Win32
    {3E8EE8AC-9CD4-425A-A6BE-BE54AACDA355}.Release|Win32.Build.0 = Release|Win32
    {3E8EE8AC-9CD4-425A-A6BE-BE54AACDA355}.Release|x64.ActiveCfg = Release|x64
    {3E8EE8AC-9CD4-425A-A6BE-BE54AACDA355}.Release|x64.Build.0 = Release|x64
    {C9281E80-93D3-44A6-8046-0D586691992D}.Debug|Win32.ActiveCfg = Debug|Win32
    {C9281E80-93D3-44A6-8046-0D586691992D}.Debug|Win32.Build.0 = Debug|Win32
    {C9281E80-93D3-44A6-8046-0D586691992D}.Debug|x64.ActiveCfg = Debug|x64
    {C9281E80-93D3-44A6-8046-0D586691992D}.Debug|x64.Build.0 = Debug|x64
    {C9281E80-93D3-44A6-8046-0D586691992D}.Release|Win32.ActiveCfg = Release|Win32
    {C9281E80-93D3-44A6-8046-0D586691992D}.Release|Win32.Build.0 = Release|Win32
    {C9281E80-93D3-44A6-8046-0D586691992D}.Release|x64.ActiveCfg = Release|x64
    {C9281E80-93D3-44A6-8046-0D586691992D}.Release|x64.Build.0 = Release|x64
    {084628FD-B1EA-4CB0-A003-012F7B993F1E}.Debug|Win32.ActiveCfg = Debug|Win32
    {084628FD-B1EA-4CB0-A003-012F7B993F1E}.Debug|x64.ActiveCfg = Debug|x64
    {084628FD-B1EA-4CB0-A003-012F7B993F1E}.Release|Win32.ActiveCfg = Release|Win32
    {084628FD-B1EA-4CB0-A003-012F7B993F1E}.Release|x64.ActiveCfg = Release|x64
    {C0FFE26E-6682-43B4-942D-9F4A32C5F111}.Debug|Win32.ActiveCfg = Debug|Win32
    {C0FFE26E-6682-43B4-942D-9F4A32C5F111}.Debug|Win32.Build.0 = Debug|Win32
    {C0FFE26E-6682-43B4-942D-9F4A32C5F111}.Debug|x64.ActiveCfg = Debug|x64
    {C0FFE26E-6682-43B4-942D-9F4A32C5F111}.Debug|x64.Build.0 = Debug|x64
    {C0FFE26E-6682-43B4-942D-9F4A32C5F111}.Release|Win32.ActiveCfg = Release|Win32
    {C0FFE26E-6682-43B4-942D-9F4A32C5F111}.Release|Win32.Build.0 = Release|Win32
    {C0FFE26E-6682-43B4-942D-9F4A32C5F111}.Release|x64.ActiveCfg = Release|x64
    {C0FFE26E-6682-43B4-942D-9F4A32C5F111}.Release|x64.Build.0 = Release|x64
    {09AF0618-F302-4BC5-801E-D978A2A4BE27}.Debug|Win32.ActiveCfg = Debug|Win32
    {09AF0618-F302-4BC5-801E-D978A2A4BE27}.Debug|Win32.Build.0 = Debug|Win32
    {09AF0618-F302-4BC5-801E-D978A2A4BE27}.Debug|x64.ActiveCfg = Debug|x64
    {09AF0618-F302-4BC5-801E-D978A2A4BE27}.Debug|x64.Build.0 = Debug|x64
    {09AF0618-F302-4BC5-801E-D978A2A4BE27}.Release|Win32.ActiveCfg = Release|Win32
    {09AF0618-F302-4BC5-801E-D978A2A4BE27}.Release|Win32.Build.0 = Release|Win32
    {09AF0618-F302-4BC5-801E-D978A2A4BE27}.Release|x64.ActiveCfg = Release|x64
    {09AF0618-F302-4BC5-801E-D978A2A4BE27}.Release|x64.Build.0 = Release|x64
    {FDDA9164-AAAC-42A6-892C-9C5575FE1492}.Debug|Win32.ActiveCfg = Debug|Win32
    {FDDA9164-AAAC-42A6-892C-9C5575FE1492}.Debug|Win32.Build.0 = Debug|Win32
    {FDDA9164-AAAC-42A6-892C-9C5575FE1492}.Debug|x64.ActiveCfg = Debug|x64
    {FDDA9164-AAAC-42A6-892C-9C5575FE1492}.Debug|x64.Build.0 = Debug|x64
    {FDDA9164-AAAC-42A6-892C-9C5575FE1492}.Release|Win32.ActiveCfg = Release|Win32
    {FDDA9164-AAAC-42A6-892C-9C5575FE1492}.Release|Win32.Build.0 = Release|Win32
    {FDDA9164-AAAC-42A6-892C-9C5575FE1492}.Release|x64.ActiveCfg = Release|x64
    {FDDA9164-AAAC-42A6-892C-9C5575FE1492}.Release|x64.Build.0 = Release|x64
    {68491BCD-68DD-41A5-9F02-5416421D693C}.Debug|Win32.ActiveCfg = Debug|Win32
    {68491BCD-68DD-41A5-9F02-5416421D693C}.Debug|Win32.Build.0 = Debug|Win32
    {68491BCD-68DD-41A5-9F02-5416421D693C}.Debug|x64.ActiveCfg = Debug|x64
    {68491BCD-68DD-41A5-9F02-5416421D693C}.Debug|x64.Build.0 = Debug|x64
    {68491BCD-68DD-41A5-9F02-5416421D693C}.Release|Win32.ActiveCfg = Release|Win32
    {68491BCD-68DD-41A5-9F02-5416421D693C}.Release|Win32.Build.0 = Release|Win32
    {68491BCD-68DD-41A5-9F02-5416421D693C}.Release|x64.ActiveCfg = Release|x64
    {68491BCD-68DD-41A5-9F02-5416421D693C}.Release|x64.Build.0 = Release|x64
    {3D18D9C0-D2B7-4000-86EA-6E0876589AB3}.Debug|Win32.ActiveCfg = Debug|Win32
    {3D18D9C0-D2B7-4000-86EA-6E0876589AB3}.Debug|Win32.Build.0 = Debug|Win32
    {3D18D9C0-D2B7-4000-86EA-6E0876589AB3}.Debug|x64.ActiveCfg = Debug|x64
    {3D18D9C0-D2B7-4000-86EA-6E0876589AB3}.Debug|x64.Build.0 = Debug|x64
    {3D18D9C0-D2B7-4000-86EA-6E0876589AB3}.Release|Win32.ActiveCfg = Release|Win32
    {3D18D9C0-D2B7-4000-86EA-6E0876589AB3}.Release|Win32.Build.0 = Release|Win32
    {3D18D9C0-D2B7-4000-86EA-6E0876589AB3}.Release|x64.ActiveCfg = Release|x64
    {3D18D9C0-D2B7-4000-86EA-6E0876589AB3}.Release|x64.Build.0 = Release|x64
  EndGlobalSection
  GlobalSection(SolutionProperties) = preSolution
    HideSolutionNode = FALSE
  EndGlobalSection
EndGlobal
