Microsoft Visual Studio Solution File, Format Version 10.00
# Visual Studio 2008
Project("{8BC9CEB8-8B4A-11D0-8D11-00A0C91BC942}") = "allf90examples", "allf90examples.vcproj", "{F9A92DA4-4FD5-4569-9D98-FB77A5E7B23B}"
EndProject
Project("{6989167D-11E4-40FE-8C1A-2192A86A7E90}") = "SD_create_sds", "SD_create_sds.vfproj", "{C5CE5293-CD6A-4B37-8AB0-82827F395C9A}"
EndProject
Project("{6989167D-11E4-40FE-8C1A-2192A86A7E90}") = "SD_alter_sds_values", "SD_alter_sds_values.vfproj", "{AE87DC2E-7F25-40D5-8C43-2E3F0611AF51}"
EndProject
Project("{6989167D-11E4-40FE-8C1A-2192A86A7E90}") = "SD_chunking_example", "SD_chunking_example.vfproj", "{81722FEC-EDE5-46A6-8E45-11D40246ED26}"
EndProject
Project("{6989167D-11E4-40FE-8C1A-2192A86A7E90}") = "SD_compress_sds", "SD_compress_sds.vfproj", "{484ED7EE-13D2-4B25-AEAB-8711338CC514}"
EndProject
Project("{6989167D-11E4-40FE-8C1A-2192A86A7E90}") = "SD_dimscale_vs_sds", "SD_dimscale_vs_sds.vfproj", "{34C9A239-40A2-4E94-99E0-0E7443700254}"
EndProject
Project("{6989167D-11E4-40FE-8C1A-2192A86A7E90}") = "SD_find_sds_by_name", "SD_find_sds_by_name.vfproj", "{D6CED5F5-7F4B-4311-BA7A-09A0C88FA1AC}"
EndProject
Project("{6989167D-11E4-40FE-8C1A-2192A86A7E90}") = "SD_get_attr", "SD_get_attr.vfproj", "{18BAF45B-B0C3-448C-943C-5523905DADCD}"
EndProject
Project("{6989167D-11E4-40FE-8C1A-2192A86A7E90}") = "SD_get_info", "SD_get_info.vfproj", "{7FC3323E-EEA1-4D17-9892-F24E1084958B}"
EndProject
Project("{6989167D-11E4-40FE-8C1A-2192A86A7E90}") = "SD_mv_sds_to_external", "SD_mv_sds_to_external.vfproj", "{8A278AC6-CB00-47E8-8866-37075015C74C}"
EndProject
Project("{6989167D-11E4-40FE-8C1A-2192A86A7E90}") = "SD_read_from_sds", "SD_read_from_sds.vfproj", "{55FD0E14-63DE-4B19-80D4-6CF8674B23F4}"
EndProject
Project("{6989167D-11E4-40FE-8C1A-2192A86A7E90}") = "SD_read_subsets", "SD_read_subsets.vfproj", "{5C83D22F-4675-467B-B503-059784C783AB}"
EndProject
Project("{6989167D-11E4-40FE-8C1A-2192A86A7E90}") = "SD_set_attr", "SD_set_attr.vfproj", "{EE8C7020-397E-4782-A83A-4C2E3FE916D1}"
EndProject
Project("{6989167D-11E4-40FE-8C1A-2192A86A7E90}") = "SD_set_get_dim_info", "SD_set_get_dim_info.vfproj", "{A8A84CCC-82C7-4810-BDCA-A3C487BD032E}"
EndProject
Project("{6989167D-11E4-40FE-8C1A-2192A86A7E90}") = "SD_unlimited_sds", "SD_unlimited_sds.vfproj", "{CC89EB20-4E71-4968-9F56-27C23389CB85}"
EndProject
Project("{6989167D-11E4-40FE-8C1A-2192A86A7E90}") = "SD_write_slab", "SD_write_slab.vfproj", "{983FB177-06ED-45CF-8084-6AF667C3D0B6}"
EndProject
Project("{6989167D-11E4-40FE-8C1A-2192A86A7E90}") = "SD_write_to_sds", "SD_write_to_sds.vfproj", "{3AA0C8AB-3B24-4142-B4EE-43CFCF09E6FB}"
EndProject
Global
	GlobalSection(SolutionConfigurationPlatforms) = preSolution
		Debug|Win32 = Debug|Win32
		Debug|x64 = Debug|x64
		Release|Win32 = Release|Win32
		Release|x64 = Release|x64
	EndGlobalSection
	GlobalSection(ProjectConfigurationPlatforms) = postSolution
		{F9A92DA4-4FD5-4569-9D98-FB77A5E7B23B}.Debug|Win32.ActiveCfg = Debug|Win32
		{F9A92DA4-4FD5-4569-9D98-FB77A5E7B23B}.Debug|Win32.Build.0 = Debug|Win32
		{F9A92DA4-4FD5-4569-9D98-FB77A5E7B23B}.Debug|x64.ActiveCfg = Debug|x64
		{F9A92DA4-4FD5-4569-9D98-FB77A5E7B23B}.Debug|x64.Build.0 = Debug|x64
		{F9A92DA4-4FD5-4569-9D98-FB77A5E7B23B}.Release|Win32.ActiveCfg = Release|Win32
		{F9A92DA4-4FD5-4569-9D98-FB77A5E7B23B}.Release|Win32.Build.0 = Release|Win32
		{F9A92DA4-4FD5-4569-9D98-FB77A5E7B23B}.Release|x64.ActiveCfg = Release|x64
		{F9A92DA4-4FD5-4569-9D98-FB77A5E7B23B}.Release|x64.Build.0 = Release|x64
		{C5CE5293-CD6A-4B37-8AB0-82827F395C9A}.Debug|Win32.ActiveCfg = Debug|Win32
		{C5CE5293-CD6A-4B37-8AB0-82827F395C9A}.Debug|Win32.Build.0 = Debug|Win32
		{C5CE5293-CD6A-4B37-8AB0-82827F395C9A}.Debug|x64.ActiveCfg = Debug|x64
		{C5CE5293-CD6A-4B37-8AB0-82827F395C9A}.Debug|x64.Build.0 = Debug|x64
		{C5CE5293-CD6A-4B37-8AB0-82827F395C9A}.Release|Win32.ActiveCfg = Release|Win32
		{C5CE5293-CD6A-4B37-8AB0-82827F395C9A}.Release|Win32.Build.0 = Release|Win32
		{C5CE5293-CD6A-4B37-8AB0-82827F395C9A}.Release|x64.ActiveCfg = Release|x64
		{C5CE5293-CD6A-4B37-8AB0-82827F395C9A}.Release|x64.Build.0 = Release|x64
		{AE87DC2E-7F25-40D5-8C43-2E3F0611AF51}.Debug|Win32.ActiveCfg = Debug|Win32
		{AE87DC2E-7F25-40D5-8C43-2E3F0611AF51}.Debug|Win32.Build.0 = Debug|Win32
		{AE87DC2E-7F25-40D5-8C43-2E3F0611AF51}.Debug|x64.ActiveCfg = Debug|x64
		{AE87DC2E-7F25-40D5-8C43-2E3F0611AF51}.Debug|x64.Build.0 = Debug|x64
		{AE87DC2E-7F25-40D5-8C43-2E3F0611AF51}.Release|Win32.ActiveCfg = Release|Win32
		{AE87DC2E-7F25-40D5-8C43-2E3F0611AF51}.Release|Win32.Build.0 = Release|Win32
		{AE87DC2E-7F25-40D5-8C43-2E3F0611AF51}.Release|x64.ActiveCfg = Release|x64
		{AE87DC2E-7F25-40D5-8C43-2E3F0611AF51}.Release|x64.Build.0 = Release|x64
		{81722FEC-EDE5-46A6-8E45-11D40246ED26}.Debug|Win32.ActiveCfg = Debug|Win32
		{81722FEC-EDE5-46A6-8E45-11D40246ED26}.Debug|Win32.Build.0 = Debug|Win32
		{81722FEC-EDE5-46A6-8E45-11D40246ED26}.Debug|x64.ActiveCfg = Debug|x64
		{81722FEC-EDE5-46A6-8E45-11D40246ED26}.Debug|x64.Build.0 = Debug|x64
		{81722FEC-EDE5-46A6-8E45-11D40246ED26}.Release|Win32.ActiveCfg = Release|Win32
		{81722FEC-EDE5-46A6-8E45-11D40246ED26}.Release|Win32.Build.0 = Release|Win32
		{81722FEC-EDE5-46A6-8E45-11D40246ED26}.Release|x64.ActiveCfg = Release|x64
		{81722FEC-EDE5-46A6-8E45-11D40246ED26}.Release|x64.Build.0 = Release|x64
		{484ED7EE-13D2-4B25-AEAB-8711338CC514}.Debug|Win32.ActiveCfg = Debug|Win32
		{484ED7EE-13D2-4B25-AEAB-8711338CC514}.Debug|Win32.Build.0 = Debug|Win32
		{484ED7EE-13D2-4B25-AEAB-8711338CC514}.Debug|x64.ActiveCfg = Debug|x64
		{484ED7EE-13D2-4B25-AEAB-8711338CC514}.Debug|x64.Build.0 = Debug|x64
		{484ED7EE-13D2-4B25-AEAB-8711338CC514}.Release|Win32.ActiveCfg = Release|Win32
		{484ED7EE-13D2-4B25-AEAB-8711338CC514}.Release|Win32.Build.0 = Release|Win32
		{484ED7EE-13D2-4B25-AEAB-8711338CC514}.Release|x64.ActiveCfg = Release|x64
		{484ED7EE-13D2-4B25-AEAB-8711338CC514}.Release|x64.Build.0 = Release|x64
		{34C9A239-40A2-4E94-99E0-0E7443700254}.Debug|Win32.ActiveCfg = Debug|Win32
		{34C9A239-40A2-4E94-99E0-0E7443700254}.Debug|Win32.Build.0 = Debug|Win32
		{34C9A239-40A2-4E94-99E0-0E7443700254}.Debug|x64.ActiveCfg = Debug|x64
		{34C9A239-40A2-4E94-99E0-0E7443700254}.Debug|x64.Build.0 = Debug|x64
		{34C9A239-40A2-4E94-99E0-0E7443700254}.Release|Win32.ActiveCfg = Release|Win32
		{34C9A239-40A2-4E94-99E0-0E7443700254}.Release|Win32.Build.0 = Release|Win32
		{34C9A239-40A2-4E94-99E0-0E7443700254}.Release|x64.ActiveCfg = Release|x64
		{34C9A239-40A2-4E94-99E0-0E7443700254}.Release|x64.Build.0 = Release|x64
		{D6CED5F5-7F4B-4311-BA7A-09A0C88FA1AC}.Debug|Win32.ActiveCfg = Debug|Win32
		{D6CED5F5-7F4B-4311-BA7A-09A0C88FA1AC}.Debug|Win32.Build.0 = Debug|Win32
		{D6CED5F5-7F4B-4311-BA7A-09A0C88FA1AC}.Debug|x64.ActiveCfg = Debug|x64
		{D6CED5F5-7F4B-4311-BA7A-09A0C88FA1AC}.Debug|x64.Build.0 = Debug|x64
		{D6CED5F5-7F4B-4311-BA7A-09A0C88FA1AC}.Release|Win32.ActiveCfg = Release|Win32
		{D6CED5F5-7F4B-4311-BA7A-09A0C88FA1AC}.Release|Win32.Build.0 = Release|Win32
		{D6CED5F5-7F4B-4311-BA7A-09A0C88FA1AC}.Release|x64.ActiveCfg = Release|x64
		{D6CED5F5-7F4B-4311-BA7A-09A0C88FA1AC}.Release|x64.Build.0 = Release|x64
		{18BAF45B-B0C3-448C-943C-5523905DADCD}.Debug|Win32.ActiveCfg = Debug|Win32
		{18BAF45B-B0C3-448C-943C-5523905DADCD}.Debug|Win32.Build.0 = Debug|Win32
		{18BAF45B-B0C3-448C-943C-5523905DADCD}.Debug|x64.ActiveCfg = Debug|x64
		{18BAF45B-B0C3-448C-943C-5523905DADCD}.Debug|x64.Build.0 = Debug|x64
		{18BAF45B-B0C3-448C-943C-5523905DADCD}.Release|Win32.ActiveCfg = Release|Win32
		{18BAF45B-B0C3-448C-943C-5523905DADCD}.Release|Win32.Build.0 = Release|Win32
		{18BAF45B-B0C3-448C-943C-5523905DADCD}.Release|x64.ActiveCfg = Release|x64
		{18BAF45B-B0C3-448C-943C-5523905DADCD}.Release|x64.Build.0 = Release|x64
		{7FC3323E-EEA1-4D17-9892-F24E1084958B}.Debug|Win32.ActiveCfg = Debug|Win32
		{7FC3323E-EEA1-4D17-9892-F24E1084958B}.Debug|Win32.Build.0 = Debug|Win32
		{7FC3323E-EEA1-4D17-9892-F24E1084958B}.Debug|x64.ActiveCfg = Debug|x64
		{7FC3323E-EEA1-4D17-9892-F24E1084958B}.Debug|x64.Build.0 = Debug|x64
		{7FC3323E-EEA1-4D17-9892-F24E1084958B}.Release|Win32.ActiveCfg = Release|Win32
		{7FC3323E-EEA1-4D17-9892-F24E1084958B}.Release|Win32.Build.0 = Release|Win32
		{7FC3323E-EEA1-4D17-9892-F24E1084958B}.Release|x64.ActiveCfg = Release|x64
		{7FC3323E-EEA1-4D17-9892-F24E1084958B}.Release|x64.Build.0 = Release|x64
		{8A278AC6-CB00-47E8-8866-37075015C74C}.Debug|Win32.ActiveCfg = Debug|Win32
		{8A278AC6-CB00-47E8-8866-37075015C74C}.Debug|Win32.Build.0 = Debug|Win32
		{8A278AC6-CB00-47E8-8866-37075015C74C}.Debug|x64.ActiveCfg = Debug|x64
		{8A278AC6-CB00-47E8-8866-37075015C74C}.Debug|x64.Build.0 = Debug|x64
		{8A278AC6-CB00-47E8-8866-37075015C74C}.Release|Win32.ActiveCfg = Release|Win32
		{8A278AC6-CB00-47E8-8866-37075015C74C}.Release|Win32.Build.0 = Release|Win32
		{8A278AC6-CB00-47E8-8866-37075015C74C}.Release|x64.ActiveCfg = Release|x64
		{8A278AC6-CB00-47E8-8866-37075015C74C}.Release|x64.Build.0 = Release|x64
		{55FD0E14-63DE-4B19-80D4-6CF8674B23F4}.Debug|Win32.ActiveCfg = Debug|Win32
		{55FD0E14-63DE-4B19-80D4-6CF8674B23F4}.Debug|Win32.Build.0 = Debug|Win32
		{55FD0E14-63DE-4B19-80D4-6CF8674B23F4}.Debug|x64.ActiveCfg = Debug|x64
		{55FD0E14-63DE-4B19-80D4-6CF8674B23F4}.Debug|x64.Build.0 = Debug|x64
		{55FD0E14-63DE-4B19-80D4-6CF8674B23F4}.Release|Win32.ActiveCfg = Release|Win32
		{55FD0E14-63DE-4B19-80D4-6CF8674B23F4}.Release|Win32.Build.0 = Release|Win32
		{55FD0E14-63DE-4B19-80D4-6CF8674B23F4}.Release|x64.ActiveCfg = Release|x64
		{55FD0E14-63DE-4B19-80D4-6CF8674B23F4}.Release|x64.Build.0 = Release|x64
		{5C83D22F-4675-467B-B503-059784C783AB}.Debug|Win32.ActiveCfg = Debug|Win32
		{5C83D22F-4675-467B-B503-059784C783AB}.Debug|Win32.Build.0 = Debug|Win32
		{5C83D22F-4675-467B-B503-059784C783AB}.Debug|x64.ActiveCfg = Debug|x64
		{5C83D22F-4675-467B-B503-059784C783AB}.Debug|x64.Build.0 = Debug|x64
		{5C83D22F-4675-467B-B503-059784C783AB}.Release|Win32.ActiveCfg = Release|Win32
		{5C83D22F-4675-467B-B503-059784C783AB}.Release|Win32.Build.0 = Release|Win32
		{5C83D22F-4675-467B-B503-059784C783AB}.Release|x64.ActiveCfg = Release|x64
		{5C83D22F-4675-467B-B503-059784C783AB}.Release|x64.Build.0 = Release|x64
		{EE8C7020-397E-4782-A83A-4C2E3FE916D1}.Debug|Win32.ActiveCfg = Debug|Win32
		{EE8C7020-397E-4782-A83A-4C2E3FE916D1}.Debug|Win32.Build.0 = Debug|Win32
		{EE8C7020-397E-4782-A83A-4C2E3FE916D1}.Debug|x64.ActiveCfg = Debug|x64
		{EE8C7020-397E-4782-A83A-4C2E3FE916D1}.Debug|x64.Build.0 = Debug|x64
		{EE8C7020-397E-4782-A83A-4C2E3FE916D1}.Release|Win32.ActiveCfg = Release|Win32
		{EE8C7020-397E-4782-A83A-4C2E3FE916D1}.Release|Win32.Build.0 = Release|Win32
		{EE8C7020-397E-4782-A83A-4C2E3FE916D1}.Release|x64.ActiveCfg = Release|x64
		{EE8C7020-397E-4782-A83A-4C2E3FE916D1}.Release|x64.Build.0 = Release|x64
		{A8A84CCC-82C7-4810-BDCA-A3C487BD032E}.Debug|Win32.ActiveCfg = Debug|Win32
		{A8A84CCC-82C7-4810-BDCA-A3C487BD032E}.Debug|Win32.Build.0 = Debug|Win32
		{A8A84CCC-82C7-4810-BDCA-A3C487BD032E}.Debug|x64.ActiveCfg = Debug|x64
		{A8A84CCC-82C7-4810-BDCA-A3C487BD032E}.Debug|x64.Build.0 = Debug|x64
		{A8A84CCC-82C7-4810-BDCA-A3C487BD032E}.Release|Win32.ActiveCfg = Release|Win32
		{A8A84CCC-82C7-4810-BDCA-A3C487BD032E}.Release|Win32.Build.0 = Release|Win32
		{A8A84CCC-82C7-4810-BDCA-A3C487BD032E}.Release|x64.ActiveCfg = Release|x64
		{A8A84CCC-82C7-4810-BDCA-A3C487BD032E}.Release|x64.Build.0 = Release|x64
		{CC89EB20-4E71-4968-9F56-27C23389CB85}.Debug|Win32.ActiveCfg = Debug|Win32
		{CC89EB20-4E71-4968-9F56-27C23389CB85}.Debug|Win32.Build.0 = Debug|Win32
		{CC89EB20-4E71-4968-9F56-27C23389CB85}.Debug|x64.ActiveCfg = Debug|x64
		{CC89EB20-4E71-4968-9F56-27C23389CB85}.Debug|x64.Build.0 = Debug|x64
		{CC89EB20-4E71-4968-9F56-27C23389CB85}.Release|Win32.ActiveCfg = Release|Win32
		{CC89EB20-4E71-4968-9F56-27C23389CB85}.Release|Win32.Build.0 = Release|Win32
		{CC89EB20-4E71-4968-9F56-27C23389CB85}.Release|x64.ActiveCfg = Release|x64
		{CC89EB20-4E71-4968-9F56-27C23389CB85}.Release|x64.Build.0 = Release|x64
		{983FB177-06ED-45CF-8084-6AF667C3D0B6}.Debug|Win32.ActiveCfg = Debug|Win32
		{983FB177-06ED-45CF-8084-6AF667C3D0B6}.Debug|Win32.Build.0 = Debug|Win32
		{983FB177-06ED-45CF-8084-6AF667C3D0B6}.Debug|x64.ActiveCfg = Debug|x64
		{983FB177-06ED-45CF-8084-6AF667C3D0B6}.Debug|x64.Build.0 = Debug|x64
		{983FB177-06ED-45CF-8084-6AF667C3D0B6}.Release|Win32.ActiveCfg = Release|Win32
		{983FB177-06ED-45CF-8084-6AF667C3D0B6}.Release|Win32.Build.0 = Release|Win32
		{983FB177-06ED-45CF-8084-6AF667C3D0B6}.Release|x64.ActiveCfg = Release|x64
		{983FB177-06ED-45CF-8084-6AF667C3D0B6}.Release|x64.Build.0 = Release|x64
		{3AA0C8AB-3B24-4142-B4EE-43CFCF09E6FB}.Debug|Win32.ActiveCfg = Debug|Win32
		{3AA0C8AB-3B24-4142-B4EE-43CFCF09E6FB}.Debug|Win32.Build.0 = Debug|Win32
		{3AA0C8AB-3B24-4142-B4EE-43CFCF09E6FB}.Debug|x64.ActiveCfg = Debug|x64
		{3AA0C8AB-3B24-4142-B4EE-43CFCF09E6FB}.Debug|x64.Build.0 = Debug|x64
		{3AA0C8AB-3B24-4142-B4EE-43CFCF09E6FB}.Release|Win32.ActiveCfg = Release|Win32
		{3AA0C8AB-3B24-4142-B4EE-43CFCF09E6FB}.Release|Win32.Build.0 = Release|Win32
		{3AA0C8AB-3B24-4142-B4EE-43CFCF09E6FB}.Release|x64.ActiveCfg = Release|x64
		{3AA0C8AB-3B24-4142-B4EE-43CFCF09E6FB}.Release|x64.Build.0 = Release|x64
	EndGlobalSection
	GlobalSection(SolutionProperties) = preSolution
		HideSolutionNode = FALSE
	EndGlobalSection
EndGlobal
