Microsoft Visual Studio Solution File, Format Version 9.00
# Visual Studio 2005
Project("{8BC9CEB8-8B4A-11D0-8D11-00A0C91BC942}") = "allcexamples", "allcexamples.vcproj", "{A3A54D15-F560-4E37-8AD4-CA01BE694919}"
	ProjectSection(ProjectDependencies) = postProject
		{5D9A9B88-562B-445C-9B94-C72857B490FA} = {5D9A9B88-562B-445C-9B94-C72857B490FA}
		{23CA9AE5-1E8D-4191-85DD-B4AAFC22C66A} = {23CA9AE5-1E8D-4191-85DD-B4AAFC22C66A}
		{B581B392-8D54-4606-8092-DA60A993D094} = {B581B392-8D54-4606-8092-DA60A993D094}
		{A4196E75-8B3B-4391-ACF6-168D6A8BB94F} = {A4196E75-8B3B-4391-ACF6-168D6A8BB94F}
		{A1041BF3-836D-4A1F-8268-7C34841A5BE1} = {A1041BF3-836D-4A1F-8268-7C34841A5BE1}
		{344C5F7D-59A0-492E-B929-C818AC792D6E} = {344C5F7D-59A0-492E-B929-C818AC792D6E}
		{21E24F4F-AA61-471C-B90C-BB4545E89508} = {21E24F4F-AA61-471C-B90C-BB4545E89508}
		{4F3326D5-2E43-4132-92A5-055351776F3D} = {4F3326D5-2E43-4132-92A5-055351776F3D}
		{FB7C9BD7-14C4-41AF-A1E5-9CF03C935725} = {FB7C9BD7-14C4-41AF-A1E5-9CF03C935725}
		{2BD44168-9D3D-4E57-AB70-D0ED9FD36FAA} = {2BD44168-9D3D-4E57-AB70-D0ED9FD36FAA}
	EndProjectSection
EndProject
Project("{8BC9CEB8-8B4A-11D0-8D11-00A0C91BC942}") = "GR_read_image", "GR_read_image.vcproj", "{5D9A9B88-562B-445C-9B94-C72857B490FA}"
EndProject
Project("{8BC9CEB8-8B4A-11D0-8D11-00A0C91BC942}") = "GR_read_palette", "GR_read_palette.vcproj", "{FB7C9BD7-14C4-41AF-A1E5-9CF03C935725}"
EndProject
Project("{8BC9CEB8-8B4A-11D0-8D11-00A0C91BC942}") = "GR_set_attribute", "GR_set_attribute.vcproj", "{4F3326D5-2E43-4132-92A5-055351776F3D}"
EndProject
Project("{8BC9CEB8-8B4A-11D0-8D11-00A0C91BC942}") = "AN_create_annotation", "AN_create_annotation.vcproj", "{21E24F4F-AA61-471C-B90C-BB4545E89508}"
EndProject
Project("{8BC9CEB8-8B4A-11D0-8D11-00A0C91BC942}") = "AN_get_annotation_info", "AN_get_annotation_info.vcproj", "{344C5F7D-59A0-492E-B929-C818AC792D6E}"
EndProject
Project("{8BC9CEB8-8B4A-11D0-8D11-00A0C91BC942}") = "AN_read_annotation", "AN_read_annotation.vcproj", "{2BD44168-9D3D-4E57-AB70-D0ED9FD36FAA}"
EndProject
Project("{8BC9CEB8-8B4A-11D0-8D11-00A0C91BC942}") = "GR_create_and_write_image", "GR_create_and_write_image.vcproj", "{A1041BF3-836D-4A1F-8268-7C34841A5BE1}"
EndProject
Project("{8BC9CEB8-8B4A-11D0-8D11-00A0C91BC942}") = "GR_get_attribute", "GR_get_attribute.vcproj", "{A4196E75-8B3B-4391-ACF6-168D6A8BB94F}"
EndProject
Project("{8BC9CEB8-8B4A-11D0-8D11-00A0C91BC942}") = "GR_image_info", "GR_image_info.vcproj", "{B581B392-8D54-4606-8092-DA60A993D094}"
EndProject
Project("{8BC9CEB8-8B4A-11D0-8D11-00A0C91BC942}") = "GR_modify_image", "GR_modify_image.vcproj", "{23CA9AE5-1E8D-4191-85DD-B4AAFC22C66A}"
EndProject
Project("{8BC9CEB8-8B4A-11D0-8D11-00A0C91BC942}") = "GR_write_palette", "GR_write_palette.vcproj", "{EFB0D81D-5D27-46B6-96B9-E1EDD8DB45C3}"
EndProject
Project("{8BC9CEB8-8B4A-11D0-8D11-00A0C91BC942}") = "VD_create_onefield_vdatas", "VD_create_onefield_vdatas.vcproj", "{E83825D1-9381-428E-BA7E-1E3F58C41E10}"
EndProject
Project("{8BC9CEB8-8B4A-11D0-8D11-00A0C91BC942}") = "VD_create_vdatas", "VD_create_vdatas.vcproj", "{7A4BA7F2-2C71-4B0C-9191-F3C22D3869E0}"
EndProject
Project("{8BC9CEB8-8B4A-11D0-8D11-00A0C91BC942}") = "VD_get_vdata_info", "VD_get_vdata_info.vcproj", "{A2F3C3B5-C8D3-4375-B730-147B1FA3ED42}"
EndProject
Project("{8BC9CEB8-8B4A-11D0-8D11-00A0C91BC942}") = "VD_locate_vdata", "VD_locate_vdata.vcproj", "{EFEC1445-B42E-4FBB-81EF-BEADD61D33DD}"
EndProject
Project("{8BC9CEB8-8B4A-11D0-8D11-00A0C91BC942}") = "VD_read_from_vdata", "VD_read_from_vdata.vcproj", "{1A0B0C81-BA1B-4AB5-899E-23950DD92713}"
EndProject
Project("{8BC9CEB8-8B4A-11D0-8D11-00A0C91BC942}") = "VD_read_mixed_vdata", "VD_read_mixed_vdata.vcproj", "{C81859EF-61DA-4917-A72F-5E66D7639792}"
EndProject
Project("{8BC9CEB8-8B4A-11D0-8D11-00A0C91BC942}") = "VD_set_get_vdata_attr", "VD_set_get_vdata_attr.vcproj", "{B0DE2514-6EFD-42C0-A711-6B039F46692C}"
EndProject
Project("{8BC9CEB8-8B4A-11D0-8D11-00A0C91BC942}") = "VD_write_mixed_vdata", "VD_write_mixed_vdata.vcproj", "{583AFC22-FCA4-4CC8-BE63-30B2995132AB}"
EndProject
Project("{8BC9CEB8-8B4A-11D0-8D11-00A0C91BC942}") = "VD_write_mixed_vdata_struct", "VD_write_mixed_vdata_struct.vcproj", "{B2D7072C-0BDA-4AFD-A731-C425BDBB5885}"
EndProject
Project("{8BC9CEB8-8B4A-11D0-8D11-00A0C91BC942}") = "VD_write_to_vdata", "VD_write_to_vdata.vcproj", "{2C7EC03E-18DB-470A-BA38-3DCB880D9EE7}"
EndProject
Project("{8BC9CEB8-8B4A-11D0-8D11-00A0C91BC942}") = "VG_add_sds_to_vgroup", "VG_add_sds_to_vgroup.vcproj", "{48477D82-463B-4A3C-A172-DC2B7C8F9EED}"
EndProject
Project("{8BC9CEB8-8B4A-11D0-8D11-00A0C91BC942}") = "VG_get_vgroup_info", "VG_get_vgroup_info.vcproj", "{572BB047-872E-4A77-9ED6-3CB3B7C6594C}"
EndProject
Project("{8BC9CEB8-8B4A-11D0-8D11-00A0C91BC942}") = "VG_create_vgroup", "VG_create_vgroup.vcproj", "{E944A52B-4ADD-4879-940F-B77D3C4AABDC}"
EndProject
Project("{8BC9CEB8-8B4A-11D0-8D11-00A0C91BC942}") = "VG_insert_vdatas_to_vgroup", "VG_insert_vdatas_to_vgroup.vcproj", "{F42D8D51-2BD9-4900-AFD7-22AF599E881C}"
EndProject
Project("{8BC9CEB8-8B4A-11D0-8D11-00A0C91BC942}") = "VG_set_get_vgroup_attr", "VG_set_get_vgroup_attr.vcproj", "{407F36A1-DA44-4FB0-BE5C-550E5B4ED9A9}"
EndProject
Project("{8BC9CEB8-8B4A-11D0-8D11-00A0C91BC942}") = "VG_vgroup_contents", "VG_vgroup_contents.vcproj", "{3509F429-4E37-48A3-8092-E48361DF867B}"
EndProject
Global
	GlobalSection(SolutionConfigurationPlatforms) = preSolution
		Debug|Win32 = Debug|Win32
		Debug|x64 = Debug|x64
		Release|Win32 = Release|Win32
		Release|x64 = Release|x64
	EndGlobalSection
	GlobalSection(ProjectConfigurationPlatforms) = postSolution
		{A3A54D15-F560-4E37-8AD4-CA01BE694919}.Debug|Win32.ActiveCfg = Debug|Win32
		{A3A54D15-F560-4E37-8AD4-CA01BE694919}.Debug|Win32.Build.0 = Debug|Win32
		{A3A54D15-F560-4E37-8AD4-CA01BE694919}.Debug|x64.ActiveCfg = Debug|x64
		{A3A54D15-F560-4E37-8AD4-CA01BE694919}.Debug|x64.Build.0 = Debug|x64
		{A3A54D15-F560-4E37-8AD4-CA01BE694919}.Release|Win32.ActiveCfg = Release|Win32
		{A3A54D15-F560-4E37-8AD4-CA01BE694919}.Release|Win32.Build.0 = Release|Win32
		{A3A54D15-F560-4E37-8AD4-CA01BE694919}.Release|x64.ActiveCfg = Release|x64
		{A3A54D15-F560-4E37-8AD4-CA01BE694919}.Release|x64.Build.0 = Release|x64
		{5D9A9B88-562B-445C-9B94-C72857B490FA}.Debug|Win32.ActiveCfg = Debug|Win32
		{5D9A9B88-562B-445C-9B94-C72857B490FA}.Debug|Win32.Build.0 = Debug|Win32
		{5D9A9B88-562B-445C-9B94-C72857B490FA}.Debug|x64.ActiveCfg = Debug|x64
		{5D9A9B88-562B-445C-9B94-C72857B490FA}.Debug|x64.Build.0 = Debug|x64
		{5D9A9B88-562B-445C-9B94-C72857B490FA}.Release|Win32.ActiveCfg = Release|Win32
		{5D9A9B88-562B-445C-9B94-C72857B490FA}.Release|Win32.Build.0 = Release|Win32
		{5D9A9B88-562B-445C-9B94-C72857B490FA}.Release|x64.ActiveCfg = Release|x64
		{5D9A9B88-562B-445C-9B94-C72857B490FA}.Release|x64.Build.0 = Release|x64
		{FB7C9BD7-14C4-41AF-A1E5-9CF03C935725}.Debug|Win32.ActiveCfg = Debug|Win32
		{FB7C9BD7-14C4-41AF-A1E5-9CF03C935725}.Debug|Win32.Build.0 = Debug|Win32
		{FB7C9BD7-14C4-41AF-A1E5-9CF03C935725}.Debug|x64.ActiveCfg = Debug|x64
		{FB7C9BD7-14C4-41AF-A1E5-9CF03C935725}.Debug|x64.Build.0 = Debug|x64
		{FB7C9BD7-14C4-41AF-A1E5-9CF03C935725}.Release|Win32.ActiveCfg = Release|Win32
		{FB7C9BD7-14C4-41AF-A1E5-9CF03C935725}.Release|Win32.Build.0 = Release|Win32
		{FB7C9BD7-14C4-41AF-A1E5-9CF03C935725}.Release|x64.ActiveCfg = Release|x64
		{FB7C9BD7-14C4-41AF-A1E5-9CF03C935725}.Release|x64.Build.0 = Release|x64
		{4F3326D5-2E43-4132-92A5-055351776F3D}.Debug|Win32.ActiveCfg = Debug|Win32
		{4F3326D5-2E43-4132-92A5-055351776F3D}.Debug|Win32.Build.0 = Debug|Win32
		{4F3326D5-2E43-4132-92A5-055351776F3D}.Debug|x64.ActiveCfg = Debug|x64
		{4F3326D5-2E43-4132-92A5-055351776F3D}.Debug|x64.Build.0 = Debug|x64
		{4F3326D5-2E43-4132-92A5-055351776F3D}.Release|Win32.ActiveCfg = Release|Win32
		{4F3326D5-2E43-4132-92A5-055351776F3D}.Release|Win32.Build.0 = Release|Win32
		{4F3326D5-2E43-4132-92A5-055351776F3D}.Release|x64.ActiveCfg = Release|x64
		{4F3326D5-2E43-4132-92A5-055351776F3D}.Release|x64.Build.0 = Release|x64
		{21E24F4F-AA61-471C-B90C-BB4545E89508}.Debug|Win32.ActiveCfg = Debug|Win32
		{21E24F4F-AA61-471C-B90C-BB4545E89508}.Debug|Win32.Build.0 = Debug|Win32
		{21E24F4F-AA61-471C-B90C-BB4545E89508}.Debug|x64.ActiveCfg = Debug|x64
		{21E24F4F-AA61-471C-B90C-BB4545E89508}.Debug|x64.Build.0 = Debug|x64
		{21E24F4F-AA61-471C-B90C-BB4545E89508}.Release|Win32.ActiveCfg = Release|Win32
		{21E24F4F-AA61-471C-B90C-BB4545E89508}.Release|Win32.Build.0 = Release|Win32
		{21E24F4F-AA61-471C-B90C-BB4545E89508}.Release|x64.ActiveCfg = Release|x64
		{21E24F4F-AA61-471C-B90C-BB4545E89508}.Release|x64.Build.0 = Release|x64
		{344C5F7D-59A0-492E-B929-C818AC792D6E}.Debug|Win32.ActiveCfg = Debug|Win32
		{344C5F7D-59A0-492E-B929-C818AC792D6E}.Debug|Win32.Build.0 = Debug|Win32
		{344C5F7D-59A0-492E-B929-C818AC792D6E}.Debug|x64.ActiveCfg = Debug|x64
		{344C5F7D-59A0-492E-B929-C818AC792D6E}.Debug|x64.Build.0 = Debug|x64
		{344C5F7D-59A0-492E-B929-C818AC792D6E}.Release|Win32.ActiveCfg = Release|Win32
		{344C5F7D-59A0-492E-B929-C818AC792D6E}.Release|Win32.Build.0 = Release|Win32
		{344C5F7D-59A0-492E-B929-C818AC792D6E}.Release|x64.ActiveCfg = Release|x64
		{344C5F7D-59A0-492E-B929-C818AC792D6E}.Release|x64.Build.0 = Release|x64
		{2BD44168-9D3D-4E57-AB70-D0ED9FD36FAA}.Debug|Win32.ActiveCfg = Debug|Win32
		{2BD44168-9D3D-4E57-AB70-D0ED9FD36FAA}.Debug|Win32.Build.0 = Debug|Win32
		{2BD44168-9D3D-4E57-AB70-D0ED9FD36FAA}.Debug|x64.ActiveCfg = Debug|x64
		{2BD44168-9D3D-4E57-AB70-D0ED9FD36FAA}.Debug|x64.Build.0 = Debug|x64
		{2BD44168-9D3D-4E57-AB70-D0ED9FD36FAA}.Release|Win32.ActiveCfg = Release|Win32
		{2BD44168-9D3D-4E57-AB70-D0ED9FD36FAA}.Release|Win32.Build.0 = Release|Win32
		{2BD44168-9D3D-4E57-AB70-D0ED9FD36FAA}.Release|x64.ActiveCfg = Release|x64
		{2BD44168-9D3D-4E57-AB70-D0ED9FD36FAA}.Release|x64.Build.0 = Release|x64
		{A1041BF3-836D-4A1F-8268-7C34841A5BE1}.Debug|Win32.ActiveCfg = Debug|Win32
		{A1041BF3-836D-4A1F-8268-7C34841A5BE1}.Debug|Win32.Build.0 = Debug|Win32
		{A1041BF3-836D-4A1F-8268-7C34841A5BE1}.Debug|x64.ActiveCfg = Debug|x64
		{A1041BF3-836D-4A1F-8268-7C34841A5BE1}.Debug|x64.Build.0 = Debug|x64
		{A1041BF3-836D-4A1F-8268-7C34841A5BE1}.Release|Win32.ActiveCfg = Release|Win32
		{A1041BF3-836D-4A1F-8268-7C34841A5BE1}.Release|Win32.Build.0 = Release|Win32
		{A1041BF3-836D-4A1F-8268-7C34841A5BE1}.Release|x64.ActiveCfg = Release|x64
		{A1041BF3-836D-4A1F-8268-7C34841A5BE1}.Release|x64.Build.0 = Release|x64
		{A4196E75-8B3B-4391-ACF6-168D6A8BB94F}.Debug|Win32.ActiveCfg = Debug|Win32
		{A4196E75-8B3B-4391-ACF6-168D6A8BB94F}.Debug|Win32.Build.0 = Debug|Win32
		{A4196E75-8B3B-4391-ACF6-168D6A8BB94F}.Debug|x64.ActiveCfg = Debug|x64
		{A4196E75-8B3B-4391-ACF6-168D6A8BB94F}.Debug|x64.Build.0 = Debug|x64
		{A4196E75-8B3B-4391-ACF6-168D6A8BB94F}.Release|Win32.ActiveCfg = Release|Win32
		{A4196E75-8B3B-4391-ACF6-168D6A8BB94F}.Release|Win32.Build.0 = Release|Win32
		{A4196E75-8B3B-4391-ACF6-168D6A8BB94F}.Release|x64.ActiveCfg = Release|x64
		{A4196E75-8B3B-4391-ACF6-168D6A8BB94F}.Release|x64.Build.0 = Release|x64
		{B581B392-8D54-4606-8092-DA60A993D094}.Debug|Win32.ActiveCfg = Debug|Win32
		{B581B392-8D54-4606-8092-DA60A993D094}.Debug|Win32.Build.0 = Debug|Win32
		{B581B392-8D54-4606-8092-DA60A993D094}.Debug|x64.ActiveCfg = Debug|x64
		{B581B392-8D54-4606-8092-DA60A993D094}.Debug|x64.Build.0 = Debug|x64
		{B581B392-8D54-4606-8092-DA60A993D094}.Release|Win32.ActiveCfg = Release|Win32
		{B581B392-8D54-4606-8092-DA60A993D094}.Release|Win32.Build.0 = Release|Win32
		{B581B392-8D54-4606-8092-DA60A993D094}.Release|x64.ActiveCfg = Release|x64
		{B581B392-8D54-4606-8092-DA60A993D094}.Release|x64.Build.0 = Release|x64
		{23CA9AE5-1E8D-4191-85DD-B4AAFC22C66A}.Debug|Win32.ActiveCfg = Debug|Win32
		{23CA9AE5-1E8D-4191-85DD-B4AAFC22C66A}.Debug|Win32.Build.0 = Debug|Win32
		{23CA9AE5-1E8D-4191-85DD-B4AAFC22C66A}.Debug|x64.ActiveCfg = Debug|x64
		{23CA9AE5-1E8D-4191-85DD-B4AAFC22C66A}.Debug|x64.Build.0 = Debug|x64
		{23CA9AE5-1E8D-4191-85DD-B4AAFC22C66A}.Release|Win32.ActiveCfg = Release|Win32
		{23CA9AE5-1E8D-4191-85DD-B4AAFC22C66A}.Release|Win32.Build.0 = Release|Win32
		{23CA9AE5-1E8D-4191-85DD-B4AAFC22C66A}.Release|x64.ActiveCfg = Release|x64
		{23CA9AE5-1E8D-4191-85DD-B4AAFC22C66A}.Release|x64.Build.0 = Release|x64
		{EFB0D81D-5D27-46B6-96B9-E1EDD8DB45C3}.Debug|Win32.ActiveCfg = Debug|Win32
		{EFB0D81D-5D27-46B6-96B9-E1EDD8DB45C3}.Debug|Win32.Build.0 = Debug|Win32
		{EFB0D81D-5D27-46B6-96B9-E1EDD8DB45C3}.Debug|x64.ActiveCfg = Debug|x64
		{EFB0D81D-5D27-46B6-96B9-E1EDD8DB45C3}.Debug|x64.Build.0 = Debug|x64
		{EFB0D81D-5D27-46B6-96B9-E1EDD8DB45C3}.Release|Win32.ActiveCfg = Release|Win32
		{EFB0D81D-5D27-46B6-96B9-E1EDD8DB45C3}.Release|Win32.Build.0 = Release|Win32
		{EFB0D81D-5D27-46B6-96B9-E1EDD8DB45C3}.Release|x64.ActiveCfg = Release|x64
		{EFB0D81D-5D27-46B6-96B9-E1EDD8DB45C3}.Release|x64.Build.0 = Release|x64
		{E83825D1-9381-428E-BA7E-1E3F58C41E10}.Debug|Win32.ActiveCfg = Debug|Win32
		{E83825D1-9381-428E-BA7E-1E3F58C41E10}.Debug|Win32.Build.0 = Debug|Win32
		{E83825D1-9381-428E-BA7E-1E3F58C41E10}.Debug|x64.ActiveCfg = Debug|x64
		{E83825D1-9381-428E-BA7E-1E3F58C41E10}.Debug|x64.Build.0 = Debug|x64
		{E83825D1-9381-428E-BA7E-1E3F58C41E10}.Release|Win32.ActiveCfg = Release|Win32
		{E83825D1-9381-428E-BA7E-1E3F58C41E10}.Release|Win32.Build.0 = Release|Win32
		{E83825D1-9381-428E-BA7E-1E3F58C41E10}.Release|x64.ActiveCfg = Release|x64
		{E83825D1-9381-428E-BA7E-1E3F58C41E10}.Release|x64.Build.0 = Release|x64
		{7A4BA7F2-2C71-4B0C-9191-F3C22D3869E0}.Debug|Win32.ActiveCfg = Debug|Win32
		{7A4BA7F2-2C71-4B0C-9191-F3C22D3869E0}.Debug|Win32.Build.0 = Debug|Win32
		{7A4BA7F2-2C71-4B0C-9191-F3C22D3869E0}.Debug|x64.ActiveCfg = Debug|x64
		{7A4BA7F2-2C71-4B0C-9191-F3C22D3869E0}.Debug|x64.Build.0 = Debug|x64
		{7A4BA7F2-2C71-4B0C-9191-F3C22D3869E0}.Release|Win32.ActiveCfg = Release|Win32
		{7A4BA7F2-2C71-4B0C-9191-F3C22D3869E0}.Release|Win32.Build.0 = Release|Win32
		{7A4BA7F2-2C71-4B0C-9191-F3C22D3869E0}.Release|x64.ActiveCfg = Release|x64
		{7A4BA7F2-2C71-4B0C-9191-F3C22D3869E0}.Release|x64.Build.0 = Release|x64
		{A2F3C3B5-C8D3-4375-B730-147B1FA3ED42}.Debug|Win32.ActiveCfg = Debug|Win32
		{A2F3C3B5-C8D3-4375-B730-147B1FA3ED42}.Debug|Win32.Build.0 = Debug|Win32
		{A2F3C3B5-C8D3-4375-B730-147B1FA3ED42}.Debug|x64.ActiveCfg = Debug|x64
		{A2F3C3B5-C8D3-4375-B730-147B1FA3ED42}.Debug|x64.Build.0 = Debug|x64
		{A2F3C3B5-C8D3-4375-B730-147B1FA3ED42}.Release|Win32.ActiveCfg = Release|Win32
		{A2F3C3B5-C8D3-4375-B730-147B1FA3ED42}.Release|Win32.Build.0 = Release|Win32
		{A2F3C3B5-C8D3-4375-B730-147B1FA3ED42}.Release|x64.ActiveCfg = Release|x64
		{A2F3C3B5-C8D3-4375-B730-147B1FA3ED42}.Release|x64.Build.0 = Release|x64
		{EFEC1445-B42E-4FBB-81EF-BEADD61D33DD}.Debug|Win32.ActiveCfg = Debug|Win32
		{EFEC1445-B42E-4FBB-81EF-BEADD61D33DD}.Debug|Win32.Build.0 = Debug|Win32
		{EFEC1445-B42E-4FBB-81EF-BEADD61D33DD}.Debug|x64.ActiveCfg = Debug|x64
		{EFEC1445-B42E-4FBB-81EF-BEADD61D33DD}.Debug|x64.Build.0 = Debug|x64
		{EFEC1445-B42E-4FBB-81EF-BEADD61D33DD}.Release|Win32.ActiveCfg = Release|Win32
		{EFEC1445-B42E-4FBB-81EF-BEADD61D33DD}.Release|Win32.Build.0 = Release|Win32
		{EFEC1445-B42E-4FBB-81EF-BEADD61D33DD}.Release|x64.ActiveCfg = Release|x64
		{EFEC1445-B42E-4FBB-81EF-BEADD61D33DD}.Release|x64.Build.0 = Release|x64
		{1A0B0C81-BA1B-4AB5-899E-23950DD92713}.Debug|Win32.ActiveCfg = Debug|Win32
		{1A0B0C81-BA1B-4AB5-899E-23950DD92713}.Debug|Win32.Build.0 = Debug|Win32
		{1A0B0C81-BA1B-4AB5-899E-23950DD92713}.Debug|x64.ActiveCfg = Debug|x64
		{1A0B0C81-BA1B-4AB5-899E-23950DD92713}.Debug|x64.Build.0 = Debug|x64
		{1A0B0C81-BA1B-4AB5-899E-23950DD92713}.Release|Win32.ActiveCfg = Release|Win32
		{1A0B0C81-BA1B-4AB5-899E-23950DD92713}.Release|Win32.Build.0 = Release|Win32
		{1A0B0C81-BA1B-4AB5-899E-23950DD92713}.Release|x64.ActiveCfg = Release|x64
		{1A0B0C81-BA1B-4AB5-899E-23950DD92713}.Release|x64.Build.0 = Release|x64
		{C81859EF-61DA-4917-A72F-5E66D7639792}.Debug|Win32.ActiveCfg = Debug|Win32
		{C81859EF-61DA-4917-A72F-5E66D7639792}.Debug|Win32.Build.0 = Debug|Win32
		{C81859EF-61DA-4917-A72F-5E66D7639792}.Debug|x64.ActiveCfg = Debug|x64
		{C81859EF-61DA-4917-A72F-5E66D7639792}.Debug|x64.Build.0 = Debug|x64
		{C81859EF-61DA-4917-A72F-5E66D7639792}.Release|Win32.ActiveCfg = Release|Win32
		{C81859EF-61DA-4917-A72F-5E66D7639792}.Release|Win32.Build.0 = Release|Win32
		{C81859EF-61DA-4917-A72F-5E66D7639792}.Release|x64.ActiveCfg = Release|x64
		{C81859EF-61DA-4917-A72F-5E66D7639792}.Release|x64.Build.0 = Release|x64
		{B0DE2514-6EFD-42C0-A711-6B039F46692C}.Debug|Win32.ActiveCfg = Debug|Win32
		{B0DE2514-6EFD-42C0-A711-6B039F46692C}.Debug|Win32.Build.0 = Debug|Win32
		{B0DE2514-6EFD-42C0-A711-6B039F46692C}.Debug|x64.ActiveCfg = Debug|x64
		{B0DE2514-6EFD-42C0-A711-6B039F46692C}.Debug|x64.Build.0 = Debug|x64
		{B0DE2514-6EFD-42C0-A711-6B039F46692C}.Release|Win32.ActiveCfg = Release|Win32
		{B0DE2514-6EFD-42C0-A711-6B039F46692C}.Release|Win32.Build.0 = Release|Win32
		{B0DE2514-6EFD-42C0-A711-6B039F46692C}.Release|x64.ActiveCfg = Release|x64
		{B0DE2514-6EFD-42C0-A711-6B039F46692C}.Release|x64.Build.0 = Release|x64
		{583AFC22-FCA4-4CC8-BE63-30B2995132AB}.Debug|Win32.ActiveCfg = Debug|Win32
		{583AFC22-FCA4-4CC8-BE63-30B2995132AB}.Debug|Win32.Build.0 = Debug|Win32
		{583AFC22-FCA4-4CC8-BE63-30B2995132AB}.Debug|x64.ActiveCfg = Debug|x64
		{583AFC22-FCA4-4CC8-BE63-30B2995132AB}.Debug|x64.Build.0 = Debug|x64
		{583AFC22-FCA4-4CC8-BE63-30B2995132AB}.Release|Win32.ActiveCfg = Release|Win32
		{583AFC22-FCA4-4CC8-BE63-30B2995132AB}.Release|Win32.Build.0 = Release|Win32
		{583AFC22-FCA4-4CC8-BE63-30B2995132AB}.Release|x64.ActiveCfg = Release|x64
		{583AFC22-FCA4-4CC8-BE63-30B2995132AB}.Release|x64.Build.0 = Release|x64
		{B2D7072C-0BDA-4AFD-A731-C425BDBB5885}.Debug|Win32.ActiveCfg = Debug|Win32
		{B2D7072C-0BDA-4AFD-A731-C425BDBB5885}.Debug|Win32.Build.0 = Debug|Win32
		{B2D7072C-0BDA-4AFD-A731-C425BDBB5885}.Debug|x64.ActiveCfg = Debug|x64
		{B2D7072C-0BDA-4AFD-A731-C425BDBB5885}.Debug|x64.Build.0 = Debug|x64
		{B2D7072C-0BDA-4AFD-A731-C425BDBB5885}.Release|Win32.ActiveCfg = Release|Win32
		{B2D7072C-0BDA-4AFD-A731-C425BDBB5885}.Release|Win32.Build.0 = Release|Win32
		{B2D7072C-0BDA-4AFD-A731-C425BDBB5885}.Release|x64.ActiveCfg = Release|x64
		{B2D7072C-0BDA-4AFD-A731-C425BDBB5885}.Release|x64.Build.0 = Release|x64
		{2C7EC03E-18DB-470A-BA38-3DCB880D9EE7}.Debug|Win32.ActiveCfg = Debug|Win32
		{2C7EC03E-18DB-470A-BA38-3DCB880D9EE7}.Debug|Win32.Build.0 = Debug|Win32
		{2C7EC03E-18DB-470A-BA38-3DCB880D9EE7}.Debug|x64.ActiveCfg = Debug|x64
		{2C7EC03E-18DB-470A-BA38-3DCB880D9EE7}.Debug|x64.Build.0 = Debug|x64
		{2C7EC03E-18DB-470A-BA38-3DCB880D9EE7}.Release|Win32.ActiveCfg = Release|Win32
		{2C7EC03E-18DB-470A-BA38-3DCB880D9EE7}.Release|Win32.Build.0 = Release|Win32
		{2C7EC03E-18DB-470A-BA38-3DCB880D9EE7}.Release|x64.ActiveCfg = Release|x64
		{2C7EC03E-18DB-470A-BA38-3DCB880D9EE7}.Release|x64.Build.0 = Release|x64
		{48477D82-463B-4A3C-A172-DC2B7C8F9EED}.Debug|Win32.ActiveCfg = Debug|Win32
		{48477D82-463B-4A3C-A172-DC2B7C8F9EED}.Debug|Win32.Build.0 = Debug|Win32
		{48477D82-463B-4A3C-A172-DC2B7C8F9EED}.Debug|x64.ActiveCfg = Debug|x64
		{48477D82-463B-4A3C-A172-DC2B7C8F9EED}.Debug|x64.Build.0 = Debug|x64
		{48477D82-463B-4A3C-A172-DC2B7C8F9EED}.Release|Win32.ActiveCfg = Release|Win32
		{48477D82-463B-4A3C-A172-DC2B7C8F9EED}.Release|Win32.Build.0 = Release|Win32
		{48477D82-463B-4A3C-A172-DC2B7C8F9EED}.Release|x64.ActiveCfg = Release|x64
		{48477D82-463B-4A3C-A172-DC2B7C8F9EED}.Release|x64.Build.0 = Release|x64
		{572BB047-872E-4A77-9ED6-3CB3B7C6594C}.Debug|Win32.ActiveCfg = Debug|Win32
		{572BB047-872E-4A77-9ED6-3CB3B7C6594C}.Debug|Win32.Build.0 = Debug|Win32
		{572BB047-872E-4A77-9ED6-3CB3B7C6594C}.Debug|x64.ActiveCfg = Debug|x64
		{572BB047-872E-4A77-9ED6-3CB3B7C6594C}.Debug|x64.Build.0 = Debug|x64
		{572BB047-872E-4A77-9ED6-3CB3B7C6594C}.Release|Win32.ActiveCfg = Release|Win32
		{572BB047-872E-4A77-9ED6-3CB3B7C6594C}.Release|Win32.Build.0 = Release|Win32
		{572BB047-872E-4A77-9ED6-3CB3B7C6594C}.Release|x64.ActiveCfg = Release|x64
		{572BB047-872E-4A77-9ED6-3CB3B7C6594C}.Release|x64.Build.0 = Release|x64
		{E944A52B-4ADD-4879-940F-B77D3C4AABDC}.Debug|Win32.ActiveCfg = Debug|Win32
		{E944A52B-4ADD-4879-940F-B77D3C4AABDC}.Debug|Win32.Build.0 = Debug|Win32
		{E944A52B-4ADD-4879-940F-B77D3C4AABDC}.Debug|x64.ActiveCfg = Debug|x64
		{E944A52B-4ADD-4879-940F-B77D3C4AABDC}.Debug|x64.Build.0 = Debug|x64
		{E944A52B-4ADD-4879-940F-B77D3C4AABDC}.Release|Win32.ActiveCfg = Release|Win32
		{E944A52B-4ADD-4879-940F-B77D3C4AABDC}.Release|Win32.Build.0 = Release|Win32
		{E944A52B-4ADD-4879-940F-B77D3C4AABDC}.Release|x64.ActiveCfg = Release|x64
		{E944A52B-4ADD-4879-940F-B77D3C4AABDC}.Release|x64.Build.0 = Release|x64
		{F42D8D51-2BD9-4900-AFD7-22AF599E881C}.Debug|Win32.ActiveCfg = Debug|Win32
		{F42D8D51-2BD9-4900-AFD7-22AF599E881C}.Debug|Win32.Build.0 = Debug|Win32
		{F42D8D51-2BD9-4900-AFD7-22AF599E881C}.Debug|x64.ActiveCfg = Debug|x64
		{F42D8D51-2BD9-4900-AFD7-22AF599E881C}.Debug|x64.Build.0 = Debug|x64
		{F42D8D51-2BD9-4900-AFD7-22AF599E881C}.Release|Win32.ActiveCfg = Release|Win32
		{F42D8D51-2BD9-4900-AFD7-22AF599E881C}.Release|Win32.Build.0 = Release|Win32
		{F42D8D51-2BD9-4900-AFD7-22AF599E881C}.Release|x64.ActiveCfg = Release|x64
		{F42D8D51-2BD9-4900-AFD7-22AF599E881C}.Release|x64.Build.0 = Release|x64
		{407F36A1-DA44-4FB0-BE5C-550E5B4ED9A9}.Debug|Win32.ActiveCfg = Debug|Win32
		{407F36A1-DA44-4FB0-BE5C-550E5B4ED9A9}.Debug|Win32.Build.0 = Debug|Win32
		{407F36A1-DA44-4FB0-BE5C-550E5B4ED9A9}.Debug|x64.ActiveCfg = Debug|x64
		{407F36A1-DA44-4FB0-BE5C-550E5B4ED9A9}.Debug|x64.Build.0 = Debug|x64
		{407F36A1-DA44-4FB0-BE5C-550E5B4ED9A9}.Release|Win32.ActiveCfg = Release|Win32
		{407F36A1-DA44-4FB0-BE5C-550E5B4ED9A9}.Release|Win32.Build.0 = Release|Win32
		{407F36A1-DA44-4FB0-BE5C-550E5B4ED9A9}.Release|x64.ActiveCfg = Release|x64
		{407F36A1-DA44-4FB0-BE5C-550E5B4ED9A9}.Release|x64.Build.0 = Release|x64
		{3509F429-4E37-48A3-8092-E48361DF867B}.Debug|Win32.ActiveCfg = Debug|Win32
		{3509F429-4E37-48A3-8092-E48361DF867B}.Debug|Win32.Build.0 = Debug|Win32
		{3509F429-4E37-48A3-8092-E48361DF867B}.Debug|x64.ActiveCfg = Debug|x64
		{3509F429-4E37-48A3-8092-E48361DF867B}.Debug|x64.Build.0 = Debug|x64
		{3509F429-4E37-48A3-8092-E48361DF867B}.Release|Win32.ActiveCfg = Release|Win32
		{3509F429-4E37-48A3-8092-E48361DF867B}.Release|Win32.Build.0 = Release|Win32
		{3509F429-4E37-48A3-8092-E48361DF867B}.Release|x64.ActiveCfg = Release|x64
		{3509F429-4E37-48A3-8092-E48361DF867B}.Release|x64.Build.0 = Release|x64
	EndGlobalSection
	GlobalSection(SolutionProperties) = preSolution
		HideSolutionNode = FALSE
	EndGlobalSection
EndGlobal
