Microsoft Visual Studio Solution File, Format Version 8.00
Project("{8BC9CEB8-8B4A-11D0-8D11-00A0C91BC942}") = "all", "all.vcproj", "{BA6025DE-5DD6-42DB-B06B-946CF4304297}"
	ProjectSection(ProjectDependencies) = postProject
		{0D007803-DD29-416D-A2AE-D15B2E5E9CC1} = {0D007803-DD29-416D-A2AE-D15B2E5E9CC1}
		{D7669D09-2DDB-422A-9A79-1763E8780CC9} = {D7669D09-2DDB-422A-9A79-1763E8780CC9}
		{4359710C-334F-4D16-A0BC-33F8873F40FC} = {4359710C-334F-4D16-A0BC-33F8873F40FC}
		{269E3013-2A7F-4663-8E2D-06A873EAFC27} = {269E3013-2A7F-4663-8E2D-06A873EAFC27}
		{EBF0191C-99B4-4D12-B9B9-12E762A13017} = {EBF0191C-99B4-4D12-B9B9-12E762A13017}
		{BEF2051D-DE85-46D2-B9BB-E8FE047E7B34} = {BEF2051D-DE85-46D2-B9BB-E8FE047E7B34}
		{32A05524-EB86-4E19-B8C4-3F119874BE0B} = {32A05524-EB86-4E19-B8C4-3F119874BE0B}
		{5EE98925-7DAB-4AEA-B334-C032A734D647} = {5EE98925-7DAB-4AEA-B334-C032A734D647}
		{CA59B625-3FED-4407-97F9-869BB8D8A593} = {CA59B625-3FED-4407-97F9-869BB8D8A593}
		{9F3B3428-A0FC-428B-B97C-4DA5D576F24E} = {9F3B3428-A0FC-428B-B97C-4DA5D576F24E}
		{C91A7530-ED3A-43D8-99B2-B2F4D3076FBD} = {C91A7530-ED3A-43D8-99B2-B2F4D3076FBD}
		{D7266B39-1BEB-4220-B727-7F7ADF424CBE} = {D7266B39-1BEB-4220-B727-7F7ADF424CBE}
		{3028A83F-3ABC-4674-A956-9B98AF08AEFA} = {3028A83F-3ABC-4674-A956-9B98AF08AEFA}
		{C7864542-1182-4EBF-A7D0-824C9B0A850F} = {C7864542-1182-4EBF-A7D0-824C9B0A850F}
		{9C67A947-4C76-4C47-8D8A-90A246BABD2B} = {9C67A947-4C76-4C47-8D8A-90A246BABD2B}
		{698B5A4D-894B-48BE-939F-099DD527E5D8} = {698B5A4D-894B-48BE-939F-099DD527E5D8}
		{44088350-11E2-4BA1-B1ED-4E4CB6AB6ED0} = {44088350-11E2-4BA1-B1ED-4E4CB6AB6ED0}
		{0A7CE45A-2AA2-4132-AC3C-DC1C76DC45CE} = {0A7CE45A-2AA2-4132-AC3C-DC1C76DC45CE}
		{0BCAA368-76C8-4BB7-B218-C4280DC012BD} = {0BCAA368-76C8-4BB7-B218-C4280DC012BD}
		{D67C5C6B-691B-4641-AFF2-BDAF58BC09BA} = {D67C5C6B-691B-4641-AFF2-BDAF58BC09BA}
		{CBA8F66B-8A82-418E-BF8C-578CB2B23559} = {CBA8F66B-8A82-418E-BF8C-578CB2B23559}
		{994F776F-D9AA-4381-BBD6-FA2D1E8F6282} = {994F776F-D9AA-4381-BBD6-FA2D1E8F6282}
		{8EB00279-B030-4D34-BFB1-FA38A4255F67} = {8EB00279-B030-4D34-BFB1-FA38A4255F67}
		{C823B47B-18C4-482E-8C0E-AA61DFEE6EF8} = {C823B47B-18C4-482E-8C0E-AA61DFEE6EF8}
		{A0300D7C-6532-4674-9E2F-9EA33586ADF7} = {A0300D7C-6532-4674-9E2F-9EA33586ADF7}
		{4CE53A83-504B-4CF8-92A3-B4BF8F6B261E} = {4CE53A83-504B-4CF8-92A3-B4BF8F6B261E}
		{D3EF3B88-733D-48FD-BEBE-2770450E2545} = {D3EF3B88-733D-48FD-BEBE-2770450E2545}
		{90EC5B88-5B91-4D88-A88F-87038F070FE5} = {90EC5B88-5B91-4D88-A88F-87038F070FE5}
		{E722778C-6CE7-4F03-9A5B-F0E683ECC129} = {E722778C-6CE7-4F03-9A5B-F0E683ECC129}
		{7E462D9B-872E-42FA-BACA-42BB12C02DB7} = {7E462D9B-872E-42FA-BACA-42BB12C02DB7}
		{5C57279E-B11D-4CA7-9494-64C63BBDF3D7} = {5C57279E-B11D-4CA7-9494-64C63BBDF3D7}
		{287916A4-F339-410D-A703-553B5A69ED82} = {287916A4-F339-410D-A703-553B5A69ED82}
		{900C1FAE-CD74-401B-861E-4AFFBF8F4942} = {900C1FAE-CD74-401B-861E-4AFFBF8F4942}
		{ECFEDDB6-328C-4CB1-8EEC-523E416BBA94} = {ECFEDDB6-328C-4CB1-8EEC-523E416BBA94}
		{20B0D9C4-64AA-43C0-884F-21905CCA56F5} = {20B0D9C4-64AA-43C0-884F-21905CCA56F5}
		{5FA5F2C6-180B-4BB7-8709-1CD74C502E3C} = {5FA5F2C6-180B-4BB7-8709-1CD74C502E3C}
		{B6C745D3-9F5C-42AF-B7AA-B2904AF8678B} = {B6C745D3-9F5C-42AF-B7AA-B2904AF8678B}
		{2FFE2FD7-33B3-4D52-B519-2EBB3229282B} = {2FFE2FD7-33B3-4D52-B519-2EBB3229282B}
		{FEDE40E3-60FA-4902-AD18-B002D0750A53} = {FEDE40E3-60FA-4902-AD18-B002D0750A53}
		{8437D1E3-C5DF-40E0-8E07-3FF36EA83CFF} = {8437D1E3-C5DF-40E0-8E07-3FF36EA83CFF}
		{95F561E8-63EA-4E79-AC54-A22183F462AC} = {95F561E8-63EA-4E79-AC54-A22183F462AC}
		{0EDF9BE9-551A-499C-BE2D-C0FDE645C150} = {0EDF9BE9-551A-499C-BE2D-C0FDE645C150}
		{6B57E1ED-5B7E-494E-A5C7-7D384601B3B4} = {6B57E1ED-5B7E-494E-A5C7-7D384601B3B4}
		{8F6569F0-0659-43B9-B025-B6E2D9778E1A} = {8F6569F0-0659-43B9-B025-B6E2D9778E1A}
		{46CF6CF2-603C-4271-982E-C45916805942} = {46CF6CF2-603C-4271-982E-C45916805942}
		{E62B64FC-4870-45B8-9073-F5D3F219B166} = {E62B64FC-4870-45B8-9073-F5D3F219B166}
	EndProjectSection
EndProject
Project("{8BC9CEB8-8B4A-11D0-8D11-00A0C91BC942}") = "cdftest", "..\mfhdf\libsrc\cdftest.vcproj", "{CBA8F66B-8A82-418E-BF8C-578CB2B23559}"
	ProjectSection(ProjectDependencies) = postProject
		{0BCAA368-76C8-4BB7-B218-C4280DC012BD} = {0BCAA368-76C8-4BB7-B218-C4280DC012BD}
		{E722778C-6CE7-4F03-9A5B-F0E683ECC129} = {E722778C-6CE7-4F03-9A5B-F0E683ECC129}
	EndProjectSection
EndProject
Project("{8BC9CEB8-8B4A-11D0-8D11-00A0C91BC942}") = "ctest0", "..\mfhdf\ncgen\ctest0.vcproj", "{D3EF3B88-733D-48FD-BEBE-2770450E2545}"
	ProjectSection(ProjectDependencies) = postProject
		{0BCAA368-76C8-4BB7-B218-C4280DC012BD} = {0BCAA368-76C8-4BB7-B218-C4280DC012BD}
		{E722778C-6CE7-4F03-9A5B-F0E683ECC129} = {E722778C-6CE7-4F03-9A5B-F0E683ECC129}
		{B6C745D3-9F5C-42AF-B7AA-B2904AF8678B} = {B6C745D3-9F5C-42AF-B7AA-B2904AF8678B}
	EndProjectSection
EndProject
Project("{8BC9CEB8-8B4A-11D0-8D11-00A0C91BC942}") = "dllcdftest", "..\mfhdf\libsrc\dllcdftest.vcproj", "{287916A4-F339-410D-A703-553B5A69ED82}"
	ProjectSection(ProjectDependencies) = postProject
		{D67C5C6B-691B-4641-AFF2-BDAF58BC09BA} = {D67C5C6B-691B-4641-AFF2-BDAF58BC09BA}
		{8EB00279-B030-4D34-BFB1-FA38A4255F67} = {8EB00279-B030-4D34-BFB1-FA38A4255F67}
	EndProjectSection
EndProject
Project("{8BC9CEB8-8B4A-11D0-8D11-00A0C91BC942}") = "dllhdftest", "..\mfhdf\libsrc\dllhdftest.vcproj", "{CA59B625-3FED-4407-97F9-869BB8D8A593}"
	ProjectSection(ProjectDependencies) = postProject
		{D67C5C6B-691B-4641-AFF2-BDAF58BC09BA} = {D67C5C6B-691B-4641-AFF2-BDAF58BC09BA}
		{8EB00279-B030-4D34-BFB1-FA38A4255F67} = {8EB00279-B030-4D34-BFB1-FA38A4255F67}
	EndProjectSection
EndProject
Project("{8BC9CEB8-8B4A-11D0-8D11-00A0C91BC942}") = "dllnctest", "..\mfhdf\nctest\dllnctest.vcproj", "{44088350-11E2-4BA1-B1ED-4E4CB6AB6ED0}"
	ProjectSection(ProjectDependencies) = postProject
		{D67C5C6B-691B-4641-AFF2-BDAF58BC09BA} = {D67C5C6B-691B-4641-AFF2-BDAF58BC09BA}
		{8EB00279-B030-4D34-BFB1-FA38A4255F67} = {8EB00279-B030-4D34-BFB1-FA38A4255F67}
	EndProjectSection
EndProject
Project("{8BC9CEB8-8B4A-11D0-8D11-00A0C91BC942}") = "dlltesthdf", "..\hdf\test\dlltesthdf.vcproj", "{C91A7530-ED3A-43D8-99B2-B2F4D3076FBD}"
	ProjectSection(ProjectDependencies) = postProject
		{D67C5C6B-691B-4641-AFF2-BDAF58BC09BA} = {D67C5C6B-691B-4641-AFF2-BDAF58BC09BA}
		{8EB00279-B030-4D34-BFB1-FA38A4255F67} = {8EB00279-B030-4D34-BFB1-FA38A4255F67}
	EndProjectSection
EndProject
Project("{8BC9CEB8-8B4A-11D0-8D11-00A0C91BC942}") = "dllxdrtest", "..\mfhdf\xdr\dllxdrtest.vcproj", "{9F3B3428-A0FC-428B-B97C-4DA5D576F24E}"
	ProjectSection(ProjectDependencies) = postProject
		{D67C5C6B-691B-4641-AFF2-BDAF58BC09BA} = {D67C5C6B-691B-4641-AFF2-BDAF58BC09BA}
		{8EB00279-B030-4D34-BFB1-FA38A4255F67} = {8EB00279-B030-4D34-BFB1-FA38A4255F67}
		{900C1FAE-CD74-401B-861E-4AFFBF8F4942} = {900C1FAE-CD74-401B-861E-4AFFBF8F4942}
	EndProjectSection
EndProject
Project("{8BC9CEB8-8B4A-11D0-8D11-00A0C91BC942}") = "getopt", "..\mfhdf\util\getopt.vcproj", "{0D007803-DD29-416D-A2AE-D15B2E5E9CC1}"
	ProjectSection(ProjectDependencies) = postProject
	EndProjectSection
EndProject
Project("{8BC9CEB8-8B4A-11D0-8D11-00A0C91BC942}") = "gif2hdf", "..\hdf\util\gif2hdf.vcproj", "{E62B64FC-4870-45B8-9073-F5D3F219B166}"
	ProjectSection(ProjectDependencies) = postProject
		{E722778C-6CE7-4F03-9A5B-F0E683ECC129} = {E722778C-6CE7-4F03-9A5B-F0E683ECC129}
	EndProjectSection
EndProject
Project("{8BC9CEB8-8B4A-11D0-8D11-00A0C91BC942}") = "hdf", "..\hdf\src\hdf.vcproj", "{E722778C-6CE7-4F03-9A5B-F0E683ECC129}"
	ProjectSection(ProjectDependencies) = postProject
	EndProjectSection
EndProject
Project("{8BC9CEB8-8B4A-11D0-8D11-00A0C91BC942}") = "hdf24to8", "..\hdf\util\hdf24to8.vcproj", "{9C67A947-4C76-4C47-8D8A-90A246BABD2B}"
	ProjectSection(ProjectDependencies) = postProject
		{E722778C-6CE7-4F03-9A5B-F0E683ECC129} = {E722778C-6CE7-4F03-9A5B-F0E683ECC129}
	EndProjectSection
EndProject
Project("{8BC9CEB8-8B4A-11D0-8D11-00A0C91BC942}") = "hdf2gif", "..\hdf\util\hdf2gif.vcproj", "{C823B47B-18C4-482E-8C0E-AA61DFEE6EF8}"
	ProjectSection(ProjectDependencies) = postProject
		{E722778C-6CE7-4F03-9A5B-F0E683ECC129} = {E722778C-6CE7-4F03-9A5B-F0E683ECC129}
	EndProjectSection
EndProject
Project("{8BC9CEB8-8B4A-11D0-8D11-00A0C91BC942}") = "hdf2jpeg", "..\hdf\util\hdf2jpeg.vcproj", "{46CF6CF2-603C-4271-982E-C45916805942}"
	ProjectSection(ProjectDependencies) = postProject
		{E722778C-6CE7-4F03-9A5B-F0E683ECC129} = {E722778C-6CE7-4F03-9A5B-F0E683ECC129}
	EndProjectSection
EndProject
Project("{8BC9CEB8-8B4A-11D0-8D11-00A0C91BC942}") = "hdf8to24", "..\hdf\util\hdf8to24.vcproj", "{ECFEDDB6-328C-4CB1-8EEC-523E416BBA94}"
	ProjectSection(ProjectDependencies) = postProject
		{E722778C-6CE7-4F03-9A5B-F0E683ECC129} = {E722778C-6CE7-4F03-9A5B-F0E683ECC129}
	EndProjectSection
EndProject
Project("{8BC9CEB8-8B4A-11D0-8D11-00A0C91BC942}") = "hdf_dll", "..\hdf\src\hdf_dll.vcproj", "{D67C5C6B-691B-4641-AFF2-BDAF58BC09BA}"
	ProjectSection(ProjectDependencies) = postProject
	EndProjectSection
EndProject
Project("{8BC9CEB8-8B4A-11D0-8D11-00A0C91BC942}") = "hdfcomp", "..\hdf\util\hdfcomp.vcproj", "{90EC5B88-5B91-4D88-A88F-87038F070FE5}"
	ProjectSection(ProjectDependencies) = postProject
		{E722778C-6CE7-4F03-9A5B-F0E683ECC129} = {E722778C-6CE7-4F03-9A5B-F0E683ECC129}
	EndProjectSection
EndProject
Project("{8BC9CEB8-8B4A-11D0-8D11-00A0C91BC942}") = "hdfed", "..\hdf\util\hdfed.vcproj", "{BEF2051D-DE85-46D2-B9BB-E8FE047E7B34}"
	ProjectSection(ProjectDependencies) = postProject
		{E722778C-6CE7-4F03-9A5B-F0E683ECC129} = {E722778C-6CE7-4F03-9A5B-F0E683ECC129}
	EndProjectSection
EndProject
Project("{8BC9CEB8-8B4A-11D0-8D11-00A0C91BC942}") = "hdfimport", "..\mfhdf\hdfimport\hdfimport.vcproj", "{5FA5F2C6-180B-4BB7-8709-1CD74C502E3C}"
	ProjectSection(ProjectDependencies) = postProject
		{0BCAA368-76C8-4BB7-B218-C4280DC012BD} = {0BCAA368-76C8-4BB7-B218-C4280DC012BD}
		{E722778C-6CE7-4F03-9A5B-F0E683ECC129} = {E722778C-6CE7-4F03-9A5B-F0E683ECC129}
		{20B0D9C4-64AA-43C0-884F-21905CCA56F5} = {20B0D9C4-64AA-43C0-884F-21905CCA56F5}
	EndProjectSection
EndProject
Project("{8BC9CEB8-8B4A-11D0-8D11-00A0C91BC942}") = "hdfimporttest", "..\mfhdf\hdfimport\hdfimporttest.vcproj", "{20B0D9C4-64AA-43C0-884F-21905CCA56F5}"
	ProjectSection(ProjectDependencies) = postProject
		{E722778C-6CE7-4F03-9A5B-F0E683ECC129} = {E722778C-6CE7-4F03-9A5B-F0E683ECC129}
	EndProjectSection
EndProject
Project("{8BC9CEB8-8B4A-11D0-8D11-00A0C91BC942}") = "hdfls", "..\hdf\util\hdfls.vcproj", "{D7266B39-1BEB-4220-B727-7F7ADF424CBE}"
	ProjectSection(ProjectDependencies) = postProject
		{E722778C-6CE7-4F03-9A5B-F0E683ECC129} = {E722778C-6CE7-4F03-9A5B-F0E683ECC129}
	EndProjectSection
EndProject
Project("{8BC9CEB8-8B4A-11D0-8D11-00A0C91BC942}") = "hdfpack", "..\hdf\util\hdfpack.vcproj", "{4CE53A83-504B-4CF8-92A3-B4BF8F6B261E}"
	ProjectSection(ProjectDependencies) = postProject
		{E722778C-6CE7-4F03-9A5B-F0E683ECC129} = {E722778C-6CE7-4F03-9A5B-F0E683ECC129}
	EndProjectSection
EndProject
Project("{8BC9CEB8-8B4A-11D0-8D11-00A0C91BC942}") = "hdftest", "..\mfhdf\libsrc\hdftest.vcproj", "{EBF0191C-99B4-4D12-B9B9-12E762A13017}"
	ProjectSection(ProjectDependencies) = postProject
		{0BCAA368-76C8-4BB7-B218-C4280DC012BD} = {0BCAA368-76C8-4BB7-B218-C4280DC012BD}
		{E722778C-6CE7-4F03-9A5B-F0E683ECC129} = {E722778C-6CE7-4F03-9A5B-F0E683ECC129}
	EndProjectSection
EndProject
Project("{8BC9CEB8-8B4A-11D0-8D11-00A0C91BC942}") = "hdftopal", "..\hdf\util\hdftopal.vcproj", "{698B5A4D-894B-48BE-939F-099DD527E5D8}"
	ProjectSection(ProjectDependencies) = postProject
		{E722778C-6CE7-4F03-9A5B-F0E683ECC129} = {E722778C-6CE7-4F03-9A5B-F0E683ECC129}
	EndProjectSection
EndProject
Project("{8BC9CEB8-8B4A-11D0-8D11-00A0C91BC942}") = "hdftor8", "..\hdf\util\hdftor8.vcproj", "{A0300D7C-6532-4674-9E2F-9EA33586ADF7}"
	ProjectSection(ProjectDependencies) = postProject
		{E722778C-6CE7-4F03-9A5B-F0E683ECC129} = {E722778C-6CE7-4F03-9A5B-F0E683ECC129}
	EndProjectSection
EndProject
Project("{8BC9CEB8-8B4A-11D0-8D11-00A0C91BC942}") = "hdfunpac", "..\hdf\util\hdfunpac.vcproj", "{C7864542-1182-4EBF-A7D0-824C9B0A850F}"
	ProjectSection(ProjectDependencies) = postProject
		{E722778C-6CE7-4F03-9A5B-F0E683ECC129} = {E722778C-6CE7-4F03-9A5B-F0E683ECC129}
	EndProjectSection
EndProject
Project("{8BC9CEB8-8B4A-11D0-8D11-00A0C91BC942}") = "hdiff", "..\mfhdf\hdiff\hdiff.vcproj", "{D7669D09-2DDB-422A-9A79-1763E8780CC9}"
	ProjectSection(ProjectDependencies) = postProject
		{0D007803-DD29-416D-A2AE-D15B2E5E9CC1} = {0D007803-DD29-416D-A2AE-D15B2E5E9CC1}
		{0BCAA368-76C8-4BB7-B218-C4280DC012BD} = {0BCAA368-76C8-4BB7-B218-C4280DC012BD}
		{E722778C-6CE7-4F03-9A5B-F0E683ECC129} = {E722778C-6CE7-4F03-9A5B-F0E683ECC129}
	EndProjectSection
EndProject
Project("{8BC9CEB8-8B4A-11D0-8D11-00A0C91BC942}") = "hdifftst", "..\mfhdf\hdiff\hdifftst.vcproj", "{7E462D9B-872E-42FA-BACA-42BB12C02DB7}"
	ProjectSection(ProjectDependencies) = postProject
		{0BCAA368-76C8-4BB7-B218-C4280DC012BD} = {0BCAA368-76C8-4BB7-B218-C4280DC012BD}
		{E722778C-6CE7-4F03-9A5B-F0E683ECC129} = {E722778C-6CE7-4F03-9A5B-F0E683ECC129}
	EndProjectSection
EndProject
Project("{8BC9CEB8-8B4A-11D0-8D11-00A0C91BC942}") = "hdp", "..\mfhdf\dumper\hdp.vcproj", "{8437D1E3-C5DF-40E0-8E07-3FF36EA83CFF}"
	ProjectSection(ProjectDependencies) = postProject
		{0BCAA368-76C8-4BB7-B218-C4280DC012BD} = {0BCAA368-76C8-4BB7-B218-C4280DC012BD}
		{E722778C-6CE7-4F03-9A5B-F0E683ECC129} = {E722778C-6CE7-4F03-9A5B-F0E683ECC129}
	EndProjectSection
EndProject
Project("{8BC9CEB8-8B4A-11D0-8D11-00A0C91BC942}") = "hrepack", "..\mfhdf\hrepack\hrepack.vcproj", "{6B57E1ED-5B7E-494E-A5C7-7D384601B3B4}"
	ProjectSection(ProjectDependencies) = postProject
		{0BCAA368-76C8-4BB7-B218-C4280DC012BD} = {0BCAA368-76C8-4BB7-B218-C4280DC012BD}
		{E722778C-6CE7-4F03-9A5B-F0E683ECC129} = {E722778C-6CE7-4F03-9A5B-F0E683ECC129}
	EndProjectSection
EndProject
Project("{8BC9CEB8-8B4A-11D0-8D11-00A0C91BC942}") = "jpeg2hdf", "..\hdf\util\jpeg2hdf.vcproj", "{269E3013-2A7F-4663-8E2D-06A873EAFC27}"
	ProjectSection(ProjectDependencies) = postProject
		{E722778C-6CE7-4F03-9A5B-F0E683ECC129} = {E722778C-6CE7-4F03-9A5B-F0E683ECC129}
	EndProjectSection
EndProject
Project("{8BC9CEB8-8B4A-11D0-8D11-00A0C91BC942}") = "mfhdf", "..\mfhdf\libsrc\mfhdf.vcproj", "{0BCAA368-76C8-4BB7-B218-C4280DC012BD}"
	ProjectSection(ProjectDependencies) = postProject
		{0EDF9BE9-551A-499C-BE2D-C0FDE645C150} = {0EDF9BE9-551A-499C-BE2D-C0FDE645C150}
	EndProjectSection
EndProject
Project("{8BC9CEB8-8B4A-11D0-8D11-00A0C91BC942}") = "mfhdf_dll", "..\mfhdf\libsrc\mfhdf_dll.vcproj", "{8EB00279-B030-4D34-BFB1-FA38A4255F67}"
	ProjectSection(ProjectDependencies) = postProject
		{D67C5C6B-691B-4641-AFF2-BDAF58BC09BA} = {D67C5C6B-691B-4641-AFF2-BDAF58BC09BA}
		{900C1FAE-CD74-401B-861E-4AFFBF8F4942} = {900C1FAE-CD74-401B-861E-4AFFBF8F4942}
	EndProjectSection
EndProject
Project("{8BC9CEB8-8B4A-11D0-8D11-00A0C91BC942}") = "ncdump", "..\mfhdf\ncdump\ncdump.vcproj", "{5C57279E-B11D-4CA7-9494-64C63BBDF3D7}"
	ProjectSection(ProjectDependencies) = postProject
		{0D007803-DD29-416D-A2AE-D15B2E5E9CC1} = {0D007803-DD29-416D-A2AE-D15B2E5E9CC1}
		{0BCAA368-76C8-4BB7-B218-C4280DC012BD} = {0BCAA368-76C8-4BB7-B218-C4280DC012BD}
		{E722778C-6CE7-4F03-9A5B-F0E683ECC129} = {E722778C-6CE7-4F03-9A5B-F0E683ECC129}
	EndProjectSection
EndProject
Project("{8BC9CEB8-8B4A-11D0-8D11-00A0C91BC942}") = "ncgen", "..\mfhdf\ncgen\ncgen.vcproj", "{B6C745D3-9F5C-42AF-B7AA-B2904AF8678B}"
	ProjectSection(ProjectDependencies) = postProject
		{0D007803-DD29-416D-A2AE-D15B2E5E9CC1} = {0D007803-DD29-416D-A2AE-D15B2E5E9CC1}
		{0BCAA368-76C8-4BB7-B218-C4280DC012BD} = {0BCAA368-76C8-4BB7-B218-C4280DC012BD}
		{E722778C-6CE7-4F03-9A5B-F0E683ECC129} = {E722778C-6CE7-4F03-9A5B-F0E683ECC129}
	EndProjectSection
EndProject
Project("{8BC9CEB8-8B4A-11D0-8D11-00A0C91BC942}") = "nctest", "..\mfhdf\nctest\nctest.vcproj", "{8F6569F0-0659-43B9-B025-B6E2D9778E1A}"
	ProjectSection(ProjectDependencies) = postProject
		{0BCAA368-76C8-4BB7-B218-C4280DC012BD} = {0BCAA368-76C8-4BB7-B218-C4280DC012BD}
		{E722778C-6CE7-4F03-9A5B-F0E683ECC129} = {E722778C-6CE7-4F03-9A5B-F0E683ECC129}
	EndProjectSection
EndProject
Project("{8BC9CEB8-8B4A-11D0-8D11-00A0C91BC942}") = "paltohdf", "..\hdf\util\paltohdf.vcproj", "{4359710C-334F-4D16-A0BC-33F8873F40FC}"
	ProjectSection(ProjectDependencies) = postProject
		{E722778C-6CE7-4F03-9A5B-F0E683ECC129} = {E722778C-6CE7-4F03-9A5B-F0E683ECC129}
	EndProjectSection
EndProject
Project("{8BC9CEB8-8B4A-11D0-8D11-00A0C91BC942}") = "r8tohdf", "..\hdf\util\r8tohdf.vcproj", "{FEDE40E3-60FA-4902-AD18-B002D0750A53}"
	ProjectSection(ProjectDependencies) = postProject
		{E722778C-6CE7-4F03-9A5B-F0E683ECC129} = {E722778C-6CE7-4F03-9A5B-F0E683ECC129}
	EndProjectSection
EndProject
Project("{8BC9CEB8-8B4A-11D0-8D11-00A0C91BC942}") = "ristosds", "..\hdf\util\ristosds.vcproj", "{2FFE2FD7-33B3-4D52-B519-2EBB3229282B}"
	ProjectSection(ProjectDependencies) = postProject
		{E722778C-6CE7-4F03-9A5B-F0E683ECC129} = {E722778C-6CE7-4F03-9A5B-F0E683ECC129}
	EndProjectSection
EndProject
Project("{8BC9CEB8-8B4A-11D0-8D11-00A0C91BC942}") = "testhdf", "..\hdf\test\testhdf.vcproj", "{32A05524-EB86-4E19-B8C4-3F119874BE0B}"
	ProjectSection(ProjectDependencies) = postProject
		{E722778C-6CE7-4F03-9A5B-F0E683ECC129} = {E722778C-6CE7-4F03-9A5B-F0E683ECC129}
	EndProjectSection
EndProject
Project("{8BC9CEB8-8B4A-11D0-8D11-00A0C91BC942}") = "vmake", "..\hdf\util\vmake.vcproj", "{5EE98925-7DAB-4AEA-B334-C032A734D647}"
	ProjectSection(ProjectDependencies) = postProject
		{E722778C-6CE7-4F03-9A5B-F0E683ECC129} = {E722778C-6CE7-4F03-9A5B-F0E683ECC129}
	EndProjectSection
EndProject
Project("{8BC9CEB8-8B4A-11D0-8D11-00A0C91BC942}") = "vshow", "..\hdf\util\vshow.vcproj", "{994F776F-D9AA-4381-BBD6-FA2D1E8F6282}"
	ProjectSection(ProjectDependencies) = postProject
		{E722778C-6CE7-4F03-9A5B-F0E683ECC129} = {E722778C-6CE7-4F03-9A5B-F0E683ECC129}
	EndProjectSection
EndProject
Project("{8BC9CEB8-8B4A-11D0-8D11-00A0C91BC942}") = "xdr", "..\mfhdf\xdr\xdr.vcproj", "{0EDF9BE9-551A-499C-BE2D-C0FDE645C150}"
	ProjectSection(ProjectDependencies) = postProject
	EndProjectSection
EndProject
Project("{8BC9CEB8-8B4A-11D0-8D11-00A0C91BC942}") = "xdr_for_dll", "..\mfhdf\xdr\xdr_for_dll.vcproj", "{900C1FAE-CD74-401B-861E-4AFFBF8F4942}"
	ProjectSection(ProjectDependencies) = postProject
	EndProjectSection
EndProject
Project("{8BC9CEB8-8B4A-11D0-8D11-00A0C91BC942}") = "xdrtest", "..\mfhdf\xdr\xdrtest.vcproj", "{95F561E8-63EA-4E79-AC54-A22183F462AC}"
	ProjectSection(ProjectDependencies) = postProject
		{E722778C-6CE7-4F03-9A5B-F0E683ECC129} = {E722778C-6CE7-4F03-9A5B-F0E683ECC129}
		{0EDF9BE9-551A-499C-BE2D-C0FDE645C150} = {0EDF9BE9-551A-499C-BE2D-C0FDE645C150}
	EndProjectSection
EndProject
Project("{8BC9CEB8-8B4A-11D0-8D11-00A0C91BC942}") = "hdfnctest", "..\mfhdf\libsrc\hdfnctest.vcproj", "{0A7CE45A-2AA2-4132-AC3C-DC1C76DC45CE}"
	ProjectSection(ProjectDependencies) = postProject
		{0BCAA368-76C8-4BB7-B218-C4280DC012BD} = {0BCAA368-76C8-4BB7-B218-C4280DC012BD}
		{E722778C-6CE7-4F03-9A5B-F0E683ECC129} = {E722778C-6CE7-4F03-9A5B-F0E683ECC129}
		{0EDF9BE9-551A-499C-BE2D-C0FDE645C150} = {0EDF9BE9-551A-499C-BE2D-C0FDE645C150}
	EndProjectSection
EndProject
Project("{8BC9CEB8-8B4A-11D0-8D11-00A0C91BC942}") = "dllhdfnctest", "..\mfhdf\libsrc\dllhdfnctest.vcproj", "{3028A83F-3ABC-4674-A956-9B98AF08AEFA}"
	ProjectSection(ProjectDependencies) = postProject
		{D67C5C6B-691B-4641-AFF2-BDAF58BC09BA} = {D67C5C6B-691B-4641-AFF2-BDAF58BC09BA}
		{8EB00279-B030-4D34-BFB1-FA38A4255F67} = {8EB00279-B030-4D34-BFB1-FA38A4255F67}
		{900C1FAE-CD74-401B-861E-4AFFBF8F4942} = {900C1FAE-CD74-401B-861E-4AFFBF8F4942}
	EndProjectSection
EndProject
Global
	GlobalSection(SolutionConfiguration) = preSolution
		Debug = Debug
		Release = Release
	EndGlobalSection
	GlobalSection(ProjectDependencies) = postSolution
	EndGlobalSection
	GlobalSection(ProjectConfiguration) = postSolution
		{BA6025DE-5DD6-42DB-B06B-946CF4304297}.Debug.ActiveCfg = Debug|Win32
		{BA6025DE-5DD6-42DB-B06B-946CF4304297}.Debug.Build.0 = Debug|Win32
		{BA6025DE-5DD6-42DB-B06B-946CF4304297}.Release.ActiveCfg = Release|Win32
		{BA6025DE-5DD6-42DB-B06B-946CF4304297}.Release.Build.0 = Release|Win32
		{CBA8F66B-8A82-418E-BF8C-578CB2B23559}.Debug.ActiveCfg = Debug|Win32
		{CBA8F66B-8A82-418E-BF8C-578CB2B23559}.Debug.Build.0 = Debug|Win32
		{CBA8F66B-8A82-418E-BF8C-578CB2B23559}.Release.ActiveCfg = Release|Win32
		{CBA8F66B-8A82-418E-BF8C-578CB2B23559}.Release.Build.0 = Release|Win32
		{D3EF3B88-733D-48FD-BEBE-2770450E2545}.Debug.ActiveCfg = Debug|Win32
		{D3EF3B88-733D-48FD-BEBE-2770450E2545}.Debug.Build.0 = Debug|Win32
		{D3EF3B88-733D-48FD-BEBE-2770450E2545}.Release.ActiveCfg = Release|Win32
		{D3EF3B88-733D-48FD-BEBE-2770450E2545}.Release.Build.0 = Release|Win32
		{287916A4-F339-410D-A703-553B5A69ED82}.Debug.ActiveCfg = Debug|Win32
		{287916A4-F339-410D-A703-553B5A69ED82}.Debug.Build.0 = Debug|Win32
		{287916A4-F339-410D-A703-553B5A69ED82}.Release.ActiveCfg = Release|Win32
		{287916A4-F339-410D-A703-553B5A69ED82}.Release.Build.0 = Release|Win32
		{CA59B625-3FED-4407-97F9-869BB8D8A593}.Debug.ActiveCfg = Debug|Win32
		{CA59B625-3FED-4407-97F9-869BB8D8A593}.Debug.Build.0 = Debug|Win32
		{CA59B625-3FED-4407-97F9-869BB8D8A593}.Release.ActiveCfg = Release|Win32
		{CA59B625-3FED-4407-97F9-869BB8D8A593}.Release.Build.0 = Release|Win32
		{44088350-11E2-4BA1-B1ED-4E4CB6AB6ED0}.Debug.ActiveCfg = Debug|Win32
		{44088350-11E2-4BA1-B1ED-4E4CB6AB6ED0}.Debug.Build.0 = Debug|Win32
		{44088350-11E2-4BA1-B1ED-4E4CB6AB6ED0}.Release.ActiveCfg = Release|Win32
		{44088350-11E2-4BA1-B1ED-4E4CB6AB6ED0}.Release.Build.0 = Release|Win32
		{C91A7530-ED3A-43D8-99B2-B2F4D3076FBD}.Debug.ActiveCfg = Debug|Win32
		{C91A7530-ED3A-43D8-99B2-B2F4D3076FBD}.Debug.Build.0 = Debug|Win32
		{C91A7530-ED3A-43D8-99B2-B2F4D3076FBD}.Release.ActiveCfg = Release|Win32
		{C91A7530-ED3A-43D8-99B2-B2F4D3076FBD}.Release.Build.0 = Release|Win32
		{9F3B3428-A0FC-428B-B97C-4DA5D576F24E}.Debug.ActiveCfg = Debug|Win32
		{9F3B3428-A0FC-428B-B97C-4DA5D576F24E}.Debug.Build.0 = Debug|Win32
		{9F3B3428-A0FC-428B-B97C-4DA5D576F24E}.Release.ActiveCfg = Release|Win32
		{9F3B3428-A0FC-428B-B97C-4DA5D576F24E}.Release.Build.0 = Release|Win32
		{0D007803-DD29-416D-A2AE-D15B2E5E9CC1}.Debug.ActiveCfg = Debug|Win32
		{0D007803-DD29-416D-A2AE-D15B2E5E9CC1}.Debug.Build.0 = Debug|Win32
		{0D007803-DD29-416D-A2AE-D15B2E5E9CC1}.Release.ActiveCfg = Release|Win32
		{0D007803-DD29-416D-A2AE-D15B2E5E9CC1}.Release.Build.0 = Release|Win32
		{E62B64FC-4870-45B8-9073-F5D3F219B166}.Debug.ActiveCfg = Debug|Win32
		{E62B64FC-4870-45B8-9073-F5D3F219B166}.Debug.Build.0 = Debug|Win32
		{E62B64FC-4870-45B8-9073-F5D3F219B166}.Release.ActiveCfg = Release|Win32
		{E62B64FC-4870-45B8-9073-F5D3F219B166}.Release.Build.0 = Release|Win32
		{E722778C-6CE7-4F03-9A5B-F0E683ECC129}.Debug.ActiveCfg = Debug|Win32
		{E722778C-6CE7-4F03-9A5B-F0E683ECC129}.Debug.Build.0 = Debug|Win32
		{E722778C-6CE7-4F03-9A5B-F0E683ECC129}.Release.ActiveCfg = Release|Win32
		{E722778C-6CE7-4F03-9A5B-F0E683ECC129}.Release.Build.0 = Release|Win32
		{9C67A947-4C76-4C47-8D8A-90A246BABD2B}.Debug.ActiveCfg = Debug|Win32
		{9C67A947-4C76-4C47-8D8A-90A246BABD2B}.Debug.Build.0 = Debug|Win32
		{9C67A947-4C76-4C47-8D8A-90A246BABD2B}.Release.ActiveCfg = Release|Win32
		{9C67A947-4C76-4C47-8D8A-90A246BABD2B}.Release.Build.0 = Release|Win32
		{C823B47B-18C4-482E-8C0E-AA61DFEE6EF8}.Debug.ActiveCfg = Debug|Win32
		{C823B47B-18C4-482E-8C0E-AA61DFEE6EF8}.Debug.Build.0 = Debug|Win32
		{C823B47B-18C4-482E-8C0E-AA61DFEE6EF8}.Release.ActiveCfg = Release|Win32
		{C823B47B-18C4-482E-8C0E-AA61DFEE6EF8}.Release.Build.0 = Release|Win32
		{46CF6CF2-603C-4271-982E-C45916805942}.Debug.ActiveCfg = Debug|Win32
		{46CF6CF2-603C-4271-982E-C45916805942}.Debug.Build.0 = Debug|Win32
		{46CF6CF2-603C-4271-982E-C45916805942}.Release.ActiveCfg = Release|Win32
		{46CF6CF2-603C-4271-982E-C45916805942}.Release.Build.0 = Release|Win32
		{ECFEDDB6-328C-4CB1-8EEC-523E416BBA94}.Debug.ActiveCfg = Debug|Win32
		{ECFEDDB6-328C-4CB1-8EEC-523E416BBA94}.Debug.Build.0 = Debug|Win32
		{ECFEDDB6-328C-4CB1-8EEC-523E416BBA94}.Release.ActiveCfg = Release|Win32
		{ECFEDDB6-328C-4CB1-8EEC-523E416BBA94}.Release.Build.0 = Release|Win32
		{D67C5C6B-691B-4641-AFF2-BDAF58BC09BA}.Debug.ActiveCfg = Debug|Win32
		{D67C5C6B-691B-4641-AFF2-BDAF58BC09BA}.Debug.Build.0 = Debug|Win32
		{D67C5C6B-691B-4641-AFF2-BDAF58BC09BA}.Release.ActiveCfg = Release|Win32
		{D67C5C6B-691B-4641-AFF2-BDAF58BC09BA}.Release.Build.0 = Release|Win32
		{90EC5B88-5B91-4D88-A88F-87038F070FE5}.Debug.ActiveCfg = Debug|Win32
		{90EC5B88-5B91-4D88-A88F-87038F070FE5}.Debug.Build.0 = Debug|Win32
		{90EC5B88-5B91-4D88-A88F-87038F070FE5}.Release.ActiveCfg = Release|Win32
		{90EC5B88-5B91-4D88-A88F-87038F070FE5}.Release.Build.0 = Release|Win32
		{BEF2051D-DE85-46D2-B9BB-E8FE047E7B34}.Debug.ActiveCfg = Debug|Win32
		{BEF2051D-DE85-46D2-B9BB-E8FE047E7B34}.Debug.Build.0 = Debug|Win32
		{BEF2051D-DE85-46D2-B9BB-E8FE047E7B34}.Release.ActiveCfg = Release|Win32
		{BEF2051D-DE85-46D2-B9BB-E8FE047E7B34}.Release.Build.0 = Release|Win32
		{5FA5F2C6-180B-4BB7-8709-1CD74C502E3C}.Debug.ActiveCfg = Debug|Win32
		{5FA5F2C6-180B-4BB7-8709-1CD74C502E3C}.Debug.Build.0 = Debug|Win32
		{5FA5F2C6-180B-4BB7-8709-1CD74C502E3C}.Release.ActiveCfg = Release|Win32
		{5FA5F2C6-180B-4BB7-8709-1CD74C502E3C}.Release.Build.0 = Release|Win32
		{20B0D9C4-64AA-43C0-884F-21905CCA56F5}.Debug.ActiveCfg = Debug|Win32
		{20B0D9C4-64AA-43C0-884F-21905CCA56F5}.Debug.Build.0 = Debug|Win32
		{20B0D9C4-64AA-43C0-884F-21905CCA56F5}.Release.ActiveCfg = Release|Win32
		{20B0D9C4-64AA-43C0-884F-21905CCA56F5}.Release.Build.0 = Release|Win32
		{D7266B39-1BEB-4220-B727-7F7ADF424CBE}.Debug.ActiveCfg = Debug|Win32
		{D7266B39-1BEB-4220-B727-7F7ADF424CBE}.Debug.Build.0 = Debug|Win32
		{D7266B39-1BEB-4220-B727-7F7ADF424CBE}.Release.ActiveCfg = Release|Win32
		{D7266B39-1BEB-4220-B727-7F7ADF424CBE}.Release.Build.0 = Release|Win32
		{4CE53A83-504B-4CF8-92A3-B4BF8F6B261E}.Debug.ActiveCfg = Debug|Win32
		{4CE53A83-504B-4CF8-92A3-B4BF8F6B261E}.Debug.Build.0 = Debug|Win32
		{4CE53A83-504B-4CF8-92A3-B4BF8F6B261E}.Release.ActiveCfg = Release|Win32
		{4CE53A83-504B-4CF8-92A3-B4BF8F6B261E}.Release.Build.0 = Release|Win32
		{EBF0191C-99B4-4D12-B9B9-12E762A13017}.Debug.ActiveCfg = Debug|Win32
		{EBF0191C-99B4-4D12-B9B9-12E762A13017}.Debug.Build.0 = Debug|Win32
		{EBF0191C-99B4-4D12-B9B9-12E762A13017}.Release.ActiveCfg = Release|Win32
		{EBF0191C-99B4-4D12-B9B9-12E762A13017}.Release.Build.0 = Release|Win32
		{698B5A4D-894B-48BE-939F-099DD527E5D8}.Debug.ActiveCfg = Debug|Win32
		{698B5A4D-894B-48BE-939F-099DD527E5D8}.Debug.Build.0 = Debug|Win32
		{698B5A4D-894B-48BE-939F-099DD527E5D8}.Release.ActiveCfg = Release|Win32
		{698B5A4D-894B-48BE-939F-099DD527E5D8}.Release.Build.0 = Release|Win32
		{A0300D7C-6532-4674-9E2F-9EA33586ADF7}.Debug.ActiveCfg = Debug|Win32
		{A0300D7C-6532-4674-9E2F-9EA33586ADF7}.Debug.Build.0 = Debug|Win32
		{A0300D7C-6532-4674-9E2F-9EA33586ADF7}.Release.ActiveCfg = Release|Win32
		{A0300D7C-6532-4674-9E2F-9EA33586ADF7}.Release.Build.0 = Release|Win32
		{C7864542-1182-4EBF-A7D0-824C9B0A850F}.Debug.ActiveCfg = Debug|Win32
		{C7864542-1182-4EBF-A7D0-824C9B0A850F}.Debug.Build.0 = Debug|Win32
		{C7864542-1182-4EBF-A7D0-824C9B0A850F}.Release.ActiveCfg = Release|Win32
		{C7864542-1182-4EBF-A7D0-824C9B0A850F}.Release.Build.0 = Release|Win32
		{D7669D09-2DDB-422A-9A79-1763E8780CC9}.Debug.ActiveCfg = Debug|Win32
		{D7669D09-2DDB-422A-9A79-1763E8780CC9}.Debug.Build.0 = Debug|Win32
		{D7669D09-2DDB-422A-9A79-1763E8780CC9}.Release.ActiveCfg = Release|Win32
		{D7669D09-2DDB-422A-9A79-1763E8780CC9}.Release.Build.0 = Release|Win32
		{7E462D9B-872E-42FA-BACA-42BB12C02DB7}.Debug.ActiveCfg = Debug|Win32
		{7E462D9B-872E-42FA-BACA-42BB12C02DB7}.Debug.Build.0 = Debug|Win32
		{7E462D9B-872E-42FA-BACA-42BB12C02DB7}.Release.ActiveCfg = Release|Win32
		{7E462D9B-872E-42FA-BACA-42BB12C02DB7}.Release.Build.0 = Release|Win32
		{8437D1E3-C5DF-40E0-8E07-3FF36EA83CFF}.Debug.ActiveCfg = Debug|Win32
		{8437D1E3-C5DF-40E0-8E07-3FF36EA83CFF}.Debug.Build.0 = Debug|Win32
		{8437D1E3-C5DF-40E0-8E07-3FF36EA83CFF}.Release.ActiveCfg = Release|Win32
		{8437D1E3-C5DF-40E0-8E07-3FF36EA83CFF}.Release.Build.0 = Release|Win32
		{6B57E1ED-5B7E-494E-A5C7-7D384601B3B4}.Debug.ActiveCfg = Debug|Win32
		{6B57E1ED-5B7E-494E-A5C7-7D384601B3B4}.Debug.Build.0 = Debug|Win32
		{6B57E1ED-5B7E-494E-A5C7-7D384601B3B4}.Release.ActiveCfg = Release|Win32
		{6B57E1ED-5B7E-494E-A5C7-7D384601B3B4}.Release.Build.0 = Release|Win32
		{269E3013-2A7F-4663-8E2D-06A873EAFC27}.Debug.ActiveCfg = Debug|Win32
		{269E3013-2A7F-4663-8E2D-06A873EAFC27}.Debug.Build.0 = Debug|Win32
		{269E3013-2A7F-4663-8E2D-06A873EAFC27}.Release.ActiveCfg = Release|Win32
		{269E3013-2A7F-4663-8E2D-06A873EAFC27}.Release.Build.0 = Release|Win32
		{0BCAA368-76C8-4BB7-B218-C4280DC012BD}.Debug.ActiveCfg = Debug|Win32
		{0BCAA368-76C8-4BB7-B218-C4280DC012BD}.Debug.Build.0 = Debug|Win32
		{0BCAA368-76C8-4BB7-B218-C4280DC012BD}.Release.ActiveCfg = Release|Win32
		{0BCAA368-76C8-4BB7-B218-C4280DC012BD}.Release.Build.0 = Release|Win32
		{8EB00279-B030-4D34-BFB1-FA38A4255F67}.Debug.ActiveCfg = Debug|Win32
		{8EB00279-B030-4D34-BFB1-FA38A4255F67}.Debug.Build.0 = Debug|Win32
		{8EB00279-B030-4D34-BFB1-FA38A4255F67}.Release.ActiveCfg = Release|Win32
		{8EB00279-B030-4D34-BFB1-FA38A4255F67}.Release.Build.0 = Release|Win32
		{5C57279E-B11D-4CA7-9494-64C63BBDF3D7}.Debug.ActiveCfg = Debug|Win32
		{5C57279E-B11D-4CA7-9494-64C63BBDF3D7}.Debug.Build.0 = Debug|Win32
		{5C57279E-B11D-4CA7-9494-64C63BBDF3D7}.Release.ActiveCfg = Release|Win32
		{5C57279E-B11D-4CA7-9494-64C63BBDF3D7}.Release.Build.0 = Release|Win32
		{B6C745D3-9F5C-42AF-B7AA-B2904AF8678B}.Debug.ActiveCfg = Debug|Win32
		{B6C745D3-9F5C-42AF-B7AA-B2904AF8678B}.Debug.Build.0 = Debug|Win32
		{B6C745D3-9F5C-42AF-B7AA-B2904AF8678B}.Release.ActiveCfg = Release|Win32
		{B6C745D3-9F5C-42AF-B7AA-B2904AF8678B}.Release.Build.0 = Release|Win32
		{8F6569F0-0659-43B9-B025-B6E2D9778E1A}.Debug.ActiveCfg = Debug|Win32
		{8F6569F0-0659-43B9-B025-B6E2D9778E1A}.Debug.Build.0 = Debug|Win32
		{8F6569F0-0659-43B9-B025-B6E2D9778E1A}.Release.ActiveCfg = Release|Win32
		{8F6569F0-0659-43B9-B025-B6E2D9778E1A}.Release.Build.0 = Release|Win32
		{4359710C-334F-4D16-A0BC-33F8873F40FC}.Debug.ActiveCfg = Debug|Win32
		{4359710C-334F-4D16-A0BC-33F8873F40FC}.Debug.Build.0 = Debug|Win32
		{4359710C-334F-4D16-A0BC-33F8873F40FC}.Release.ActiveCfg = Release|Win32
		{4359710C-334F-4D16-A0BC-33F8873F40FC}.Release.Build.0 = Release|Win32
		{FEDE40E3-60FA-4902-AD18-B002D0750A53}.Debug.ActiveCfg = Debug|Win32
		{FEDE40E3-60FA-4902-AD18-B002D0750A53}.Debug.Build.0 = Debug|Win32
		{FEDE40E3-60FA-4902-AD18-B002D0750A53}.Release.ActiveCfg = Release|Win32
		{FEDE40E3-60FA-4902-AD18-B002D0750A53}.Release.Build.0 = Release|Win32
		{2FFE2FD7-33B3-4D52-B519-2EBB3229282B}.Debug.ActiveCfg = Debug|Win32
		{2FFE2FD7-33B3-4D52-B519-2EBB3229282B}.Debug.Build.0 = Debug|Win32
		{2FFE2FD7-33B3-4D52-B519-2EBB3229282B}.Release.ActiveCfg = Release|Win32
		{2FFE2FD7-33B3-4D52-B519-2EBB3229282B}.Release.Build.0 = Release|Win32
		{32A05524-EB86-4E19-B8C4-3F119874BE0B}.Debug.ActiveCfg = Debug|Win32
		{32A05524-EB86-4E19-B8C4-3F119874BE0B}.Debug.Build.0 = Debug|Win32
		{32A05524-EB86-4E19-B8C4-3F119874BE0B}.Release.ActiveCfg = Release|Win32
		{32A05524-EB86-4E19-B8C4-3F119874BE0B}.Release.Build.0 = Release|Win32
		{5EE98925-7DAB-4AEA-B334-C032A734D647}.Debug.ActiveCfg = Debug|Win32
		{5EE98925-7DAB-4AEA-B334-C032A734D647}.Debug.Build.0 = Debug|Win32
		{5EE98925-7DAB-4AEA-B334-C032A734D647}.Release.ActiveCfg = Release|Win32
		{5EE98925-7DAB-4AEA-B334-C032A734D647}.Release.Build.0 = Release|Win32
		{994F776F-D9AA-4381-BBD6-FA2D1E8F6282}.Debug.ActiveCfg = Debug|Win32
		{994F776F-D9AA-4381-BBD6-FA2D1E8F6282}.Debug.Build.0 = Debug|Win32
		{994F776F-D9AA-4381-BBD6-FA2D1E8F6282}.Release.ActiveCfg = Release|Win32
		{994F776F-D9AA-4381-BBD6-FA2D1E8F6282}.Release.Build.0 = Release|Win32
		{0EDF9BE9-551A-499C-BE2D-C0FDE645C150}.Debug.ActiveCfg = Debug|Win32
		{0EDF9BE9-551A-499C-BE2D-C0FDE645C150}.Debug.Build.0 = Debug|Win32
		{0EDF9BE9-551A-499C-BE2D-C0FDE645C150}.Release.ActiveCfg = Release|Win32
		{0EDF9BE9-551A-499C-BE2D-C0FDE645C150}.Release.Build.0 = Release|Win32
		{900C1FAE-CD74-401B-861E-4AFFBF8F4942}.Debug.ActiveCfg = Debug|Win32
		{900C1FAE-CD74-401B-861E-4AFFBF8F4942}.Debug.Build.0 = Debug|Win32
		{900C1FAE-CD74-401B-861E-4AFFBF8F4942}.Release.ActiveCfg = Release|Win32
		{900C1FAE-CD74-401B-861E-4AFFBF8F4942}.Release.Build.0 = Release|Win32
		{95F561E8-63EA-4E79-AC54-A22183F462AC}.Debug.ActiveCfg = Debug|Win32
		{95F561E8-63EA-4E79-AC54-A22183F462AC}.Debug.Build.0 = Debug|Win32
		{95F561E8-63EA-4E79-AC54-A22183F462AC}.Release.ActiveCfg = Release|Win32
		{95F561E8-63EA-4E79-AC54-A22183F462AC}.Release.Build.0 = Release|Win32
		{0A7CE45A-2AA2-4132-AC3C-DC1C76DC45CE}.Debug.ActiveCfg = Debug|Win32
		{0A7CE45A-2AA2-4132-AC3C-DC1C76DC45CE}.Debug.Build.0 = Debug|Win32
		{0A7CE45A-2AA2-4132-AC3C-DC1C76DC45CE}.Release.ActiveCfg = Release|Win32
		{0A7CE45A-2AA2-4132-AC3C-DC1C76DC45CE}.Release.Build.0 = Release|Win32
		{3028A83F-3ABC-4674-A956-9B98AF08AEFA}.Debug.ActiveCfg = Debug|Win32
		{3028A83F-3ABC-4674-A956-9B98AF08AEFA}.Debug.Build.0 = Debug|Win32
		{3028A83F-3ABC-4674-A956-9B98AF08AEFA}.Release.ActiveCfg = Release|Win32
		{3028A83F-3ABC-4674-A956-9B98AF08AEFA}.Release.Build.0 = Release|Win32
	EndGlobalSection
	GlobalSection(ExtensibilityGlobals) = postSolution
	EndGlobalSection
	GlobalSection(ExtensibilityAddIns) = postSolution
	EndGlobalSection
EndGlobal
