Microsoft Visual Studio Solution File, Format Version 9.00
# Visual Studio 2005
Project("{8BC9CEB8-8B4A-11D0-8D11-00A0C91BC942}") = "allf90examples", "allf90examples.vcproj", "{F9A92DA4-4FD5-4569-9D98-FB77A5E7B23B}"
	ProjectSection(ProjectDependencies) = postProject
		{331A6712-873A-4427-AAC2-34F415718C61} = {331A6712-873A-4427-AAC2-34F415718C61}
		{C3B9EF32-EC31-4399-985B-C8C3AB812676} = {C3B9EF32-EC31-4399-985B-C8C3AB812676}
		{95159537-3393-4EBA-BB27-BD85FC77B00A} = {95159537-3393-4EBA-BB27-BD85FC77B00A}
		{2402488C-C248-4611-AAA9-C2A6020C50D9} = {2402488C-C248-4611-AAA9-C2A6020C50D9}
		{C5CE5293-CD6A-4B37-8AB0-82827F395C9A} = {C5CE5293-CD6A-4B37-8AB0-82827F395C9A}
		{6B5901BD-214F-4C09-B79B-89A528716087} = {6B5901BD-214F-4C09-B79B-89A528716087}
		{656E36CF-D168-4E42-B6E9-715808BCEE78} = {656E36CF-D168-4E42-B6E9-715808BCEE78}
		{D663C9D4-BC95-4B77-AA64-2EFE8AE4874D} = {D663C9D4-BC95-4B77-AA64-2EFE8AE4874D}
	EndProjectSection
EndProject
Project("{6989167D-11E4-40FE-8C1A-2192A86A7E90}") = "GR_image_info", "GR_image_info.vfproj", "{331A6712-873A-4427-AAC2-34F415718C61}"
EndProject
Project("{6989167D-11E4-40FE-8C1A-2192A86A7E90}") = "GR_get_attribute", "GR_get_attribute.vfproj", "{6B5901BD-214F-4C09-B79B-89A528716087}"
EndProject
Project("{6989167D-11E4-40FE-8C1A-2192A86A7E90}") = "GR_create_and_write_image", "GR_create_and_write_image.vfproj", "{D663C9D4-BC95-4B77-AA64-2EFE8AE4874D}"
EndProject
Project("{6989167D-11E4-40FE-8C1A-2192A86A7E90}") = "AN_read_annotation", "AN_read_annotation.vfproj", "{2402488C-C248-4611-AAA9-C2A6020C50D9}"
EndProject
Project("{6989167D-11E4-40FE-8C1A-2192A86A7E90}") = "AN_get_annotation_info", "AN_get_annotation_info.vfproj", "{95159537-3393-4EBA-BB27-BD85FC77B00A}"
EndProject
Project("{6989167D-11E4-40FE-8C1A-2192A86A7E90}") = "AN_create_annotation", "AN_create_annotation.vfproj", "{C5CE5293-CD6A-4B37-8AB0-82827F395C9A}"
EndProject
Project("{6989167D-11E4-40FE-8C1A-2192A86A7E90}") = "GR_read_image", "GR_read_image.vfproj", "{C3B9EF32-EC31-4399-985B-C8C3AB812676}"
EndProject
Project("{6989167D-11E4-40FE-8C1A-2192A86A7E90}") = "GR_modify_image", "GR_modify_image.vfproj", "{656E36CF-D168-4E42-B6E9-715808BCEE78}"
EndProject
Project("{6989167D-11E4-40FE-8C1A-2192A86A7E90}") = "GR_read_palette", "GR_read_palette.vfproj", "{54A61AD9-A73C-4384-8C3D-48C8E414F90F}"
EndProject
Project("{6989167D-11E4-40FE-8C1A-2192A86A7E90}") = "GR_set_attribute", "GR_set_attribute.vfproj", "{22EF056A-21A8-4821-92AC-7C20059DB5A0}"
EndProject
Project("{6989167D-11E4-40FE-8C1A-2192A86A7E90}") = "GR_write_palette", "GR_write_palette.vfproj", "{6661CA0D-967F-4C4D-972A-5D50D1C1C558}"
EndProject
Project("{6989167D-11E4-40FE-8C1A-2192A86A7E90}") = "VD_create_onefield_vdatas", "VD_create_onefield_vdatas.vfproj", "{9590A5EE-26B2-485E-8E76-ACCBDD663AC2}"
EndProject
Project("{6989167D-11E4-40FE-8C1A-2192A86A7E90}") = "VD_create_vdatas", "VD_create_vdatas.vfproj", "{011737C5-4378-464C-888E-E25B7A6E9AE7}"
EndProject
Project("{6989167D-11E4-40FE-8C1A-2192A86A7E90}") = "VD_get_vdata_info", "VD_get_vdata_info.vfproj", "{D111825A-78D2-44F4-8CAF-34BF8EC49C57}"
EndProject
Project("{6989167D-11E4-40FE-8C1A-2192A86A7E90}") = "VD_locate_vdata", "VD_locate_vdata.vfproj", "{2ECFAE29-5036-4657-A172-12B8467165D1}"
EndProject
Project("{6989167D-11E4-40FE-8C1A-2192A86A7E90}") = "VD_read_from_vdata", "VD_read_from_vdata.vfproj", "{A5AA86DA-B2EA-4300-8487-5510844D3E38}"
EndProject
Project("{6989167D-11E4-40FE-8C1A-2192A86A7E90}") = "VD_read_mixed_vdata", "VD_read_mixed_vdata.vfproj", "{5A3B09A4-9E51-412B-9D67-2B5B489979EB}"
EndProject
Project("{6989167D-11E4-40FE-8C1A-2192A86A7E90}") = "VD_set_get_vdata_attr", "VD_set_get_vdata_attr.vfproj", "{EA83ED17-14BC-4875-B335-D4686355A973}"
EndProject
Project("{6989167D-11E4-40FE-8C1A-2192A86A7E90}") = "VD_write_mixed_vdata", "VD_write_mixed_vdata.vfproj", "{60B2D45E-7604-4040-825D-9768AF5B2F83}"
EndProject
Project("{6989167D-11E4-40FE-8C1A-2192A86A7E90}") = "VD_write_to_vdata", "VD_write_to_vdata.vfproj", "{CABA7D7F-2D15-4B1E-8B3B-B11667D1478C}"
EndProject
Project("{6989167D-11E4-40FE-8C1A-2192A86A7E90}") = "VG_add_sds_to_vgroup", "VG_add_sds_to_vgroup.vfproj", "{D137BA12-DE73-46A1-B870-79ECB280299E}"
EndProject
Project("{6989167D-11E4-40FE-8C1A-2192A86A7E90}") = "VG_create_vgroup", "VG_create_vgroup.vfproj", "{15547C8F-3B41-454D-B487-DD96316A977B}"
EndProject
Project("{6989167D-11E4-40FE-8C1A-2192A86A7E90}") = "VG_get_vgroup_info", "VG_get_vgroup_info.vfproj", "{EDDBB6F0-FEF0-4B76-A863-8935093EA772}"
EndProject
Project("{6989167D-11E4-40FE-8C1A-2192A86A7E90}") = "VG_insert_vdatas_to_vgroup", "VG_insert_vdatas_to_vgroup.vfproj", "{34ED3D12-F6C6-4686-8F2B-8F28C4AE19F0}"
EndProject
Project("{6989167D-11E4-40FE-8C1A-2192A86A7E90}") = "VG_set_get_vgroup_attr", "VG_set_get_vgroup_attr.vfproj", "{FA72CE6C-FC13-4CA2-90AA-7B5136959CF8}"
EndProject
Project("{6989167D-11E4-40FE-8C1A-2192A86A7E90}") = "VG_vgroup_contents", "VG_vgroup_contents.vfproj", "{C1676C5A-D093-41CD-AA38-72DDE757D0CA}"
EndProject
Global
	GlobalSection(SolutionConfigurationPlatforms) = preSolution
		Debug|Win32 = Debug|Win32
		Debug|x64 = Debug|x64
		Release|Win32 = Release|Win32
		Release|x64 = Release|x64
	EndGlobalSection
	GlobalSection(ProjectConfigurationPlatforms) = postSolution
		{F9A92DA4-4FD5-4569-9D98-FB77A5E7B23B}.Debug|Win32.ActiveCfg = Debug|Win32
		{F9A92DA4-4FD5-4569-9D98-FB77A5E7B23B}.Debug|Win32.Build.0 = Debug|Win32
		{F9A92DA4-4FD5-4569-9D98-FB77A5E7B23B}.Debug|x64.ActiveCfg = Debug|x64
		{F9A92DA4-4FD5-4569-9D98-FB77A5E7B23B}.Debug|x64.Build.0 = Debug|x64
		{F9A92DA4-4FD5-4569-9D98-FB77A5E7B23B}.Release|Win32.ActiveCfg = Release|Win32
		{F9A92DA4-4FD5-4569-9D98-FB77A5E7B23B}.Release|Win32.Build.0 = Release|Win32
		{F9A92DA4-4FD5-4569-9D98-FB77A5E7B23B}.Release|x64.ActiveCfg = Release|x64
		{F9A92DA4-4FD5-4569-9D98-FB77A5E7B23B}.Release|x64.Build.0 = Release|x64
		{331A6712-873A-4427-AAC2-34F415718C61}.Debug|Win32.ActiveCfg = Debug|Win32
		{331A6712-873A-4427-AAC2-34F415718C61}.Debug|Win32.Build.0 = Debug|Win32
		{331A6712-873A-4427-AAC2-34F415718C61}.Debug|x64.ActiveCfg = Debug|x64
		{331A6712-873A-4427-AAC2-34F415718C61}.Debug|x64.Build.0 = Debug|x64
		{331A6712-873A-4427-AAC2-34F415718C61}.Release|Win32.ActiveCfg = Release|Win32
		{331A6712-873A-4427-AAC2-34F415718C61}.Release|Win32.Build.0 = Release|Win32
		{331A6712-873A-4427-AAC2-34F415718C61}.Release|x64.ActiveCfg = Release|x64
		{331A6712-873A-4427-AAC2-34F415718C61}.Release|x64.Build.0 = Release|x64
		{6B5901BD-214F-4C09-B79B-89A528716087}.Debug|Win32.ActiveCfg = Debug|Win32
		{6B5901BD-214F-4C09-B79B-89A528716087}.Debug|Win32.Build.0 = Debug|Win32
		{6B5901BD-214F-4C09-B79B-89A528716087}.Debug|x64.ActiveCfg = Debug|x64
		{6B5901BD-214F-4C09-B79B-89A528716087}.Debug|x64.Build.0 = Debug|x64
		{6B5901BD-214F-4C09-B79B-89A528716087}.Release|Win32.ActiveCfg = Release|Win32
		{6B5901BD-214F-4C09-B79B-89A528716087}.Release|Win32.Build.0 = Release|Win32
		{6B5901BD-214F-4C09-B79B-89A528716087}.Release|x64.ActiveCfg = Release|x64
		{6B5901BD-214F-4C09-B79B-89A528716087}.Release|x64.Build.0 = Release|x64
		{D663C9D4-BC95-4B77-AA64-2EFE8AE4874D}.Debug|Win32.ActiveCfg = Debug|Win32
		{D663C9D4-BC95-4B77-AA64-2EFE8AE4874D}.Debug|Win32.Build.0 = Debug|Win32
		{D663C9D4-BC95-4B77-AA64-2EFE8AE4874D}.Debug|x64.ActiveCfg = Debug|x64
		{D663C9D4-BC95-4B77-AA64-2EFE8AE4874D}.Debug|x64.Build.0 = Debug|x64
		{D663C9D4-BC95-4B77-AA64-2EFE8AE4874D}.Release|Win32.ActiveCfg = Release|Win32
		{D663C9D4-BC95-4B77-AA64-2EFE8AE4874D}.Release|Win32.Build.0 = Release|Win32
		{D663C9D4-BC95-4B77-AA64-2EFE8AE4874D}.Release|x64.ActiveCfg = Release|x64
		{D663C9D4-BC95-4B77-AA64-2EFE8AE4874D}.Release|x64.Build.0 = Release|x64
		{2402488C-C248-4611-AAA9-C2A6020C50D9}.Debug|Win32.ActiveCfg = Debug|Win32
		{2402488C-C248-4611-AAA9-C2A6020C50D9}.Debug|Win32.Build.0 = Debug|Win32
		{2402488C-C248-4611-AAA9-C2A6020C50D9}.Debug|x64.ActiveCfg = Debug|x64
		{2402488C-C248-4611-AAA9-C2A6020C50D9}.Debug|x64.Build.0 = Debug|x64
		{2402488C-C248-4611-AAA9-C2A6020C50D9}.Release|Win32.ActiveCfg = Release|Win32
		{2402488C-C248-4611-AAA9-C2A6020C50D9}.Release|Win32.Build.0 = Release|Win32
		{2402488C-C248-4611-AAA9-C2A6020C50D9}.Release|x64.ActiveCfg = Release|x64
		{2402488C-C248-4611-AAA9-C2A6020C50D9}.Release|x64.Build.0 = Release|x64
		{95159537-3393-4EBA-BB27-BD85FC77B00A}.Debug|Win32.ActiveCfg = Debug|Win32
		{95159537-3393-4EBA-BB27-BD85FC77B00A}.Debug|Win32.Build.0 = Debug|Win32
		{95159537-3393-4EBA-BB27-BD85FC77B00A}.Debug|x64.ActiveCfg = Debug|x64
		{95159537-3393-4EBA-BB27-BD85FC77B00A}.Debug|x64.Build.0 = Debug|x64
		{95159537-3393-4EBA-BB27-BD85FC77B00A}.Release|Win32.ActiveCfg = Release|Win32
		{95159537-3393-4EBA-BB27-BD85FC77B00A}.Release|Win32.Build.0 = Release|Win32
		{95159537-3393-4EBA-BB27-BD85FC77B00A}.Release|x64.ActiveCfg = Release|x64
		{95159537-3393-4EBA-BB27-BD85FC77B00A}.Release|x64.Build.0 = Release|x64
		{C5CE5293-CD6A-4B37-8AB0-82827F395C9A}.Debug|Win32.ActiveCfg = Debug|Win32
		{C5CE5293-CD6A-4B37-8AB0-82827F395C9A}.Debug|Win32.Build.0 = Debug|Win32
		{C5CE5293-CD6A-4B37-8AB0-82827F395C9A}.Debug|x64.ActiveCfg = Debug|x64
		{C5CE5293-CD6A-4B37-8AB0-82827F395C9A}.Debug|x64.Build.0 = Debug|x64
		{C5CE5293-CD6A-4B37-8AB0-82827F395C9A}.Release|Win32.ActiveCfg = Release|Win32
		{C5CE5293-CD6A-4B37-8AB0-82827F395C9A}.Release|Win32.Build.0 = Release|Win32
		{C5CE5293-CD6A-4B37-8AB0-82827F395C9A}.Release|x64.ActiveCfg = Release|x64
		{C5CE5293-CD6A-4B37-8AB0-82827F395C9A}.Release|x64.Build.0 = Release|x64
		{C3B9EF32-EC31-4399-985B-C8C3AB812676}.Debug|Win32.ActiveCfg = Debug|Win32
		{C3B9EF32-EC31-4399-985B-C8C3AB812676}.Debug|Win32.Build.0 = Debug|Win32
		{C3B9EF32-EC31-4399-985B-C8C3AB812676}.Debug|x64.ActiveCfg = Debug|x64
		{C3B9EF32-EC31-4399-985B-C8C3AB812676}.Debug|x64.Build.0 = Debug|x64
		{C3B9EF32-EC31-4399-985B-C8C3AB812676}.Release|Win32.ActiveCfg = Release|Win32
		{C3B9EF32-EC31-4399-985B-C8C3AB812676}.Release|Win32.Build.0 = Release|Win32
		{C3B9EF32-EC31-4399-985B-C8C3AB812676}.Release|x64.ActiveCfg = Release|x64
		{C3B9EF32-EC31-4399-985B-C8C3AB812676}.Release|x64.Build.0 = Release|x64
		{656E36CF-D168-4E42-B6E9-715808BCEE78}.Debug|Win32.ActiveCfg = Debug|Win32
		{656E36CF-D168-4E42-B6E9-715808BCEE78}.Debug|Win32.Build.0 = Debug|Win32
		{656E36CF-D168-4E42-B6E9-715808BCEE78}.Debug|x64.ActiveCfg = Debug|x64
		{656E36CF-D168-4E42-B6E9-715808BCEE78}.Debug|x64.Build.0 = Debug|x64
		{656E36CF-D168-4E42-B6E9-715808BCEE78}.Release|Win32.ActiveCfg = Release|Win32
		{656E36CF-D168-4E42-B6E9-715808BCEE78}.Release|Win32.Build.0 = Release|Win32
		{656E36CF-D168-4E42-B6E9-715808BCEE78}.Release|x64.ActiveCfg = Release|x64
		{656E36CF-D168-4E42-B6E9-715808BCEE78}.Release|x64.Build.0 = Release|x64
		{54A61AD9-A73C-4384-8C3D-48C8E414F90F}.Debug|Win32.ActiveCfg = Debug|Win32
		{54A61AD9-A73C-4384-8C3D-48C8E414F90F}.Debug|Win32.Build.0 = Debug|Win32
		{54A61AD9-A73C-4384-8C3D-48C8E414F90F}.Debug|x64.ActiveCfg = Debug|x64
		{54A61AD9-A73C-4384-8C3D-48C8E414F90F}.Debug|x64.Build.0 = Debug|x64
		{54A61AD9-A73C-4384-8C3D-48C8E414F90F}.Release|Win32.ActiveCfg = Release|Win32
		{54A61AD9-A73C-4384-8C3D-48C8E414F90F}.Release|Win32.Build.0 = Release|Win32
		{54A61AD9-A73C-4384-8C3D-48C8E414F90F}.Release|x64.ActiveCfg = Release|x64
		{54A61AD9-A73C-4384-8C3D-48C8E414F90F}.Release|x64.Build.0 = Release|x64
		{22EF056A-21A8-4821-92AC-7C20059DB5A0}.Debug|Win32.ActiveCfg = Debug|Win32
		{22EF056A-21A8-4821-92AC-7C20059DB5A0}.Debug|Win32.Build.0 = Debug|Win32
		{22EF056A-21A8-4821-92AC-7C20059DB5A0}.Debug|x64.ActiveCfg = Debug|x64
		{22EF056A-21A8-4821-92AC-7C20059DB5A0}.Debug|x64.Build.0 = Debug|x64
		{22EF056A-21A8-4821-92AC-7C20059DB5A0}.Release|Win32.ActiveCfg = Release|Win32
		{22EF056A-21A8-4821-92AC-7C20059DB5A0}.Release|Win32.Build.0 = Release|Win32
		{22EF056A-21A8-4821-92AC-7C20059DB5A0}.Release|x64.ActiveCfg = Release|x64
		{22EF056A-21A8-4821-92AC-7C20059DB5A0}.Release|x64.Build.0 = Release|x64
		{6661CA0D-967F-4C4D-972A-5D50D1C1C558}.Debug|Win32.ActiveCfg = Debug|Win32
		{6661CA0D-967F-4C4D-972A-5D50D1C1C558}.Debug|Win32.Build.0 = Debug|Win32
		{6661CA0D-967F-4C4D-972A-5D50D1C1C558}.Debug|x64.ActiveCfg = Debug|x64
		{6661CA0D-967F-4C4D-972A-5D50D1C1C558}.Debug|x64.Build.0 = Debug|x64
		{6661CA0D-967F-4C4D-972A-5D50D1C1C558}.Release|Win32.ActiveCfg = Release|Win32
		{6661CA0D-967F-4C4D-972A-5D50D1C1C558}.Release|Win32.Build.0 = Release|Win32
		{6661CA0D-967F-4C4D-972A-5D50D1C1C558}.Release|x64.ActiveCfg = Release|x64
		{6661CA0D-967F-4C4D-972A-5D50D1C1C558}.Release|x64.Build.0 = Release|x64
		{9590A5EE-26B2-485E-8E76-ACCBDD663AC2}.Debug|Win32.ActiveCfg = Debug|Win32
		{9590A5EE-26B2-485E-8E76-ACCBDD663AC2}.Debug|Win32.Build.0 = Debug|Win32
		{9590A5EE-26B2-485E-8E76-ACCBDD663AC2}.Debug|x64.ActiveCfg = Debug|x64
		{9590A5EE-26B2-485E-8E76-ACCBDD663AC2}.Debug|x64.Build.0 = Debug|x64
		{9590A5EE-26B2-485E-8E76-ACCBDD663AC2}.Release|Win32.ActiveCfg = Release|Win32
		{9590A5EE-26B2-485E-8E76-ACCBDD663AC2}.Release|Win32.Build.0 = Release|Win32
		{9590A5EE-26B2-485E-8E76-ACCBDD663AC2}.Release|x64.ActiveCfg = Release|x64
		{9590A5EE-26B2-485E-8E76-ACCBDD663AC2}.Release|x64.Build.0 = Release|x64
		{011737C5-4378-464C-888E-E25B7A6E9AE7}.Debug|Win32.ActiveCfg = Debug|Win32
		{011737C5-4378-464C-888E-E25B7A6E9AE7}.Debug|Win32.Build.0 = Debug|Win32
		{011737C5-4378-464C-888E-E25B7A6E9AE7}.Debug|x64.ActiveCfg = Debug|x64
		{011737C5-4378-464C-888E-E25B7A6E9AE7}.Debug|x64.Build.0 = Debug|x64
		{011737C5-4378-464C-888E-E25B7A6E9AE7}.Release|Win32.ActiveCfg = Release|Win32
		{011737C5-4378-464C-888E-E25B7A6E9AE7}.Release|Win32.Build.0 = Release|Win32
		{011737C5-4378-464C-888E-E25B7A6E9AE7}.Release|x64.ActiveCfg = Release|x64
		{011737C5-4378-464C-888E-E25B7A6E9AE7}.Release|x64.Build.0 = Release|x64
		{D111825A-78D2-44F4-8CAF-34BF8EC49C57}.Debug|Win32.ActiveCfg = Debug|Win32
		{D111825A-78D2-44F4-8CAF-34BF8EC49C57}.Debug|Win32.Build.0 = Debug|Win32
		{D111825A-78D2-44F4-8CAF-34BF8EC49C57}.Debug|x64.ActiveCfg = Debug|x64
		{D111825A-78D2-44F4-8CAF-34BF8EC49C57}.Debug|x64.Build.0 = Debug|x64
		{D111825A-78D2-44F4-8CAF-34BF8EC49C57}.Release|Win32.ActiveCfg = Release|Win32
		{D111825A-78D2-44F4-8CAF-34BF8EC49C57}.Release|Win32.Build.0 = Release|Win32
		{D111825A-78D2-44F4-8CAF-34BF8EC49C57}.Release|x64.ActiveCfg = Release|x64
		{D111825A-78D2-44F4-8CAF-34BF8EC49C57}.Release|x64.Build.0 = Release|x64
		{2ECFAE29-5036-4657-A172-12B8467165D1}.Debug|Win32.ActiveCfg = Debug|Win32
		{2ECFAE29-5036-4657-A172-12B8467165D1}.Debug|Win32.Build.0 = Debug|Win32
		{2ECFAE29-5036-4657-A172-12B8467165D1}.Debug|x64.ActiveCfg = Debug|x64
		{2ECFAE29-5036-4657-A172-12B8467165D1}.Debug|x64.Build.0 = Debug|x64
		{2ECFAE29-5036-4657-A172-12B8467165D1}.Release|Win32.ActiveCfg = Release|Win32
		{2ECFAE29-5036-4657-A172-12B8467165D1}.Release|Win32.Build.0 = Release|Win32
		{2ECFAE29-5036-4657-A172-12B8467165D1}.Release|x64.ActiveCfg = Release|x64
		{2ECFAE29-5036-4657-A172-12B8467165D1}.Release|x64.Build.0 = Release|x64
		{A5AA86DA-B2EA-4300-8487-5510844D3E38}.Debug|Win32.ActiveCfg = Debug|Win32
		{A5AA86DA-B2EA-4300-8487-5510844D3E38}.Debug|Win32.Build.0 = Debug|Win32
		{A5AA86DA-B2EA-4300-8487-5510844D3E38}.Debug|x64.ActiveCfg = Debug|x64
		{A5AA86DA-B2EA-4300-8487-5510844D3E38}.Debug|x64.Build.0 = Debug|x64
		{A5AA86DA-B2EA-4300-8487-5510844D3E38}.Release|Win32.ActiveCfg = Release|Win32
		{A5AA86DA-B2EA-4300-8487-5510844D3E38}.Release|Win32.Build.0 = Release|Win32
		{A5AA86DA-B2EA-4300-8487-5510844D3E38}.Release|x64.ActiveCfg = Release|x64
		{A5AA86DA-B2EA-4300-8487-5510844D3E38}.Release|x64.Build.0 = Release|x64
		{5A3B09A4-9E51-412B-9D67-2B5B489979EB}.Debug|Win32.ActiveCfg = Debug|Win32
		{5A3B09A4-9E51-412B-9D67-2B5B489979EB}.Debug|Win32.Build.0 = Debug|Win32
		{5A3B09A4-9E51-412B-9D67-2B5B489979EB}.Debug|x64.ActiveCfg = Debug|x64
		{5A3B09A4-9E51-412B-9D67-2B5B489979EB}.Debug|x64.Build.0 = Debug|x64
		{5A3B09A4-9E51-412B-9D67-2B5B489979EB}.Release|Win32.ActiveCfg = Release|Win32
		{5A3B09A4-9E51-412B-9D67-2B5B489979EB}.Release|Win32.Build.0 = Release|Win32
		{5A3B09A4-9E51-412B-9D67-2B5B489979EB}.Release|x64.ActiveCfg = Release|x64
		{5A3B09A4-9E51-412B-9D67-2B5B489979EB}.Release|x64.Build.0 = Release|x64
		{EA83ED17-14BC-4875-B335-D4686355A973}.Debug|Win32.ActiveCfg = Debug|Win32
		{EA83ED17-14BC-4875-B335-D4686355A973}.Debug|Win32.Build.0 = Debug|Win32
		{EA83ED17-14BC-4875-B335-D4686355A973}.Debug|x64.ActiveCfg = Debug|x64
		{EA83ED17-14BC-4875-B335-D4686355A973}.Debug|x64.Build.0 = Debug|x64
		{EA83ED17-14BC-4875-B335-D4686355A973}.Release|Win32.ActiveCfg = Release|Win32
		{EA83ED17-14BC-4875-B335-D4686355A973}.Release|Win32.Build.0 = Release|Win32
		{EA83ED17-14BC-4875-B335-D4686355A973}.Release|x64.ActiveCfg = Release|x64
		{EA83ED17-14BC-4875-B335-D4686355A973}.Release|x64.Build.0 = Release|x64
		{60B2D45E-7604-4040-825D-9768AF5B2F83}.Debug|Win32.ActiveCfg = Debug|Win32
		{60B2D45E-7604-4040-825D-9768AF5B2F83}.Debug|Win32.Build.0 = Debug|Win32
		{60B2D45E-7604-4040-825D-9768AF5B2F83}.Debug|x64.ActiveCfg = Debug|x64
		{60B2D45E-7604-4040-825D-9768AF5B2F83}.Debug|x64.Build.0 = Debug|x64
		{60B2D45E-7604-4040-825D-9768AF5B2F83}.Release|Win32.ActiveCfg = Release|Win32
		{60B2D45E-7604-4040-825D-9768AF5B2F83}.Release|Win32.Build.0 = Release|Win32
		{60B2D45E-7604-4040-825D-9768AF5B2F83}.Release|x64.ActiveCfg = Release|x64
		{60B2D45E-7604-4040-825D-9768AF5B2F83}.Release|x64.Build.0 = Release|x64
		{CABA7D7F-2D15-4B1E-8B3B-B11667D1478C}.Debug|Win32.ActiveCfg = Debug|Win32
		{CABA7D7F-2D15-4B1E-8B3B-B11667D1478C}.Debug|Win32.Build.0 = Debug|Win32
		{CABA7D7F-2D15-4B1E-8B3B-B11667D1478C}.Debug|x64.ActiveCfg = Debug|x64
		{CABA7D7F-2D15-4B1E-8B3B-B11667D1478C}.Debug|x64.Build.0 = Debug|x64
		{CABA7D7F-2D15-4B1E-8B3B-B11667D1478C}.Release|Win32.ActiveCfg = Release|Win32
		{CABA7D7F-2D15-4B1E-8B3B-B11667D1478C}.Release|Win32.Build.0 = Release|Win32
		{CABA7D7F-2D15-4B1E-8B3B-B11667D1478C}.Release|x64.ActiveCfg = Release|x64
		{CABA7D7F-2D15-4B1E-8B3B-B11667D1478C}.Release|x64.Build.0 = Release|x64
		{D137BA12-DE73-46A1-B870-79ECB280299E}.Debug|Win32.ActiveCfg = Debug|Win32
		{D137BA12-DE73-46A1-B870-79ECB280299E}.Debug|Win32.Build.0 = Debug|Win32
		{D137BA12-DE73-46A1-B870-79ECB280299E}.Debug|x64.ActiveCfg = Debug|x64
		{D137BA12-DE73-46A1-B870-79ECB280299E}.Debug|x64.Build.0 = Debug|x64
		{D137BA12-DE73-46A1-B870-79ECB280299E}.Release|Win32.ActiveCfg = Release|Win32
		{D137BA12-DE73-46A1-B870-79ECB280299E}.Release|Win32.Build.0 = Release|Win32
		{D137BA12-DE73-46A1-B870-79ECB280299E}.Release|x64.ActiveCfg = Release|x64
		{D137BA12-DE73-46A1-B870-79ECB280299E}.Release|x64.Build.0 = Release|x64
		{15547C8F-3B41-454D-B487-DD96316A977B}.Debug|Win32.ActiveCfg = Debug|Win32
		{15547C8F-3B41-454D-B487-DD96316A977B}.Debug|Win32.Build.0 = Debug|Win32
		{15547C8F-3B41-454D-B487-DD96316A977B}.Debug|x64.ActiveCfg = Debug|x64
		{15547C8F-3B41-454D-B487-DD96316A977B}.Debug|x64.Build.0 = Debug|x64
		{15547C8F-3B41-454D-B487-DD96316A977B}.Release|Win32.ActiveCfg = Release|Win32
		{15547C8F-3B41-454D-B487-DD96316A977B}.Release|Win32.Build.0 = Release|Win32
		{15547C8F-3B41-454D-B487-DD96316A977B}.Release|x64.ActiveCfg = Release|x64
		{15547C8F-3B41-454D-B487-DD96316A977B}.Release|x64.Build.0 = Release|x64
		{EDDBB6F0-FEF0-4B76-A863-8935093EA772}.Debug|Win32.ActiveCfg = Debug|Win32
		{EDDBB6F0-FEF0-4B76-A863-8935093EA772}.Debug|Win32.Build.0 = Debug|Win32
		{EDDBB6F0-FEF0-4B76-A863-8935093EA772}.Debug|x64.ActiveCfg = Debug|x64
		{EDDBB6F0-FEF0-4B76-A863-8935093EA772}.Debug|x64.Build.0 = Debug|x64
		{EDDBB6F0-FEF0-4B76-A863-8935093EA772}.Release|Win32.ActiveCfg = Release|Win32
		{EDDBB6F0-FEF0-4B76-A863-8935093EA772}.Release|Win32.Build.0 = Release|Win32
		{EDDBB6F0-FEF0-4B76-A863-8935093EA772}.Release|x64.ActiveCfg = Release|x64
		{EDDBB6F0-FEF0-4B76-A863-8935093EA772}.Release|x64.Build.0 = Release|x64
		{34ED3D12-F6C6-4686-8F2B-8F28C4AE19F0}.Debug|Win32.ActiveCfg = Debug|Win32
		{34ED3D12-F6C6-4686-8F2B-8F28C4AE19F0}.Debug|Win32.Build.0 = Debug|Win32
		{34ED3D12-F6C6-4686-8F2B-8F28C4AE19F0}.Debug|x64.ActiveCfg = Debug|x64
		{34ED3D12-F6C6-4686-8F2B-8F28C4AE19F0}.Debug|x64.Build.0 = Debug|x64
		{34ED3D12-F6C6-4686-8F2B-8F28C4AE19F0}.Release|Win32.ActiveCfg = Release|Win32
		{34ED3D12-F6C6-4686-8F2B-8F28C4AE19F0}.Release|Win32.Build.0 = Release|Win32
		{34ED3D12-F6C6-4686-8F2B-8F28C4AE19F0}.Release|x64.ActiveCfg = Release|x64
		{34ED3D12-F6C6-4686-8F2B-8F28C4AE19F0}.Release|x64.Build.0 = Release|x64
		{FA72CE6C-FC13-4CA2-90AA-7B5136959CF8}.Debug|Win32.ActiveCfg = Debug|Win32
		{FA72CE6C-FC13-4CA2-90AA-7B5136959CF8}.Debug|Win32.Build.0 = Debug|Win32
		{FA72CE6C-FC13-4CA2-90AA-7B5136959CF8}.Debug|x64.ActiveCfg = Debug|x64
		{FA72CE6C-FC13-4CA2-90AA-7B5136959CF8}.Debug|x64.Build.0 = Debug|x64
		{FA72CE6C-FC13-4CA2-90AA-7B5136959CF8}.Release|Win32.ActiveCfg = Release|Win32
		{FA72CE6C-FC13-4CA2-90AA-7B5136959CF8}.Release|Win32.Build.0 = Release|Win32
		{FA72CE6C-FC13-4CA2-90AA-7B5136959CF8}.Release|x64.ActiveCfg = Release|x64
		{FA72CE6C-FC13-4CA2-90AA-7B5136959CF8}.Release|x64.Build.0 = Release|x64
		{C1676C5A-D093-41CD-AA38-72DDE757D0CA}.Debug|Win32.ActiveCfg = Debug|Win32
		{C1676C5A-D093-41CD-AA38-72DDE757D0CA}.Debug|Win32.Build.0 = Debug|Win32
		{C1676C5A-D093-41CD-AA38-72DDE757D0CA}.Debug|x64.ActiveCfg = Debug|x64
		{C1676C5A-D093-41CD-AA38-72DDE757D0CA}.Debug|x64.Build.0 = Debug|x64
		{C1676C5A-D093-41CD-AA38-72DDE757D0CA}.Release|Win32.ActiveCfg = Release|Win32
		{C1676C5A-D093-41CD-AA38-72DDE757D0CA}.Release|Win32.Build.0 = Release|Win32
		{C1676C5A-D093-41CD-AA38-72DDE757D0CA}.Release|x64.ActiveCfg = Release|x64
		{C1676C5A-D093-41CD-AA38-72DDE757D0CA}.Release|x64.Build.0 = Release|x64
	EndGlobalSection
	GlobalSection(SolutionProperties) = preSolution
		HideSolutionNode = FALSE
	EndGlobalSection
EndGlobal
