Microsoft Visual Studio Solution File, Format Version 9.00
# Visual Studio 2005
Project("{8BC9CEB8-8B4A-11D0-8D11-00A0C91BC942}") = "allf90examples", "allf90examples.vcproj", "{F9A92DA4-4FD5-4569-9D98-FB77A5E7B23B}"
	ProjectSection(ProjectDependencies) = postProject
		{331A6712-873A-4427-AAC2-34F415718C61} = {331A6712-873A-4427-AAC2-34F415718C61}
		{C3B9EF32-EC31-4399-985B-C8C3AB812676} = {C3B9EF32-EC31-4399-985B-C8C3AB812676}
		{95159537-3393-4EBA-BB27-BD85FC77B00A} = {95159537-3393-4EBA-BB27-BD85FC77B00A}
		{2402488C-C248-4611-AAA9-C2A6020C50D9} = {2402488C-C248-4611-AAA9-C2A6020C50D9}
		{C5CE5293-CD6A-4B37-8AB0-82827F395C9A} = {C5CE5293-CD6A-4B37-8AB0-82827F395C9A}
		{6B5901BD-214F-4C09-B79B-89A528716087} = {6B5901BD-214F-4C09-B79B-89A528716087}
		{656E36CF-D168-4E42-B6E9-715808BCEE78} = {656E36CF-D168-4E42-B6E9-715808BCEE78}
		{D663C9D4-BC95-4B77-AA64-2EFE8AE4874D} = {D663C9D4-BC95-4B77-AA64-2EFE8AE4874D}
	EndProjectSection
EndProject
Project("{6989167D-11E4-40FE-8C1A-2192A86A7E90}") = "createtest", "createtest.vfproj", "{331A6712-873A-4427-AAC2-34F415718C61}"
EndProject
Project("{6989167D-11E4-40FE-8C1A-2192A86A7E90}") = "gitest", "gitest.vfproj", "{6B5901BD-214F-4C09-B79B-89A528716087}"
EndProject
Project("{6989167D-11E4-40FE-8C1A-2192A86A7E90}") = "rattrtest", "rattrtest.vfproj", "{D663C9D4-BC95-4B77-AA64-2EFE8AE4874D}"
EndProject
Project("{6989167D-11E4-40FE-8C1A-2192A86A7E90}") = "readtest", "readtest.vfproj", "{2402488C-C248-4611-AAA9-C2A6020C50D9}"
EndProject
Project("{6989167D-11E4-40FE-8C1A-2192A86A7E90}") = "sattrtest", "sattrtest.vfproj", "{95159537-3393-4EBA-BB27-BD85FC77B00A}"
EndProject
Project("{6989167D-11E4-40FE-8C1A-2192A86A7E90}") = "sds2grouptest", "sds2grouptest.vfproj", "{C5CE5293-CD6A-4B37-8AB0-82827F395C9A}"
EndProject
Project("{6989167D-11E4-40FE-8C1A-2192A86A7E90}") = "sh_dimtest", "sh_dimtest.vfproj", "{C3B9EF32-EC31-4399-985B-C8C3AB812676}"
EndProject
Project("{6989167D-11E4-40FE-8C1A-2192A86A7E90}") = "unltest", "unltest.vfproj", "{656E36CF-D168-4E42-B6E9-715808BCEE78}"
EndProject
Global
	GlobalSection(SolutionConfigurationPlatforms) = preSolution
		Debug|Win32 = Debug|Win32
		Debug|x64 = Debug|x64
		Release|Win32 = Release|Win32
		Release|x64 = Release|x64
	EndGlobalSection
	GlobalSection(ProjectConfigurationPlatforms) = postSolution
		{F9A92DA4-4FD5-4569-9D98-FB77A5E7B23B}.Debug|Win32.ActiveCfg = Debug|Win32
		{F9A92DA4-4FD5-4569-9D98-FB77A5E7B23B}.Debug|Win32.Build.0 = Debug|Win32
		{F9A92DA4-4FD5-4569-9D98-FB77A5E7B23B}.Debug|x64.ActiveCfg = Debug|x64
		{F9A92DA4-4FD5-4569-9D98-FB77A5E7B23B}.Debug|x64.Build.0 = Debug|x64
		{F9A92DA4-4FD5-4569-9D98-FB77A5E7B23B}.Release|Win32.ActiveCfg = Release|Win32
		{F9A92DA4-4FD5-4569-9D98-FB77A5E7B23B}.Release|Win32.Build.0 = Release|Win32
		{F9A92DA4-4FD5-4569-9D98-FB77A5E7B23B}.Release|x64.ActiveCfg = Release|x64
		{F9A92DA4-4FD5-4569-9D98-FB77A5E7B23B}.Release|x64.Build.0 = Release|x64
		{331A6712-873A-4427-AAC2-34F415718C61}.Debug|Win32.ActiveCfg = Debug|Win32
		{331A6712-873A-4427-AAC2-34F415718C61}.Debug|Win32.Build.0 = Debug|Win32
		{331A6712-873A-4427-AAC2-34F415718C61}.Debug|x64.ActiveCfg = Debug|x64
		{331A6712-873A-4427-AAC2-34F415718C61}.Debug|x64.Build.0 = Debug|x64
		{331A6712-873A-4427-AAC2-34F415718C61}.Release|Win32.ActiveCfg = Release|Win32
		{331A6712-873A-4427-AAC2-34F415718C61}.Release|Win32.Build.0 = Release|Win32
		{331A6712-873A-4427-AAC2-34F415718C61}.Release|x64.ActiveCfg = Release|x64
		{331A6712-873A-4427-AAC2-34F415718C61}.Release|x64.Build.0 = Release|x64
		{6B5901BD-214F-4C09-B79B-89A528716087}.Debug|Win32.ActiveCfg = Debug|Win32
		{6B5901BD-214F-4C09-B79B-89A528716087}.Debug|Win32.Build.0 = Debug|Win32
		{6B5901BD-214F-4C09-B79B-89A528716087}.Debug|x64.ActiveCfg = Debug|x64
		{6B5901BD-214F-4C09-B79B-89A528716087}.Debug|x64.Build.0 = Debug|x64
		{6B5901BD-214F-4C09-B79B-89A528716087}.Release|Win32.ActiveCfg = Release|Win32
		{6B5901BD-214F-4C09-B79B-89A528716087}.Release|Win32.Build.0 = Release|Win32
		{6B5901BD-214F-4C09-B79B-89A528716087}.Release|x64.ActiveCfg = Release|x64
		{6B5901BD-214F-4C09-B79B-89A528716087}.Release|x64.Build.0 = Release|x64
		{D663C9D4-BC95-4B77-AA64-2EFE8AE4874D}.Debug|Win32.ActiveCfg = Debug|Win32
		{D663C9D4-BC95-4B77-AA64-2EFE8AE4874D}.Debug|Win32.Build.0 = Debug|Win32
		{D663C9D4-BC95-4B77-AA64-2EFE8AE4874D}.Debug|x64.ActiveCfg = Debug|x64
		{D663C9D4-BC95-4B77-AA64-2EFE8AE4874D}.Debug|x64.Build.0 = Debug|x64
		{D663C9D4-BC95-4B77-AA64-2EFE8AE4874D}.Release|Win32.ActiveCfg = Release|Win32
		{D663C9D4-BC95-4B77-AA64-2EFE8AE4874D}.Release|Win32.Build.0 = Release|Win32
		{D663C9D4-BC95-4B77-AA64-2EFE8AE4874D}.Release|x64.ActiveCfg = Release|x64
		{D663C9D4-BC95-4B77-AA64-2EFE8AE4874D}.Release|x64.Build.0 = Release|x64
		{2402488C-C248-4611-AAA9-C2A6020C50D9}.Debug|Win32.ActiveCfg = Debug|Win32
		{2402488C-C248-4611-AAA9-C2A6020C50D9}.Debug|Win32.Build.0 = Debug|Win32
		{2402488C-C248-4611-AAA9-C2A6020C50D9}.Debug|x64.ActiveCfg = Debug|x64
		{2402488C-C248-4611-AAA9-C2A6020C50D9}.Debug|x64.Build.0 = Debug|x64
		{2402488C-C248-4611-AAA9-C2A6020C50D9}.Release|Win32.ActiveCfg = Release|Win32
		{2402488C-C248-4611-AAA9-C2A6020C50D9}.Release|Win32.Build.0 = Release|Win32
		{2402488C-C248-4611-AAA9-C2A6020C50D9}.Release|x64.ActiveCfg = Release|x64
		{2402488C-C248-4611-AAA9-C2A6020C50D9}.Release|x64.Build.0 = Release|x64
		{95159537-3393-4EBA-BB27-BD85FC77B00A}.Debug|Win32.ActiveCfg = Debug|Win32
		{95159537-3393-4EBA-BB27-BD85FC77B00A}.Debug|Win32.Build.0 = Debug|Win32
		{95159537-3393-4EBA-BB27-BD85FC77B00A}.Debug|x64.ActiveCfg = Debug|x64
		{95159537-3393-4EBA-BB27-BD85FC77B00A}.Debug|x64.Build.0 = Debug|x64
		{95159537-3393-4EBA-BB27-BD85FC77B00A}.Release|Win32.ActiveCfg = Release|Win32
		{95159537-3393-4EBA-BB27-BD85FC77B00A}.Release|Win32.Build.0 = Release|Win32
		{95159537-3393-4EBA-BB27-BD85FC77B00A}.Release|x64.ActiveCfg = Release|x64
		{95159537-3393-4EBA-BB27-BD85FC77B00A}.Release|x64.Build.0 = Release|x64
		{C5CE5293-CD6A-4B37-8AB0-82827F395C9A}.Debug|Win32.ActiveCfg = Debug|Win32
		{C5CE5293-CD6A-4B37-8AB0-82827F395C9A}.Debug|Win32.Build.0 = Debug|Win32
		{C5CE5293-CD6A-4B37-8AB0-82827F395C9A}.Debug|x64.ActiveCfg = Debug|x64
		{C5CE5293-CD6A-4B37-8AB0-82827F395C9A}.Debug|x64.Build.0 = Debug|x64
		{C5CE5293-CD6A-4B37-8AB0-82827F395C9A}.Release|Win32.ActiveCfg = Release|Win32
		{C5CE5293-CD6A-4B37-8AB0-82827F395C9A}.Release|Win32.Build.0 = Release|Win32
		{C5CE5293-CD6A-4B37-8AB0-82827F395C9A}.Release|x64.ActiveCfg = Release|x64
		{C5CE5293-CD6A-4B37-8AB0-82827F395C9A}.Release|x64.Build.0 = Release|x64
		{C3B9EF32-EC31-4399-985B-C8C3AB812676}.Debug|Win32.ActiveCfg = Debug|Win32
		{C3B9EF32-EC31-4399-985B-C8C3AB812676}.Debug|Win32.Build.0 = Debug|Win32
		{C3B9EF32-EC31-4399-985B-C8C3AB812676}.Debug|x64.ActiveCfg = Debug|x64
		{C3B9EF32-EC31-4399-985B-C8C3AB812676}.Debug|x64.Build.0 = Debug|x64
		{C3B9EF32-EC31-4399-985B-C8C3AB812676}.Release|Win32.ActiveCfg = Release|Win32
		{C3B9EF32-EC31-4399-985B-C8C3AB812676}.Release|Win32.Build.0 = Release|Win32
		{C3B9EF32-EC31-4399-985B-C8C3AB812676}.Release|x64.ActiveCfg = Release|x64
		{C3B9EF32-EC31-4399-985B-C8C3AB812676}.Release|x64.Build.0 = Release|x64
		{656E36CF-D168-4E42-B6E9-715808BCEE78}.Debug|Win32.ActiveCfg = Debug|Win32
		{656E36CF-D168-4E42-B6E9-715808BCEE78}.Debug|Win32.Build.0 = Debug|Win32
		{656E36CF-D168-4E42-B6E9-715808BCEE78}.Debug|x64.ActiveCfg = Debug|x64
		{656E36CF-D168-4E42-B6E9-715808BCEE78}.Debug|x64.Build.0 = Debug|x64
		{656E36CF-D168-4E42-B6E9-715808BCEE78}.Release|Win32.ActiveCfg = Release|Win32
		{656E36CF-D168-4E42-B6E9-715808BCEE78}.Release|Win32.Build.0 = Release|Win32
		{656E36CF-D168-4E42-B6E9-715808BCEE78}.Release|x64.ActiveCfg = Release|x64
		{656E36CF-D168-4E42-B6E9-715808BCEE78}.Release|x64.Build.0 = Release|x64
	EndGlobalSection
	GlobalSection(SolutionProperties) = preSolution
		HideSolutionNode = FALSE
	EndGlobalSection
EndGlobal
